{
  "object": {
    "pins": [
      {
        "package": "Anchorage",
        "repositoryURL": "git@github.com:Rightpoint/Anchorage.git",
        "state": {
          "branch": null,
          "revision": "18fed38e95db3200aecbd5b7101b981f91656084",
          "version": "4.4.0"
        }
      },
      {
        "package": "BonMot",
        "repositoryURL": "git@github.com:Rightpoint/BonMot.git",
        "state": {
          "branch": null,
          "revision": "76fbef6e8d2095c7dace1912aa3b79ba86ad1150",
          "version": "5.5.1"
        }
      },
      {
        "package": "JSONAPI",
        "repositoryURL": "git@github.com:mattpolzin/JSONAPI.git",
        "state": {
          "branch": null,
          "revision": "0c48ddfbc665a5768ed872b7236f3d7bad2063aa",
          "version": "4.0.0-rc.3.1"
        }
      },
      {
        "package": "OHHTTPStubs",
        "repositoryURL": "git@github.com:AliSoftware/OHHTTPStubs.git",
        "state": {
          "branch": null,
          "revision": "e92b5a5746ef16add2a1424f1fc19529d9a75cde",
          "version": "9.0.0"
        }
      },
      {
        "package": "Poly",
        "repositoryURL": "https://github.com/mattpolzin/Poly",
        "state": {
          "branch": null,
          "revision": "36ba3f624bffa34f5f9b9c7648eab3cfdcab4748",
          "version": "2.5.0"
        }
      },
      {
        "package": "Reachability",
        "repositoryURL": "git@github.com:ashleymills/Reachability.swift.git",
        "state": {
          "branch": null,
          "revision": "98e968e7b6c1318fb61df23e347bc319761e8acb",
          "version": "5.0.0"
        }
      },
      {
        "package": "SnapshotTesting",
        "repositoryURL": "git@github.com:pointfreeco/swift-snapshot-testing.git",
        "state": {
          "branch": null,
          "revision": "114882386a815f4a2e6d8f2f7ee4857acd372438",
          "version": "1.7.2"
        }
      }
    ]
  },
  "version": 1
}
