PODS:
  - Anchorage (4.1.0)
  - BonMot (5.2)
  - Swiftilities/Math (0.17.0)
  - SwiftLint (0.23.1)

DEPENDENCIES:
  - Anchorage
  - BonMot
  - Swiftilities/Math
  - SwiftLint

SPEC REPOS:
  https://github.com/CocoaPods/Specs.git:
    - Anchorage
    - BonMot
    - Swiftilities
    - SwiftLint

SPEC CHECKSUMS:
  Anchorage: 6c20225cb7f44fdf9609ec99949ee160c803969c
  BonMot: 68da0bd7c2f602aca85511bedabd211eb0fae666
  Swiftilities: 38a1e58d290e1a70f3ad345ccb2e2e0556375540
  SwiftLint: 1b670ce79284c76520f84060e87d645078fd32fa

PODFILE CHECKSUM: 2633cbf6ce7ef9cc698e9fd9e75a76f325e6b5ca

COCOAPODS: 1.5.0
