PODS:
  - Anchorage (2.0.0)
  - BuddyBuildSDK (1.0.9)
  - SwiftGen (2.0.0)

DEPENDENCIES:
  - Anchorage (from `git@github.com:Raizlabs/Anchorage.git`, commit `da947d7c8c554de48fb9404a91ea4b26cfb1e7f9`)
  - BuddyBuildSDK
  - SwiftGen

EXTERNAL SOURCES:
  Anchorage:
    :commit: da947d7c8c554de48fb9404a91ea4b26cfb1e7f9
    :git: git@github.com:Raizlabs/Anchorage.git

CHECKOUT OPTIONS:
  Anchorage:
    :commit: da947d7c8c554de48fb9404a91ea4b26cfb1e7f9
    :git: git@github.com:Raizlabs/Anchorage.git

SPEC CHECKSUMS:
  Anchorage: 3fb9d1ca397ac68b7ce9857792660a0d683f2e11
  BuddyBuildSDK: 8bf4d6241f64942311a0e12a3b9591bc2cbdab15
  SwiftGen: 67c900e9f1db8168612f2df843ec20a66783a8e5

PODFILE CHECKSUM: 883a0929938520e4f39b2212c20e9c6976c49dba

COCOAPODS: 1.1.0.beta.1
