// !$*UTF8*$!
{
	archiveVersion = 1;
	classes = {
	};
	objectVersion = 46;
	objects = {

/* Begin PBXBuildFile section */
		0AF91F04FB961F8D4E82309F /* Pods_Gud_Tay.framework in Frameworks */ = {isa = PBXBuildFile; fileRef = 0C04EA3A9A26D3F4C10D4133 /* Pods_Gud_Tay.framework */; };
		101C31A7FAFC3772C41D6158 /* Pods_Gud_TayUITests.framework in Frameworks */ = {isa = PBXBuildFile; fileRef = 370FEC8906996918721175C9 /* Pods_Gud_TayUITests.framework */; };
		4B4E54442DD00A606BBDE9E7 /* Pods_Gud_TayTests.framework in Frameworks */ = {isa = PBXBuildFile; fileRef = DC222D206FF1E0B1633B3D3A /* Pods_Gud_TayTests.framework */; };
		7A5BA3791D57986D006AD6FC /* Sample Weather API Response with rain.json in Resources */ = {isa = PBXBuildFile; fileRef = 7A5BA3771D579869006AD6FC /* Sample Weather API Response with rain.json */; };
		7AAB4E4A1E75D36400C05BA4 /* ClockView.swift in Sources */ = {isa = PBXBuildFile; fileRef = 7AAB4E491E75D36300C05BA4 /* ClockView.swift */; };
		7AACF0D61E75D6CE00990A6E /* Time.swift in Sources */ = {isa = PBXBuildFile; fileRef = 7AACF0D51E75D6CE00990A6E /* Time.swift */; };
		7AACF0D71E75D6E100990A6E /* Time.swift in Sources */ = {isa = PBXBuildFile; fileRef = 7AACF0D51E75D6CE00990A6E /* Time.swift */; };
		7AACF0D91E75D79C00990A6E /* ClockTimeTests.swift in Sources */ = {isa = PBXBuildFile; fileRef = 7AACF0D81E75D79C00990A6E /* ClockTimeTests.swift */; };
		7AACF0DA1E75FEFA00990A6E /* ClockView.swift in Sources */ = {isa = PBXBuildFile; fileRef = 7AAB4E491E75D36300C05BA4 /* ClockView.swift */; };
		7AACF0DB1E75FF0F00990A6E /* UIView+Extensions.swift in Sources */ = {isa = PBXBuildFile; fileRef = CDF60DF61D482F9A003E2AFB /* UIView+Extensions.swift */; };
		7AAE0AAD1D578E6100A209BF /* WeatherService.swift in Sources */ = {isa = PBXBuildFile; fileRef = 7AAE0AAC1D578E6100A209BF /* WeatherService.swift */; };
		7AC59EE81D579CCE003863AE /* WeatherViewModel.swift in Sources */ = {isa = PBXBuildFile; fileRef = 7AC59EE71D579CCE003863AE /* WeatherViewModel.swift */; };
		7AC59EEB1D57A1C1003863AE /* ViewModel.swift in Sources */ = {isa = PBXBuildFile; fileRef = 7AC59EEA1D57A1C1003863AE /* ViewModel.swift */; };
		7AE9DA651D57A4A50087B401 /* Coordinate.swift in Sources */ = {isa = PBXBuildFile; fileRef = 7AE9DA5E1D57A4A50087B401 /* Coordinate.swift */; };
		7AE9DA671D57A4A50087B401 /* Direction.swift in Sources */ = {isa = PBXBuildFile; fileRef = 7AE9DA5F1D57A4A50087B401 /* Direction.swift */; };
		7AE9DA691D57A4A50087B401 /* Mode.swift in Sources */ = {isa = PBXBuildFile; fileRef = 7AE9DA601D57A4A50087B401 /* Mode.swift */; };
		7AE9DA6B1D57A4A50087B401 /* Route.swift in Sources */ = {isa = PBXBuildFile; fileRef = 7AE9DA611D57A4A50087B401 /* Route.swift */; };
		7AE9DA6D1D57A4A50087B401 /* Stop.swift in Sources */ = {isa = PBXBuildFile; fileRef = 7AE9DA621D57A4A50087B401 /* Stop.swift */; };
		7AE9DA6F1D57A4A50087B401 /* Trip.swift in Sources */ = {isa = PBXBuildFile; fileRef = 7AE9DA631D57A4A50087B401 /* Trip.swift */; };
		7AE9DA711D57A4A50087B401 /* Vehicle.swift in Sources */ = {isa = PBXBuildFile; fileRef = 7AE9DA641D57A4A50087B401 /* Vehicle.swift */; };
		7AE9DA751D57A54F0087B401 /* WeatherForecast.swift in Sources */ = {isa = PBXBuildFile; fileRef = 7AE9DA741D57A54F0087B401 /* WeatherForecast.swift */; };
		9A218EE91F24F6E200FAFA4D /* DoodleView.swift in Sources */ = {isa = PBXBuildFile; fileRef = 9A218EE81F24F6E200FAFA4D /* DoodleView.swift */; };
		CD04FA7B1F40C11300FAAB67 /* ImmediatePanGestureRecognizer.swift in Sources */ = {isa = PBXBuildFile; fileRef = CD04FA7A1F40C11300FAAB67 /* ImmediatePanGestureRecognizer.swift */; };
		CD0911E91E57E36300381606 /* ScreenService.swift in Sources */ = {isa = PBXBuildFile; fileRef = CD0911E81E57E36300381606 /* ScreenService.swift */; };
		CD1279C71D45B37B00DC7BB8 /* AppDelegate.swift in Sources */ = {isa = PBXBuildFile; fileRef = CD1279C61D45B37B00DC7BB8 /* AppDelegate.swift */; };
		CD1279CE1D45B37B00DC7BB8 /* Assets.xcassets in Resources */ = {isa = PBXBuildFile; fileRef = CD1279CD1D45B37B00DC7BB8 /* Assets.xcassets */; };
		CD1279D11D45B37B00DC7BB8 /* LaunchScreen.storyboard in Resources */ = {isa = PBXBuildFile; fileRef = CD1279CF1D45B37B00DC7BB8 /* LaunchScreen.storyboard */; };
		CD1A107F1D7A74470072785B /* Sample Weather API Response without rain.json in Resources */ = {isa = PBXBuildFile; fileRef = CD1A107D1D7A743B0072785B /* Sample Weather API Response without rain.json */; };
		CD1A10811D7A7D3F0072785B /* ProcessInfo+Extensions.swift in Sources */ = {isa = PBXBuildFile; fileRef = CD1A10801D7A7D3F0072785B /* ProcessInfo+Extensions.swift */; };
		CD22CA941DAAEC6B000C0205 /* Date+Extensions.swift in Sources */ = {isa = PBXBuildFile; fileRef = CD22CA931DAAEC6B000C0205 /* Date+Extensions.swift */; };
		CD2575BB1D66607F0017DEE6 /* RefreshableViewController.swift in Sources */ = {isa = PBXBuildFile; fileRef = CD2575BA1D66607F0017DEE6 /* RefreshableViewController.swift */; };
		CD2575C21D6669020017DEE6 /* UICollectionReusableView+Extensions.swift in Sources */ = {isa = PBXBuildFile; fileRef = CD2575C11D6669020017DEE6 /* UICollectionReusableView+Extensions.swift */; };
		CD2575C41D666C7E0017DEE6 /* Utility.swift in Sources */ = {isa = PBXBuildFile; fileRef = CD2575C31D666C7E0017DEE6 /* Utility.swift */; };
		CD36A8CD1E66226A00B3DDA8 /* TestHelpers.swift in Sources */ = {isa = PBXBuildFile; fileRef = CD36A8CC1E66226A00B3DDA8 /* TestHelpers.swift */; };
		CD3D7B731DAC1DD2007BB87D /* ForecastBackgroundViewModel.swift in Sources */ = {isa = PBXBuildFile; fileRef = CD3D7B721DAC1DD2007BB87D /* ForecastBackgroundViewModel.swift */; };
		CD3D7B761DAC25AA007BB87D /* SunIntervalView.swift in Sources */ = {isa = PBXBuildFile; fileRef = CD3D7B751DAC25AA007BB87D /* SunIntervalView.swift */; };
		CD6A633C1D514ACB009571DE /* CrashReporter.swift in Sources */ = {isa = PBXBuildFile; fileRef = CD6A633B1D514ACB009571DE /* CrashReporter.swift */; };
		CD6A63451D51758C009571DE /* SafeArray.swift in Sources */ = {isa = PBXBuildFile; fileRef = CD6A63441D51758C009571DE /* SafeArray.swift */; };
		CD7DAE721D55B62C00ED6AD3 /* Sample MBTA API Response.json in Resources */ = {isa = PBXBuildFile; fileRef = CD12DE3A1D4FE82E00956B74 /* Sample MBTA API Response.json */; };
		CD8357521D4C4DA5009E76A7 /* MBTAService.swift in Sources */ = {isa = PBXBuildFile; fileRef = CD8357511D4C4DA5009E76A7 /* MBTAService.swift */; };
		CD90219E1D6E96D200375FE7 /* AspectImageCell.swift in Sources */ = {isa = PBXBuildFile; fileRef = CD9021981D6E96D200375FE7 /* AspectImageCell.swift */; };
		CD90219F1D6E96D200375FE7 /* ForecastBackgroundView.swift in Sources */ = {isa = PBXBuildFile; fileRef = CD9021991D6E96D200375FE7 /* ForecastBackgroundView.swift */; };
		CD9021A01D6E96D200375FE7 /* ForecastCell.swift in Sources */ = {isa = PBXBuildFile; fileRef = CD90219A1D6E96D200375FE7 /* ForecastCell.swift */; };
		CD9021A11D6E96D200375FE7 /* TemperatureCell.swift in Sources */ = {isa = PBXBuildFile; fileRef = CD90219B1D6E96D200375FE7 /* TemperatureCell.swift */; };
		CD9021A21D6E96D200375FE7 /* WeatherCell.swift in Sources */ = {isa = PBXBuildFile; fileRef = CD90219C1D6E96D200375FE7 /* WeatherCell.swift */; };
		CD9021A31D6E96D200375FE7 /* WeatherViewController.swift in Sources */ = {isa = PBXBuildFile; fileRef = CD90219D1D6E96D200375FE7 /* WeatherViewController.swift */; };
		CD9021AC1D6E96D800375FE7 /* BusHeaderView.swift in Sources */ = {isa = PBXBuildFile; fileRef = CD9021A51D6E96D800375FE7 /* BusHeaderView.swift */; };
		CD9021AD1D6E96D800375FE7 /* GridView.swift in Sources */ = {isa = PBXBuildFile; fileRef = CD9021A61D6E96D800375FE7 /* GridView.swift */; };
		CD9021AE1D6E96D800375FE7 /* GudTayView.swift in Sources */ = {isa = PBXBuildFile; fileRef = CD9021A71D6E96D800375FE7 /* GudTayView.swift */; };
		CD9021AF1D6E96D800375FE7 /* MBTAHeaderView.swift in Sources */ = {isa = PBXBuildFile; fileRef = CD9021A81D6E96D800375FE7 /* MBTAHeaderView.swift */; };
		CD9021B01D6E96D800375FE7 /* MBTARouteView.swift in Sources */ = {isa = PBXBuildFile; fileRef = CD9021A91D6E96D800375FE7 /* MBTARouteView.swift */; };
		CD9021B11D6E96D800375FE7 /* MBTAViewController.swift in Sources */ = {isa = PBXBuildFile; fileRef = CD9021AA1D6E96D800375FE7 /* MBTAViewController.swift */; };
		CD9021B21D6E96D800375FE7 /* SubwayHeaderView.swift in Sources */ = {isa = PBXBuildFile; fileRef = CD9021AB1D6E96D800375FE7 /* SubwayHeaderView.swift */; };
		CD9021B51D6E96DD00375FE7 /* HairlineView.swift in Sources */ = {isa = PBXBuildFile; fileRef = CD9021B41D6E96DD00375FE7 /* HairlineView.swift */; };
		CDA18DA41E62054600D34C4B /* Sample Weather API Response just after midnight.json in Resources */ = {isa = PBXBuildFile; fileRef = CDA18DA31E62054600D34C4B /* Sample Weather API Response just after midnight.json */; };
		CDA457071E660EAF00636BDF /* JSON.framework in Frameworks */ = {isa = PBXBuildFile; fileRef = CDA456FE1E660EAF00636BDF /* JSON.framework */; };
		CDA4570E1E660EAF00636BDF /* JSONTests.swift in Sources */ = {isa = PBXBuildFile; fileRef = CDA4570D1E660EAF00636BDF /* JSONTests.swift */; };
		CDA457131E660EAF00636BDF /* JSON.framework in Frameworks */ = {isa = PBXBuildFile; fileRef = CDA456FE1E660EAF00636BDF /* JSON.framework */; };
		CDA457141E660EAF00636BDF /* JSON.framework in Embed Frameworks */ = {isa = PBXBuildFile; fileRef = CDA456FE1E660EAF00636BDF /* JSON.framework */; settings = {ATTRIBUTES = (CodeSignOnCopy, RemoveHeadersOnCopy, ); }; };
		CDA4571C1E660ED200636BDF /* JSON.swift in Sources */ = {isa = PBXBuildFile; fileRef = CDA4571B1E660ED200636BDF /* JSON.swift */; };
		CDA4571E1E66126C00636BDF /* Pods_Gud_Tay.framework in Frameworks */ = {isa = PBXBuildFile; fileRef = CDA4571D1E66126C00636BDF /* Pods_Gud_Tay.framework */; };
		CDA457201E66141400636BDF /* tests.json in Resources */ = {isa = PBXBuildFile; fileRef = CDA4571F1E66141400636BDF /* tests.json */; };
		CDADC9931D655315005B60AD /* LogService.swift in Sources */ = {isa = PBXBuildFile; fileRef = CDADC9921D655315005B60AD /* LogService.swift */; };
		CDADC9951D65566C005B60AD /* LogViewController.swift in Sources */ = {isa = PBXBuildFile; fileRef = CDADC9941D65566C005B60AD /* LogViewController.swift */; };
		CDBF96881D56F39F008AC493 /* Colors.swift in Sources */ = {isa = PBXBuildFile; fileRef = CDBF96871D56F39F008AC493 /* Colors.swift */; };
		CDBF968A1D56F8CA008AC493 /* Fonts.swift in Sources */ = {isa = PBXBuildFile; fileRef = CDBF96891D56F8CA008AC493 /* Fonts.swift */; };
		CDC00E381E63DB4700B3760D /* JSON.framework in Frameworks */ = {isa = PBXBuildFile; fileRef = CDC00E371E63DB4700B3760D /* JSON.framework */; };
		CDC00E3A1E63DB9600B3760D /* JSON.framework in Frameworks */ = {isa = PBXBuildFile; fileRef = CDC00E391E63DB9600B3760D /* JSON.framework */; };
		CDCF9B821E637B58009EE1DB /* DateTests.swift in Sources */ = {isa = PBXBuildFile; fileRef = CD22CA961DAAEC94000C0205 /* DateTests.swift */; };
		CDCF9B831E637B5B009EE1DB /* MBTATests.swift in Sources */ = {isa = PBXBuildFile; fileRef = CD12DE3B1D4FE82E00956B74 /* MBTATests.swift */; };
		CDCF9B841E637B5E009EE1DB /* Sample MBTA API Response.json in Resources */ = {isa = PBXBuildFile; fileRef = CD12DE3A1D4FE82E00956B74 /* Sample MBTA API Response.json */; };
		CDCF9B851E637B5E009EE1DB /* Sample Weather API Response just after midnight.json in Resources */ = {isa = PBXBuildFile; fileRef = CDA18DA31E62054600D34C4B /* Sample Weather API Response just after midnight.json */; };
		CDCF9B861E637B5E009EE1DB /* Sample Weather API Response just after sunset.json in Resources */ = {isa = PBXBuildFile; fileRef = CDD8F99D1E2BD61E0003679B /* Sample Weather API Response just after sunset.json */; };
		CDCF9B871E637B5E009EE1DB /* Sample Weather API Response with rain.json in Resources */ = {isa = PBXBuildFile; fileRef = 7A5BA3771D579869006AD6FC /* Sample Weather API Response with rain.json */; };
		CDCF9B881E637B5E009EE1DB /* Sample Weather API Response without rain.json in Resources */ = {isa = PBXBuildFile; fileRef = CD1A107D1D7A743B0072785B /* Sample Weather API Response without rain.json */; };
		CDCF9B8A1E637B62009EE1DB /* ScreenServiceTests.swift in Sources */ = {isa = PBXBuildFile; fileRef = CD0911EA1E57E65600381606 /* ScreenServiceTests.swift */; };
		CDCF9B8B1E637B65009EE1DB /* UtilityTests.swift in Sources */ = {isa = PBXBuildFile; fileRef = CD6A63471D517898009571DE /* UtilityTests.swift */; };
		CDCF9B8C1E637B67009EE1DB /* WeatherTests.swift in Sources */ = {isa = PBXBuildFile; fileRef = 7A5BA37A1D57988B006AD6FC /* WeatherTests.swift */; };
		CDCF9B8E1E637B86009EE1DB /* Date+Extensions.swift in Sources */ = {isa = PBXBuildFile; fileRef = CD22CA931DAAEC6B000C0205 /* Date+Extensions.swift */; };
		CDCF9B8F1E637B8D009EE1DB /* LogService.swift in Sources */ = {isa = PBXBuildFile; fileRef = CDADC9921D655315005B60AD /* LogService.swift */; };
		CDCF9B901E637BA3009EE1DB /* WeatherViewModel.swift in Sources */ = {isa = PBXBuildFile; fileRef = 7AC59EE71D579CCE003863AE /* WeatherViewModel.swift */; };
		CDCF9B911E637BA8009EE1DB /* ForecastBackgroundViewModel.swift in Sources */ = {isa = PBXBuildFile; fileRef = CD3D7B721DAC1DD2007BB87D /* ForecastBackgroundViewModel.swift */; };
		CDCF9B921E637BAD009EE1DB /* ViewModel.swift in Sources */ = {isa = PBXBuildFile; fileRef = 7AC59EEA1D57A1C1003863AE /* ViewModel.swift */; };
		CDCF9B941E637BC6009EE1DB /* Almanac.swift in Sources */ = {isa = PBXBuildFile; fileRef = CDED23461D60AFCF0023CC4B /* Almanac.swift */; };
		CDCF9B951E637BC6009EE1DB /* Currently.swift in Sources */ = {isa = PBXBuildFile; fileRef = CDED23491D60B00E0023CC4B /* Currently.swift */; };
		CDCF9B961E637BC6009EE1DB /* Daily.swift in Sources */ = {isa = PBXBuildFile; fileRef = CDED23521D60B0440023CC4B /* Daily.swift */; };
		CDCF9B971E637BC6009EE1DB /* Hourly.swift in Sources */ = {isa = PBXBuildFile; fileRef = CDED234F1D60B02D0023CC4B /* Hourly.swift */; };
		CDCF9B981E637BC6009EE1DB /* Icon.swift in Sources */ = {isa = PBXBuildFile; fileRef = CDED23581D60B0DA0023CC4B /* Icon.swift */; };
		CDCF9B991E637BC6009EE1DB /* Meteorology.swift in Sources */ = {isa = PBXBuildFile; fileRef = CDED233D1D60AF730023CC4B /* Meteorology.swift */; };
		CDCF9B9A1E637BC6009EE1DB /* Minutely.swift in Sources */ = {isa = PBXBuildFile; fileRef = CDED234C1D60B0210023CC4B /* Minutely.swift */; };
		CDCF9B9B1E637BC6009EE1DB /* NearestStorm.swift in Sources */ = {isa = PBXBuildFile; fileRef = CDED23431D60AFBD0023CC4B /* NearestStorm.swift */; };
		CDCF9B9C1E637BC6009EE1DB /* Precipitation.swift in Sources */ = {isa = PBXBuildFile; fileRef = CDED23551D60B0C00023CC4B /* Precipitation.swift */; };
		CDCF9B9D1E637BC6009EE1DB /* Temperature.swift in Sources */ = {isa = PBXBuildFile; fileRef = CDED23401D60AFAC0023CC4B /* Temperature.swift */; };
		CDCF9B9E1E637BC6009EE1DB /* WeatherBucket.swift in Sources */ = {isa = PBXBuildFile; fileRef = CDED235B1D60B1000023CC4B /* WeatherBucket.swift */; };
		CDCF9B9F1E637BC6009EE1DB /* WeatherCoordinate.swift in Sources */ = {isa = PBXBuildFile; fileRef = CDED23341D60AE5F0023CC4B /* WeatherCoordinate.swift */; };
		CDCF9BA01E637BC6009EE1DB /* WeatherForecast.swift in Sources */ = {isa = PBXBuildFile; fileRef = 7AE9DA741D57A54F0087B401 /* WeatherForecast.swift */; };
		CDCF9BA11E637BC6009EE1DB /* WeatherProtocols.swift in Sources */ = {isa = PBXBuildFile; fileRef = CDED233A1D60AF4B0023CC4B /* WeatherProtocols.swift */; };
		CDCF9BA21E637BCF009EE1DB /* WeatherService.swift in Sources */ = {isa = PBXBuildFile; fileRef = 7AAE0AAC1D578E6100A209BF /* WeatherService.swift */; };
		CDCF9BA31E637BD8009EE1DB /* APIClient.swift in Sources */ = {isa = PBXBuildFile; fileRef = CDECBAB31D46D97F007A82D5 /* APIClient.swift */; };
		CDCF9BA41E637BE1009EE1DB /* CloseEnough.swift in Sources */ = {isa = PBXBuildFile; fileRef = CDED235E1D60B3980023CC4B /* CloseEnough.swift */; };
		CDCF9BA51E637BE8009EE1DB /* CrashReporter.swift in Sources */ = {isa = PBXBuildFile; fileRef = CD6A633B1D514ACB009571DE /* CrashReporter.swift */; };
		CDCF9BA61E637BF0009EE1DB /* ScreenService.swift in Sources */ = {isa = PBXBuildFile; fileRef = CD0911E81E57E36300381606 /* ScreenService.swift */; };
		CDCF9BA71E637C04009EE1DB /* SafeArray.swift in Sources */ = {isa = PBXBuildFile; fileRef = CD6A63441D51758C009571DE /* SafeArray.swift */; };
		CDCF9BA81E637C0B009EE1DB /* MBTAViewModel.swift in Sources */ = {isa = PBXBuildFile; fileRef = CDECBAC21D46DF7A007A82D5 /* MBTAViewModel.swift */; };
		CDCF9BA91E637C15009EE1DB /* Coordinate.swift in Sources */ = {isa = PBXBuildFile; fileRef = 7AE9DA5E1D57A4A50087B401 /* Coordinate.swift */; };
		CDCF9BAA1E637C15009EE1DB /* Direction.swift in Sources */ = {isa = PBXBuildFile; fileRef = 7AE9DA5F1D57A4A50087B401 /* Direction.swift */; };
		CDCF9BAB1E637C15009EE1DB /* Mode.swift in Sources */ = {isa = PBXBuildFile; fileRef = 7AE9DA601D57A4A50087B401 /* Mode.swift */; };
		CDCF9BAC1E637C15009EE1DB /* Route.swift in Sources */ = {isa = PBXBuildFile; fileRef = 7AE9DA611D57A4A50087B401 /* Route.swift */; };
		CDCF9BAD1E637C15009EE1DB /* Stop.swift in Sources */ = {isa = PBXBuildFile; fileRef = 7AE9DA621D57A4A50087B401 /* Stop.swift */; };
		CDCF9BAE1E637C15009EE1DB /* Trip.swift in Sources */ = {isa = PBXBuildFile; fileRef = 7AE9DA631D57A4A50087B401 /* Trip.swift */; };
		CDCF9BAF1E637C15009EE1DB /* Vehicle.swift in Sources */ = {isa = PBXBuildFile; fileRef = 7AE9DA641D57A4A50087B401 /* Vehicle.swift */; };
		CDCF9BB01E637C1E009EE1DB /* MBTAService.swift in Sources */ = {isa = PBXBuildFile; fileRef = CD8357511D4C4DA5009E76A7 /* MBTAService.swift */; };
		CDD53CB61E624B7D00422296 /* Gud_TayUITests.swift in Sources */ = {isa = PBXBuildFile; fileRef = CDD53CB51E624B7D00422296 /* Gud_TayUITests.swift */; };
		CDD53CBD1E624BB200422296 /* ProcessInfo+Extensions.swift in Sources */ = {isa = PBXBuildFile; fileRef = CD1A10801D7A7D3F0072785B /* ProcessInfo+Extensions.swift */; };
		CDD53CBE1E624BB900422296 /* WeatherService.swift in Sources */ = {isa = PBXBuildFile; fileRef = 7AAE0AAC1D578E6100A209BF /* WeatherService.swift */; };
		CDD53CBF1E624BD900422296 /* MBTAService.swift in Sources */ = {isa = PBXBuildFile; fileRef = CD8357511D4C4DA5009E76A7 /* MBTAService.swift */; };
		CDD53CC01E624BF100422296 /* APIClient.swift in Sources */ = {isa = PBXBuildFile; fileRef = CDECBAB31D46D97F007A82D5 /* APIClient.swift */; };
		CDD53CC21E624C0300422296 /* CrashReporter.swift in Sources */ = {isa = PBXBuildFile; fileRef = CD6A633B1D514ACB009571DE /* CrashReporter.swift */; };
		CDD8F99F1E2BD6270003679B /* Sample Weather API Response just after sunset.json in Resources */ = {isa = PBXBuildFile; fileRef = CDD8F99D1E2BD61E0003679B /* Sample Weather API Response just after sunset.json */; };
		CDECBAB61D46D97F007A82D5 /* APIClient.swift in Sources */ = {isa = PBXBuildFile; fileRef = CDECBAB31D46D97F007A82D5 /* APIClient.swift */; };
		CDECBAC31D46DF7A007A82D5 /* MBTAViewModel.swift in Sources */ = {isa = PBXBuildFile; fileRef = CDECBAC21D46DF7A007A82D5 /* MBTAViewModel.swift */; };
		CDED23351D60AE5F0023CC4B /* WeatherCoordinate.swift in Sources */ = {isa = PBXBuildFile; fileRef = CDED23341D60AE5F0023CC4B /* WeatherCoordinate.swift */; };
		CDED233B1D60AF4B0023CC4B /* WeatherProtocols.swift in Sources */ = {isa = PBXBuildFile; fileRef = CDED233A1D60AF4B0023CC4B /* WeatherProtocols.swift */; };
		CDED233E1D60AF730023CC4B /* Meteorology.swift in Sources */ = {isa = PBXBuildFile; fileRef = CDED233D1D60AF730023CC4B /* Meteorology.swift */; };
		CDED23411D60AFAC0023CC4B /* Temperature.swift in Sources */ = {isa = PBXBuildFile; fileRef = CDED23401D60AFAC0023CC4B /* Temperature.swift */; };
		CDED23441D60AFBD0023CC4B /* NearestStorm.swift in Sources */ = {isa = PBXBuildFile; fileRef = CDED23431D60AFBD0023CC4B /* NearestStorm.swift */; };
		CDED23471D60AFCF0023CC4B /* Almanac.swift in Sources */ = {isa = PBXBuildFile; fileRef = CDED23461D60AFCF0023CC4B /* Almanac.swift */; };
		CDED234A1D60B00E0023CC4B /* Currently.swift in Sources */ = {isa = PBXBuildFile; fileRef = CDED23491D60B00E0023CC4B /* Currently.swift */; };
		CDED234D1D60B0210023CC4B /* Minutely.swift in Sources */ = {isa = PBXBuildFile; fileRef = CDED234C1D60B0210023CC4B /* Minutely.swift */; };
		CDED23501D60B02D0023CC4B /* Hourly.swift in Sources */ = {isa = PBXBuildFile; fileRef = CDED234F1D60B02D0023CC4B /* Hourly.swift */; };
		CDED23531D60B0440023CC4B /* Daily.swift in Sources */ = {isa = PBXBuildFile; fileRef = CDED23521D60B0440023CC4B /* Daily.swift */; };
		CDED23561D60B0C00023CC4B /* Precipitation.swift in Sources */ = {isa = PBXBuildFile; fileRef = CDED23551D60B0C00023CC4B /* Precipitation.swift */; };
		CDED23591D60B0DA0023CC4B /* Icon.swift in Sources */ = {isa = PBXBuildFile; fileRef = CDED23581D60B0DA0023CC4B /* Icon.swift */; };
		CDED235C1D60B1000023CC4B /* WeatherBucket.swift in Sources */ = {isa = PBXBuildFile; fileRef = CDED235B1D60B1000023CC4B /* WeatherBucket.swift */; };
		CDED235F1D60B3980023CC4B /* CloseEnough.swift in Sources */ = {isa = PBXBuildFile; fileRef = CDED235E1D60B3980023CC4B /* CloseEnough.swift */; };
		CDF60DF71D482F9A003E2AFB /* UIView+Extensions.swift in Sources */ = {isa = PBXBuildFile; fileRef = CDF60DF61D482F9A003E2AFB /* UIView+Extensions.swift */; };
		CDF60DF91D48302B003E2AFB /* RootViewController.swift in Sources */ = {isa = PBXBuildFile; fileRef = CD1279C81D45B37B00DC7BB8 /* RootViewController.swift */; };
/* End PBXBuildFile section */

/* Begin PBXContainerItemProxy section */
		CDA457081E660EAF00636BDF /* PBXContainerItemProxy */ = {
			isa = PBXContainerItemProxy;
			containerPortal = CD1279BB1D45B37B00DC7BB8 /* Project object */;
			proxyType = 1;
			remoteGlobalIDString = CDA456FD1E660EAF00636BDF;
			remoteInfo = JSON;
		};
		CDA4570A1E660EAF00636BDF /* PBXContainerItemProxy */ = {
			isa = PBXContainerItemProxy;
			containerPortal = CD1279BB1D45B37B00DC7BB8 /* Project object */;
			proxyType = 1;
			remoteGlobalIDString = CD1279C21D45B37B00DC7BB8;
			remoteInfo = "Gud Tay";
		};
		CDA457111E660EAF00636BDF /* PBXContainerItemProxy */ = {
			isa = PBXContainerItemProxy;
			containerPortal = CD1279BB1D45B37B00DC7BB8 /* Project object */;
			proxyType = 1;
			remoteGlobalIDString = CDA456FD1E660EAF00636BDF;
			remoteInfo = JSON;
		};
		CDD53CB81E624B7D00422296 /* PBXContainerItemProxy */ = {
			isa = PBXContainerItemProxy;
			containerPortal = CD1279BB1D45B37B00DC7BB8 /* Project object */;
			proxyType = 1;
			remoteGlobalIDString = CD1279C21D45B37B00DC7BB8;
			remoteInfo = "Gud Tay";
		};
/* End PBXContainerItemProxy section */

/* Begin PBXCopyFilesBuildPhase section */
		CD011F281E648FC800217BC1 /* Embed Frameworks */ = {
			isa = PBXCopyFilesBuildPhase;
			buildActionMask = 2147483647;
			dstPath = "";
			dstSubfolderSpec = 10;
			files = (
				CDA457141E660EAF00636BDF /* JSON.framework in Embed Frameworks */,
			);
			name = "Embed Frameworks";
			runOnlyForDeploymentPostprocessing = 0;
		};
/* End PBXCopyFilesBuildPhase section */

/* Begin PBXFileReference section */
		0C04EA3A9A26D3F4C10D4133 /* Pods_Gud_Tay.framework */ = {isa = PBXFileReference; explicitFileType = wrapper.framework; includeInIndex = 0; path = Pods_Gud_Tay.framework; sourceTree = BUILT_PRODUCTS_DIR; };
		1C313718F7075C011A2F739D /* Pods-Gud TayUITests.release.xcconfig */ = {isa = PBXFileReference; includeInIndex = 1; lastKnownFileType = text.xcconfig; name = "Pods-Gud TayUITests.release.xcconfig"; path = "Pods/Target Support Files/Pods-Gud TayUITests/Pods-Gud TayUITests.release.xcconfig"; sourceTree = "<group>"; };
		3699ED083B111605113BD927 /* Pods-Gud TayUITests.debug.xcconfig */ = {isa = PBXFileReference; includeInIndex = 1; lastKnownFileType = text.xcconfig; name = "Pods-Gud TayUITests.debug.xcconfig"; path = "Pods/Target Support Files/Pods-Gud TayUITests/Pods-Gud TayUITests.debug.xcconfig"; sourceTree = "<group>"; };
		370FEC8906996918721175C9 /* Pods_Gud_TayUITests.framework */ = {isa = PBXFileReference; explicitFileType = wrapper.framework; includeInIndex = 0; path = Pods_Gud_TayUITests.framework; sourceTree = BUILT_PRODUCTS_DIR; };
		43503C8DE54F3EA4F36E22A3 /* Pods-Gud TayTests.debug.xcconfig */ = {isa = PBXFileReference; includeInIndex = 1; lastKnownFileType = text.xcconfig; name = "Pods-Gud TayTests.debug.xcconfig"; path = "Pods/Target Support Files/Pods-Gud TayTests/Pods-Gud TayTests.debug.xcconfig"; sourceTree = "<group>"; };
		7A5BA3771D579869006AD6FC /* Sample Weather API Response with rain.json */ = {isa = PBXFileReference; fileEncoding = 4; lastKnownFileType = text.json; path = "Sample Weather API Response with rain.json"; sourceTree = "<group>"; };
		7A5BA37A1D57988B006AD6FC /* WeatherTests.swift */ = {isa = PBXFileReference; fileEncoding = 4; lastKnownFileType = sourcecode.swift; path = WeatherTests.swift; sourceTree = "<group>"; };
		7AAB4E491E75D36300C05BA4 /* ClockView.swift */ = {isa = PBXFileReference; fileEncoding = 4; lastKnownFileType = sourcecode.swift; path = ClockView.swift; sourceTree = "<group>"; };
		7AACF0D51E75D6CE00990A6E /* Time.swift */ = {isa = PBXFileReference; fileEncoding = 4; lastKnownFileType = sourcecode.swift; path = Time.swift; sourceTree = "<group>"; };
		7AACF0D81E75D79C00990A6E /* ClockTimeTests.swift */ = {isa = PBXFileReference; fileEncoding = 4; lastKnownFileType = sourcecode.swift; path = ClockTimeTests.swift; sourceTree = "<group>"; };
		7AAE0AAC1D578E6100A209BF /* WeatherService.swift */ = {isa = PBXFileReference; fileEncoding = 4; lastKnownFileType = sourcecode.swift; path = WeatherService.swift; sourceTree = "<group>"; };
		7AC59EE71D579CCE003863AE /* WeatherViewModel.swift */ = {isa = PBXFileReference; fileEncoding = 4; lastKnownFileType = sourcecode.swift; path = WeatherViewModel.swift; sourceTree = "<group>"; };
		7AC59EEA1D57A1C1003863AE /* ViewModel.swift */ = {isa = PBXFileReference; fileEncoding = 4; lastKnownFileType = sourcecode.swift; path = ViewModel.swift; sourceTree = "<group>"; };
		7AE9DA5E1D57A4A50087B401 /* Coordinate.swift */ = {isa = PBXFileReference; fileEncoding = 4; lastKnownFileType = sourcecode.swift; path = Coordinate.swift; sourceTree = "<group>"; };
		7AE9DA5F1D57A4A50087B401 /* Direction.swift */ = {isa = PBXFileReference; fileEncoding = 4; lastKnownFileType = sourcecode.swift; path = Direction.swift; sourceTree = "<group>"; };
		7AE9DA601D57A4A50087B401 /* Mode.swift */ = {isa = PBXFileReference; fileEncoding = 4; lastKnownFileType = sourcecode.swift; path = Mode.swift; sourceTree = "<group>"; };
		7AE9DA611D57A4A50087B401 /* Route.swift */ = {isa = PBXFileReference; fileEncoding = 4; lastKnownFileType = sourcecode.swift; path = Route.swift; sourceTree = "<group>"; };
		7AE9DA621D57A4A50087B401 /* Stop.swift */ = {isa = PBXFileReference; fileEncoding = 4; lastKnownFileType = sourcecode.swift; path = Stop.swift; sourceTree = "<group>"; };
		7AE9DA631D57A4A50087B401 /* Trip.swift */ = {isa = PBXFileReference; fileEncoding = 4; lastKnownFileType = sourcecode.swift; path = Trip.swift; sourceTree = "<group>"; };
		7AE9DA641D57A4A50087B401 /* Vehicle.swift */ = {isa = PBXFileReference; fileEncoding = 4; lastKnownFileType = sourcecode.swift; path = Vehicle.swift; sourceTree = "<group>"; };
		7AE9DA741D57A54F0087B401 /* WeatherForecast.swift */ = {isa = PBXFileReference; fileEncoding = 4; lastKnownFileType = sourcecode.swift; path = WeatherForecast.swift; sourceTree = "<group>"; };
		9A218EE81F24F6E200FAFA4D /* DoodleView.swift */ = {isa = PBXFileReference; fileEncoding = 4; lastKnownFileType = sourcecode.swift; path = DoodleView.swift; sourceTree = "<group>"; };
		BD519AB98CE48C9434FA9B47 /* Pods-Gud Tay.debug.xcconfig */ = {isa = PBXFileReference; includeInIndex = 1; lastKnownFileType = text.xcconfig; name = "Pods-Gud Tay.debug.xcconfig"; path = "Pods/Target Support Files/Pods-Gud Tay/Pods-Gud Tay.debug.xcconfig"; sourceTree = "<group>"; };
		CD04FA7A1F40C11300FAAB67 /* ImmediatePanGestureRecognizer.swift */ = {isa = PBXFileReference; fileEncoding = 4; lastKnownFileType = sourcecode.swift; path = ImmediatePanGestureRecognizer.swift; sourceTree = "<group>"; };
		CD0911E81E57E36300381606 /* ScreenService.swift */ = {isa = PBXFileReference; fileEncoding = 4; lastKnownFileType = sourcecode.swift; path = ScreenService.swift; sourceTree = "<group>"; };
		CD0911EA1E57E65600381606 /* ScreenServiceTests.swift */ = {isa = PBXFileReference; fileEncoding = 4; lastKnownFileType = sourcecode.swift; path = ScreenServiceTests.swift; sourceTree = "<group>"; };
		CD1279C31D45B37B00DC7BB8 /* Gud Tay.app */ = {isa = PBXFileReference; explicitFileType = wrapper.application; includeInIndex = 0; path = "Gud Tay.app"; sourceTree = BUILT_PRODUCTS_DIR; };
		CD1279C61D45B37B00DC7BB8 /* AppDelegate.swift */ = {isa = PBXFileReference; lastKnownFileType = sourcecode.swift; path = AppDelegate.swift; sourceTree = "<group>"; };
		CD1279C81D45B37B00DC7BB8 /* RootViewController.swift */ = {isa = PBXFileReference; lastKnownFileType = sourcecode.swift; path = RootViewController.swift; sourceTree = "<group>"; };
		CD1279CD1D45B37B00DC7BB8 /* Assets.xcassets */ = {isa = PBXFileReference; lastKnownFileType = folder.assetcatalog; path = Assets.xcassets; sourceTree = "<group>"; };
		CD1279D01D45B37B00DC7BB8 /* Base */ = {isa = PBXFileReference; lastKnownFileType = file.storyboard; name = Base; path = Base.lproj/LaunchScreen.storyboard; sourceTree = "<group>"; };
		CD1279D21D45B37B00DC7BB8 /* Info.plist */ = {isa = PBXFileReference; lastKnownFileType = text.plist.xml; path = Info.plist; sourceTree = "<group>"; };
		CD12DE3A1D4FE82E00956B74 /* Sample MBTA API Response.json */ = {isa = PBXFileReference; fileEncoding = 4; lastKnownFileType = text.json; path = "Sample MBTA API Response.json"; sourceTree = "<group>"; };
		CD12DE3B1D4FE82E00956B74 /* MBTATests.swift */ = {isa = PBXFileReference; fileEncoding = 4; lastKnownFileType = sourcecode.swift; path = MBTATests.swift; sourceTree = "<group>"; };
		CD1A107D1D7A743B0072785B /* Sample Weather API Response without rain.json */ = {isa = PBXFileReference; fileEncoding = 4; lastKnownFileType = text.json; path = "Sample Weather API Response without rain.json"; sourceTree = "<group>"; };
		CD1A10801D7A7D3F0072785B /* ProcessInfo+Extensions.swift */ = {isa = PBXFileReference; fileEncoding = 4; lastKnownFileType = sourcecode.swift; path = "ProcessInfo+Extensions.swift"; sourceTree = "<group>"; };
		CD22CA931DAAEC6B000C0205 /* Date+Extensions.swift */ = {isa = PBXFileReference; fileEncoding = 4; lastKnownFileType = sourcecode.swift; path = "Date+Extensions.swift"; sourceTree = "<group>"; };
		CD22CA961DAAEC94000C0205 /* DateTests.swift */ = {isa = PBXFileReference; fileEncoding = 4; lastKnownFileType = sourcecode.swift; path = DateTests.swift; sourceTree = "<group>"; };
		CD2575BA1D66607F0017DEE6 /* RefreshableViewController.swift */ = {isa = PBXFileReference; fileEncoding = 4; lastKnownFileType = sourcecode.swift; path = RefreshableViewController.swift; sourceTree = "<group>"; };
		CD2575C11D6669020017DEE6 /* UICollectionReusableView+Extensions.swift */ = {isa = PBXFileReference; fileEncoding = 4; lastKnownFileType = sourcecode.swift; path = "UICollectionReusableView+Extensions.swift"; sourceTree = "<group>"; };
		CD2575C31D666C7E0017DEE6 /* Utility.swift */ = {isa = PBXFileReference; fileEncoding = 4; lastKnownFileType = sourcecode.swift; path = Utility.swift; sourceTree = "<group>"; };
		CD36A8CC1E66226A00B3DDA8 /* TestHelpers.swift */ = {isa = PBXFileReference; fileEncoding = 4; lastKnownFileType = sourcecode.swift; path = TestHelpers.swift; sourceTree = "<group>"; };
		CD3D7B721DAC1DD2007BB87D /* ForecastBackgroundViewModel.swift */ = {isa = PBXFileReference; fileEncoding = 4; lastKnownFileType = sourcecode.swift; path = ForecastBackgroundViewModel.swift; sourceTree = "<group>"; };
		CD3D7B751DAC25AA007BB87D /* SunIntervalView.swift */ = {isa = PBXFileReference; fileEncoding = 4; lastKnownFileType = sourcecode.swift; path = SunIntervalView.swift; sourceTree = "<group>"; };
		CD6A633B1D514ACB009571DE /* CrashReporter.swift */ = {isa = PBXFileReference; fileEncoding = 4; lastKnownFileType = sourcecode.swift; path = CrashReporter.swift; sourceTree = "<group>"; };
		CD6A63441D51758C009571DE /* SafeArray.swift */ = {isa = PBXFileReference; fileEncoding = 4; lastKnownFileType = sourcecode.swift; path = SafeArray.swift; sourceTree = "<group>"; };
		CD6A63471D517898009571DE /* UtilityTests.swift */ = {isa = PBXFileReference; fileEncoding = 4; lastKnownFileType = sourcecode.swift; path = UtilityTests.swift; sourceTree = "<group>"; };
		CD8357511D4C4DA5009E76A7 /* MBTAService.swift */ = {isa = PBXFileReference; fileEncoding = 4; lastKnownFileType = sourcecode.swift; path = MBTAService.swift; sourceTree = "<group>"; };
		CD848F931E63799F00E49A85 /* Gud TayTests.xctest */ = {isa = PBXFileReference; explicitFileType = wrapper.cfbundle; includeInIndex = 0; path = "Gud TayTests.xctest"; sourceTree = BUILT_PRODUCTS_DIR; };
		CD848F971E63799F00E49A85 /* Info.plist */ = {isa = PBXFileReference; lastKnownFileType = text.plist.xml; path = Info.plist; sourceTree = "<group>"; };
		CD8F07A61E63D8D300F67968 /* JSON.framework */ = {isa = PBXFileReference; lastKnownFileType = wrapper.framework; name = JSON.framework; path = "JSON/build/Debug-iphoneos/JSON.framework"; sourceTree = "<group>"; };
		CD9021981D6E96D200375FE7 /* AspectImageCell.swift */ = {isa = PBXFileReference; fileEncoding = 4; lastKnownFileType = sourcecode.swift; path = AspectImageCell.swift; sourceTree = "<group>"; };
		CD9021991D6E96D200375FE7 /* ForecastBackgroundView.swift */ = {isa = PBXFileReference; fileEncoding = 4; lastKnownFileType = sourcecode.swift; path = ForecastBackgroundView.swift; sourceTree = "<group>"; };
		CD90219A1D6E96D200375FE7 /* ForecastCell.swift */ = {isa = PBXFileReference; fileEncoding = 4; lastKnownFileType = sourcecode.swift; path = ForecastCell.swift; sourceTree = "<group>"; };
		CD90219B1D6E96D200375FE7 /* TemperatureCell.swift */ = {isa = PBXFileReference; fileEncoding = 4; lastKnownFileType = sourcecode.swift; path = TemperatureCell.swift; sourceTree = "<group>"; };
		CD90219C1D6E96D200375FE7 /* WeatherCell.swift */ = {isa = PBXFileReference; fileEncoding = 4; lastKnownFileType = sourcecode.swift; path = WeatherCell.swift; sourceTree = "<group>"; };
		CD90219D1D6E96D200375FE7 /* WeatherViewController.swift */ = {isa = PBXFileReference; fileEncoding = 4; lastKnownFileType = sourcecode.swift; path = WeatherViewController.swift; sourceTree = "<group>"; };
		CD9021A51D6E96D800375FE7 /* BusHeaderView.swift */ = {isa = PBXFileReference; fileEncoding = 4; lastKnownFileType = sourcecode.swift; path = BusHeaderView.swift; sourceTree = "<group>"; };
		CD9021A61D6E96D800375FE7 /* GridView.swift */ = {isa = PBXFileReference; fileEncoding = 4; lastKnownFileType = sourcecode.swift; path = GridView.swift; sourceTree = "<group>"; };
		CD9021A71D6E96D800375FE7 /* GudTayView.swift */ = {isa = PBXFileReference; fileEncoding = 4; lastKnownFileType = sourcecode.swift; path = GudTayView.swift; sourceTree = "<group>"; };
		CD9021A81D6E96D800375FE7 /* MBTAHeaderView.swift */ = {isa = PBXFileReference; fileEncoding = 4; lastKnownFileType = sourcecode.swift; path = MBTAHeaderView.swift; sourceTree = "<group>"; };
		CD9021A91D6E96D800375FE7 /* MBTARouteView.swift */ = {isa = PBXFileReference; fileEncoding = 4; lastKnownFileType = sourcecode.swift; path = MBTARouteView.swift; sourceTree = "<group>"; };
		CD9021AA1D6E96D800375FE7 /* MBTAViewController.swift */ = {isa = PBXFileReference; fileEncoding = 4; lastKnownFileType = sourcecode.swift; path = MBTAViewController.swift; sourceTree = "<group>"; };
		CD9021AB1D6E96D800375FE7 /* SubwayHeaderView.swift */ = {isa = PBXFileReference; fileEncoding = 4; lastKnownFileType = sourcecode.swift; path = SubwayHeaderView.swift; sourceTree = "<group>"; };
		CD9021B41D6E96DD00375FE7 /* HairlineView.swift */ = {isa = PBXFileReference; fileEncoding = 4; lastKnownFileType = sourcecode.swift; path = HairlineView.swift; sourceTree = "<group>"; };
		CDA18DA31E62054600D34C4B /* Sample Weather API Response just after midnight.json */ = {isa = PBXFileReference; fileEncoding = 4; lastKnownFileType = text.json; path = "Sample Weather API Response just after midnight.json"; sourceTree = "<group>"; };
		CDA456FE1E660EAF00636BDF /* JSON.framework */ = {isa = PBXFileReference; explicitFileType = wrapper.framework; includeInIndex = 0; path = JSON.framework; sourceTree = BUILT_PRODUCTS_DIR; };
		CDA457011E660EAF00636BDF /* Info.plist */ = {isa = PBXFileReference; lastKnownFileType = text.plist.xml; path = Info.plist; sourceTree = "<group>"; };
		CDA457061E660EAF00636BDF /* JSONTests.xctest */ = {isa = PBXFileReference; explicitFileType = wrapper.cfbundle; includeInIndex = 0; path = JSONTests.xctest; sourceTree = BUILT_PRODUCTS_DIR; };
		CDA4570D1E660EAF00636BDF /* JSONTests.swift */ = {isa = PBXFileReference; lastKnownFileType = sourcecode.swift; path = JSONTests.swift; sourceTree = "<group>"; };
		CDA4570F1E660EAF00636BDF /* Info.plist */ = {isa = PBXFileReference; lastKnownFileType = text.plist.xml; path = Info.plist; sourceTree = "<group>"; };
		CDA4571B1E660ED200636BDF /* JSON.swift */ = {isa = PBXFileReference; fileEncoding = 4; lastKnownFileType = sourcecode.swift; path = JSON.swift; sourceTree = "<group>"; };
		CDA4571D1E66126C00636BDF /* Pods_Gud_Tay.framework */ = {isa = PBXFileReference; lastKnownFileType = wrapper.framework; name = Pods_Gud_Tay.framework; path = "Pods/../build/Debug-iphoneos/Pods_Gud_Tay.framework"; sourceTree = "<group>"; };
		CDA4571F1E66141400636BDF /* tests.json */ = {isa = PBXFileReference; fileEncoding = 4; lastKnownFileType = text.json; path = tests.json; sourceTree = "<group>"; };
		CDADC9921D655315005B60AD /* LogService.swift */ = {isa = PBXFileReference; fileEncoding = 4; lastKnownFileType = sourcecode.swift; path = LogService.swift; sourceTree = "<group>"; };
		CDADC9941D65566C005B60AD /* LogViewController.swift */ = {isa = PBXFileReference; fileEncoding = 4; lastKnownFileType = sourcecode.swift; path = LogViewController.swift; sourceTree = "<group>"; };
		CDBF96871D56F39F008AC493 /* Colors.swift */ = {isa = PBXFileReference; fileEncoding = 4; lastKnownFileType = sourcecode.swift; path = Colors.swift; sourceTree = "<group>"; };
		CDBF96891D56F8CA008AC493 /* Fonts.swift */ = {isa = PBXFileReference; fileEncoding = 4; lastKnownFileType = sourcecode.swift; path = Fonts.swift; sourceTree = "<group>"; };
		CDC00E371E63DB4700B3760D /* JSON.framework */ = {isa = PBXFileReference; lastKnownFileType = wrapper.framework; name = JSON.framework; path = "JSON/build/Debug-iphoneos/JSON.framework"; sourceTree = "<group>"; };
		CDC00E391E63DB9600B3760D /* JSON.framework */ = {isa = PBXFileReference; lastKnownFileType = wrapper.framework; name = JSON.framework; path = "JSON/build/Debug-iphoneos/JSON.framework"; sourceTree = "<group>"; };
		CDC371C21D4911E30054F343 /* Gud Tay-Bridging-Header.h */ = {isa = PBXFileReference; lastKnownFileType = sourcecode.c.h; path = "Gud Tay-Bridging-Header.h"; sourceTree = "<group>"; };
		CDD53CB31E624B7D00422296 /* Gud TayUITests.xctest */ = {isa = PBXFileReference; explicitFileType = wrapper.cfbundle; includeInIndex = 0; path = "Gud TayUITests.xctest"; sourceTree = BUILT_PRODUCTS_DIR; };
		CDD53CB51E624B7D00422296 /* Gud_TayUITests.swift */ = {isa = PBXFileReference; lastKnownFileType = sourcecode.swift; path = Gud_TayUITests.swift; sourceTree = "<group>"; };
		CDD53CB71E624B7D00422296 /* Info.plist */ = {isa = PBXFileReference; lastKnownFileType = text.plist.xml; path = Info.plist; sourceTree = "<group>"; };
		CDD8F99D1E2BD61E0003679B /* Sample Weather API Response just after sunset.json */ = {isa = PBXFileReference; fileEncoding = 4; lastKnownFileType = text.json; path = "Sample Weather API Response just after sunset.json"; sourceTree = "<group>"; };
		CDECBAB31D46D97F007A82D5 /* APIClient.swift */ = {isa = PBXFileReference; fileEncoding = 4; lastKnownFileType = sourcecode.swift; path = APIClient.swift; sourceTree = "<group>"; };
		CDECBAC21D46DF7A007A82D5 /* MBTAViewModel.swift */ = {isa = PBXFileReference; fileEncoding = 4; lastKnownFileType = sourcecode.swift; path = MBTAViewModel.swift; sourceTree = "<group>"; };
		CDED23341D60AE5F0023CC4B /* WeatherCoordinate.swift */ = {isa = PBXFileReference; fileEncoding = 4; lastKnownFileType = sourcecode.swift; path = WeatherCoordinate.swift; sourceTree = "<group>"; };
		CDED233A1D60AF4B0023CC4B /* WeatherProtocols.swift */ = {isa = PBXFileReference; fileEncoding = 4; lastKnownFileType = sourcecode.swift; path = WeatherProtocols.swift; sourceTree = "<group>"; };
		CDED233D1D60AF730023CC4B /* Meteorology.swift */ = {isa = PBXFileReference; fileEncoding = 4; lastKnownFileType = sourcecode.swift; path = Meteorology.swift; sourceTree = "<group>"; };
		CDED23401D60AFAC0023CC4B /* Temperature.swift */ = {isa = PBXFileReference; fileEncoding = 4; lastKnownFileType = sourcecode.swift; path = Temperature.swift; sourceTree = "<group>"; };
		CDED23431D60AFBD0023CC4B /* NearestStorm.swift */ = {isa = PBXFileReference; fileEncoding = 4; lastKnownFileType = sourcecode.swift; path = NearestStorm.swift; sourceTree = "<group>"; };
		CDED23461D60AFCF0023CC4B /* Almanac.swift */ = {isa = PBXFileReference; fileEncoding = 4; lastKnownFileType = sourcecode.swift; path = Almanac.swift; sourceTree = "<group>"; };
		CDED23491D60B00E0023CC4B /* Currently.swift */ = {isa = PBXFileReference; fileEncoding = 4; lastKnownFileType = sourcecode.swift; path = Currently.swift; sourceTree = "<group>"; };
		CDED234C1D60B0210023CC4B /* Minutely.swift */ = {isa = PBXFileReference; fileEncoding = 4; lastKnownFileType = sourcecode.swift; path = Minutely.swift; sourceTree = "<group>"; };
		CDED234F1D60B02D0023CC4B /* Hourly.swift */ = {isa = PBXFileReference; fileEncoding = 4; lastKnownFileType = sourcecode.swift; path = Hourly.swift; sourceTree = "<group>"; };
		CDED23521D60B0440023CC4B /* Daily.swift */ = {isa = PBXFileReference; fileEncoding = 4; lastKnownFileType = sourcecode.swift; path = Daily.swift; sourceTree = "<group>"; };
		CDED23551D60B0C00023CC4B /* Precipitation.swift */ = {isa = PBXFileReference; fileEncoding = 4; lastKnownFileType = sourcecode.swift; path = Precipitation.swift; sourceTree = "<group>"; };
		CDED23581D60B0DA0023CC4B /* Icon.swift */ = {isa = PBXFileReference; fileEncoding = 4; lastKnownFileType = sourcecode.swift; path = Icon.swift; sourceTree = "<group>"; };
		CDED235B1D60B1000023CC4B /* WeatherBucket.swift */ = {isa = PBXFileReference; fileEncoding = 4; lastKnownFileType = sourcecode.swift; path = WeatherBucket.swift; sourceTree = "<group>"; };
		CDED235E1D60B3980023CC4B /* CloseEnough.swift */ = {isa = PBXFileReference; fileEncoding = 4; lastKnownFileType = sourcecode.swift; path = CloseEnough.swift; sourceTree = "<group>"; };
		CDF60DF61D482F9A003E2AFB /* UIView+Extensions.swift */ = {isa = PBXFileReference; fileEncoding = 4; lastKnownFileType = sourcecode.swift; path = "UIView+Extensions.swift"; sourceTree = "<group>"; };
		DC222D206FF1E0B1633B3D3A /* Pods_Gud_TayTests.framework */ = {isa = PBXFileReference; explicitFileType = wrapper.framework; includeInIndex = 0; path = Pods_Gud_TayTests.framework; sourceTree = BUILT_PRODUCTS_DIR; };
		E93EF258A0F38875794AB7E8 /* Pods-Gud TayTests.release.xcconfig */ = {isa = PBXFileReference; includeInIndex = 1; lastKnownFileType = text.xcconfig; name = "Pods-Gud TayTests.release.xcconfig"; path = "Pods/Target Support Files/Pods-Gud TayTests/Pods-Gud TayTests.release.xcconfig"; sourceTree = "<group>"; };
		FC0A7D79092335E5C4078089 /* Pods-Gud Tay.release.xcconfig */ = {isa = PBXFileReference; includeInIndex = 1; lastKnownFileType = text.xcconfig; name = "Pods-Gud Tay.release.xcconfig"; path = "Pods/Target Support Files/Pods-Gud Tay/Pods-Gud Tay.release.xcconfig"; sourceTree = "<group>"; };
/* End PBXFileReference section */

/* Begin PBXFrameworksBuildPhase section */
		CD1279C01D45B37B00DC7BB8 /* Frameworks */ = {
			isa = PBXFrameworksBuildPhase;
			buildActionMask = 2147483647;
			files = (
				CDA4571E1E66126C00636BDF /* Pods_Gud_Tay.framework in Frameworks */,
				CDA457131E660EAF00636BDF /* JSON.framework in Frameworks */,
				0AF91F04FB961F8D4E82309F /* Pods_Gud_Tay.framework in Frameworks */,
			);
			runOnlyForDeploymentPostprocessing = 0;
		};
		CD848F901E63799F00E49A85 /* Frameworks */ = {
			isa = PBXFrameworksBuildPhase;
			buildActionMask = 2147483647;
			files = (
				CDC00E381E63DB4700B3760D /* JSON.framework in Frameworks */,
				4B4E54442DD00A606BBDE9E7 /* Pods_Gud_TayTests.framework in Frameworks */,
			);
			runOnlyForDeploymentPostprocessing = 0;
		};
		CDA456FA1E660EAF00636BDF /* Frameworks */ = {
			isa = PBXFrameworksBuildPhase;
			buildActionMask = 2147483647;
			files = (
			);
			runOnlyForDeploymentPostprocessing = 0;
		};
		CDA457031E660EAF00636BDF /* Frameworks */ = {
			isa = PBXFrameworksBuildPhase;
			buildActionMask = 2147483647;
			files = (
				CDA457071E660EAF00636BDF /* JSON.framework in Frameworks */,
			);
			runOnlyForDeploymentPostprocessing = 0;
		};
		CDD53CB01E624B7D00422296 /* Frameworks */ = {
			isa = PBXFrameworksBuildPhase;
			buildActionMask = 2147483647;
			files = (
				CDC00E3A1E63DB9600B3760D /* JSON.framework in Frameworks */,
				101C31A7FAFC3772C41D6158 /* Pods_Gud_TayUITests.framework in Frameworks */,
			);
			runOnlyForDeploymentPostprocessing = 0;
		};
/* End PBXFrameworksBuildPhase section */

/* Begin PBXGroup section */
		25C6FC41E3030A91DD1F4F28 /* Pods */ = {
			isa = PBXGroup;
			children = (
				BD519AB98CE48C9434FA9B47 /* Pods-Gud Tay.debug.xcconfig */,
				FC0A7D79092335E5C4078089 /* Pods-Gud Tay.release.xcconfig */,
				43503C8DE54F3EA4F36E22A3 /* Pods-Gud TayTests.debug.xcconfig */,
				E93EF258A0F38875794AB7E8 /* Pods-Gud TayTests.release.xcconfig */,
				3699ED083B111605113BD927 /* Pods-Gud TayUITests.debug.xcconfig */,
				1C313718F7075C011A2F739D /* Pods-Gud TayUITests.release.xcconfig */,
			);
			name = Pods;
			sourceTree = "<group>";
		};
		7AE9DA5D1D57A4A50087B401 /* MBTA */ = {
			isa = PBXGroup;
			children = (
				7AE9DA5E1D57A4A50087B401 /* Coordinate.swift */,
				7AE9DA5F1D57A4A50087B401 /* Direction.swift */,
				7AE9DA601D57A4A50087B401 /* Mode.swift */,
				7AE9DA611D57A4A50087B401 /* Route.swift */,
				7AE9DA621D57A4A50087B401 /* Stop.swift */,
				7AE9DA631D57A4A50087B401 /* Trip.swift */,
				7AE9DA641D57A4A50087B401 /* Vehicle.swift */,
			);
			path = MBTA;
			sourceTree = "<group>";
		};
		7AE9DA731D57A4B20087B401 /* Weather */ = {
			isa = PBXGroup;
			children = (
				CDED23461D60AFCF0023CC4B /* Almanac.swift */,
				CDED23491D60B00E0023CC4B /* Currently.swift */,
				CDED23521D60B0440023CC4B /* Daily.swift */,
				CDED234F1D60B02D0023CC4B /* Hourly.swift */,
				CDED23581D60B0DA0023CC4B /* Icon.swift */,
				CDED233D1D60AF730023CC4B /* Meteorology.swift */,
				CDED234C1D60B0210023CC4B /* Minutely.swift */,
				CDED23431D60AFBD0023CC4B /* NearestStorm.swift */,
				CDED23551D60B0C00023CC4B /* Precipitation.swift */,
				CDED23401D60AFAC0023CC4B /* Temperature.swift */,
				CDED235B1D60B1000023CC4B /* WeatherBucket.swift */,
				CDED23341D60AE5F0023CC4B /* WeatherCoordinate.swift */,
				7AE9DA741D57A54F0087B401 /* WeatherForecast.swift */,
				CDED233A1D60AF4B0023CC4B /* WeatherProtocols.swift */,
			);
			path = Weather;
			sourceTree = "<group>";
		};
		9A218EE71F24F69F00FAFA4D /* Doodle */ = {
			isa = PBXGroup;
			children = (
				9A218EE81F24F6E200FAFA4D /* DoodleView.swift */,
				CD04FA7A1F40C11300FAAB67 /* ImmediatePanGestureRecognizer.swift */,
			);
			path = Doodle;
			sourceTree = "<group>";
		};
		AC80E7268D6F2FA1E99F8C13 /* Frameworks */ = {
			isa = PBXGroup;
			children = (
				CDA4571D1E66126C00636BDF /* Pods_Gud_Tay.framework */,
				CDC00E391E63DB9600B3760D /* JSON.framework */,
				CDC00E371E63DB4700B3760D /* JSON.framework */,
				CD8F07A61E63D8D300F67968 /* JSON.framework */,
				0C04EA3A9A26D3F4C10D4133 /* Pods_Gud_Tay.framework */,
				DC222D206FF1E0B1633B3D3A /* Pods_Gud_TayTests.framework */,
				370FEC8906996918721175C9 /* Pods_Gud_TayUITests.framework */,
			);
			name = Frameworks;
			sourceTree = "<group>";
		};
		CD1279BA1D45B37B00DC7BB8 = {
			isa = PBXGroup;
			children = (
				AC80E7268D6F2FA1E99F8C13 /* Frameworks */,
				CD1279C51D45B37B00DC7BB8 /* Gud Tay */,
				CD848F941E63799F00E49A85 /* Gud TayTests */,
				CDD53CB41E624B7D00422296 /* Gud TayUITests */,
				CDA456FF1E660EAF00636BDF /* JSON */,
				CDA4570C1E660EAF00636BDF /* JSONTests */,
				25C6FC41E3030A91DD1F4F28 /* Pods */,
				CD1279C41D45B37B00DC7BB8 /* Products */,
				CDA82CDF1E661776006BF76A /* Test Helpers */,
			);
			sourceTree = "<group>";
		};
		CD1279C41D45B37B00DC7BB8 /* Products */ = {
			isa = PBXGroup;
			children = (
				CD1279C31D45B37B00DC7BB8 /* Gud Tay.app */,
				CDD53CB31E624B7D00422296 /* Gud TayUITests.xctest */,
				CD848F931E63799F00E49A85 /* Gud TayTests.xctest */,
				CDA456FE1E660EAF00636BDF /* JSON.framework */,
				CDA457061E660EAF00636BDF /* JSONTests.xctest */,
			);
			name = Products;
			sourceTree = "<group>";
		};
		CD1279C51D45B37B00DC7BB8 /* Gud Tay */ = {
			isa = PBXGroup;
			children = (
				CDECBAB21D46D97F007A82D5 /* API */,
				CDECBA9C1D46D94A007A82D5 /* Model */,
				CD8357501D4C4DA5009E76A7 /* Services */,
				CDF60DF51D482F8C003E2AFB /* Utilities */,
				CDECBABD1D46DF48007A82D5 /* View */,
				CDECBAC11D46DF6C007A82D5 /* View Model */,
				CD1279C61D45B37B00DC7BB8 /* AppDelegate.swift */,
				CD1279CD1D45B37B00DC7BB8 /* Assets.xcassets */,
				CDC371C21D4911E30054F343 /* Gud Tay-Bridging-Header.h */,
				CD1279D21D45B37B00DC7BB8 /* Info.plist */,
				CD1279CF1D45B37B00DC7BB8 /* LaunchScreen.storyboard */,
			);
			path = "Gud Tay";
			sourceTree = "<group>";
		};
		CD8357501D4C4DA5009E76A7 /* Services */ = {
			isa = PBXGroup;
			children = (
				CDADC9921D655315005B60AD /* LogService.swift */,
				CD8357511D4C4DA5009E76A7 /* MBTAService.swift */,
				CD0911E81E57E36300381606 /* ScreenService.swift */,
				7AAE0AAC1D578E6100A209BF /* WeatherService.swift */,
			);
			path = Services;
			sourceTree = "<group>";
		};
		CD848F941E63799F00E49A85 /* Gud TayTests */ = {
			isa = PBXGroup;
			children = (
				7AACF0D81E75D79C00990A6E /* ClockTimeTests.swift */,
				CD22CA961DAAEC94000C0205 /* DateTests.swift */,
				CD848F971E63799F00E49A85 /* Info.plist */,
				CD12DE3B1D4FE82E00956B74 /* MBTATests.swift */,
				CD12DE3A1D4FE82E00956B74 /* Sample MBTA API Response.json */,
				CDA18DA31E62054600D34C4B /* Sample Weather API Response just after midnight.json */,
				CDD8F99D1E2BD61E0003679B /* Sample Weather API Response just after sunset.json */,
				7A5BA3771D579869006AD6FC /* Sample Weather API Response with rain.json */,
				CD1A107D1D7A743B0072785B /* Sample Weather API Response without rain.json */,
				CD0911EA1E57E65600381606 /* ScreenServiceTests.swift */,
				CD6A63471D517898009571DE /* UtilityTests.swift */,
				7A5BA37A1D57988B006AD6FC /* WeatherTests.swift */,
			);
			path = "Gud TayTests";
			sourceTree = "<group>";
		};
		CD9021961D6E96D200375FE7 /* Weather */ = {
			isa = PBXGroup;
			children = (
				CD9021971D6E96D200375FE7 /* Weather Cells */,
				CD90219D1D6E96D200375FE7 /* WeatherViewController.swift */,
			);
			path = Weather;
			sourceTree = "<group>";
		};
		CD9021971D6E96D200375FE7 /* Weather Cells */ = {
			isa = PBXGroup;
			children = (
				CD9021981D6E96D200375FE7 /* AspectImageCell.swift */,
				CD9021991D6E96D200375FE7 /* ForecastBackgroundView.swift */,
				CD90219A1D6E96D200375FE7 /* ForecastCell.swift */,
				CD3D7B751DAC25AA007BB87D /* SunIntervalView.swift */,
				CD90219B1D6E96D200375FE7 /* TemperatureCell.swift */,
				CD90219C1D6E96D200375FE7 /* WeatherCell.swift */,
			);
			path = "Weather Cells";
			sourceTree = "<group>";
		};
		CD9021A41D6E96D800375FE7 /* MBTA */ = {
			isa = PBXGroup;
			children = (
				CD9021A51D6E96D800375FE7 /* BusHeaderView.swift */,
				CD9021A61D6E96D800375FE7 /* GridView.swift */,
				CD9021A71D6E96D800375FE7 /* GudTayView.swift */,
				CD9021A81D6E96D800375FE7 /* MBTAHeaderView.swift */,
				CD9021A91D6E96D800375FE7 /* MBTARouteView.swift */,
				CD9021AA1D6E96D800375FE7 /* MBTAViewController.swift */,
				CD9021AB1D6E96D800375FE7 /* SubwayHeaderView.swift */,
			);
			path = MBTA;
			sourceTree = "<group>";
		};
		CD9021B31D6E96DD00375FE7 /* Utility */ = {
			isa = PBXGroup;
			children = (
				CD9021B41D6E96DD00375FE7 /* HairlineView.swift */,
				CD2575BA1D66607F0017DEE6 /* RefreshableViewController.swift */,
			);
			path = Utility;
			sourceTree = "<group>";
		};
		CDA456FF1E660EAF00636BDF /* JSON */ = {
			isa = PBXGroup;
			children = (
				CDA457011E660EAF00636BDF /* Info.plist */,
				CDA4571B1E660ED200636BDF /* JSON.swift */,
			);
			path = JSON;
			sourceTree = "<group>";
		};
		CDA4570C1E660EAF00636BDF /* JSONTests */ = {
			isa = PBXGroup;
			children = (
				CDA4570F1E660EAF00636BDF /* Info.plist */,
				CDA4570D1E660EAF00636BDF /* JSONTests.swift */,
				CDA4571F1E66141400636BDF /* tests.json */,
			);
			path = JSONTests;
			sourceTree = "<group>";
		};
		CDA82CDF1E661776006BF76A /* Test Helpers */ = {
			isa = PBXGroup;
			children = (
				CD36A8CC1E66226A00B3DDA8 /* TestHelpers.swift */,
			);
			path = "Test Helpers";
			sourceTree = "<group>";
		};
		CDD53CB41E624B7D00422296 /* Gud TayUITests */ = {
			isa = PBXGroup;
			children = (
				CDD53CB51E624B7D00422296 /* Gud_TayUITests.swift */,
				CDD53CB71E624B7D00422296 /* Info.plist */,
			);
			path = "Gud TayUITests";
			sourceTree = "<group>";
		};
		CDECBA9C1D46D94A007A82D5 /* Model */ = {
			isa = PBXGroup;
			children = (
				7AE9DA5D1D57A4A50087B401 /* MBTA */,
				7AE9DA731D57A4B20087B401 /* Weather */,
			);
			path = Model;
			sourceTree = "<group>";
		};
		CDECBAB21D46D97F007A82D5 /* API */ = {
			isa = PBXGroup;
			children = (
				CDECBAB31D46D97F007A82D5 /* APIClient.swift */,
			);
			path = API;
			sourceTree = "<group>";
		};
		CDECBABD1D46DF48007A82D5 /* View */ = {
			isa = PBXGroup;
			children = (
				9A218EE71F24F69F00FAFA4D /* Doodle */,
				CD9021A41D6E96D800375FE7 /* MBTA */,
				CD9021B31D6E96DD00375FE7 /* Utility */,
				CD9021961D6E96D200375FE7 /* Weather */,
				7AAB4E491E75D36300C05BA4 /* ClockView.swift */,
				CDADC9941D65566C005B60AD /* LogViewController.swift */,
				CD1279C81D45B37B00DC7BB8 /* RootViewController.swift */,
			);
			path = View;
			sourceTree = "<group>";
		};
		CDECBAC11D46DF6C007A82D5 /* View Model */ = {
			isa = PBXGroup;
			children = (
				CD3D7B721DAC1DD2007BB87D /* ForecastBackgroundViewModel.swift */,
				CDECBAC21D46DF7A007A82D5 /* MBTAViewModel.swift */,
				7AC59EEA1D57A1C1003863AE /* ViewModel.swift */,
				7AC59EE71D579CCE003863AE /* WeatherViewModel.swift */,
			);
			path = "View Model";
			sourceTree = "<group>";
		};
		CDF60DF51D482F8C003E2AFB /* Utilities */ = {
			isa = PBXGroup;
			children = (
				CDED235E1D60B3980023CC4B /* CloseEnough.swift */,
				CDBF96871D56F39F008AC493 /* Colors.swift */,
				CD6A633B1D514ACB009571DE /* CrashReporter.swift */,
				CD22CA931DAAEC6B000C0205 /* Date+Extensions.swift */,
				CDBF96891D56F8CA008AC493 /* Fonts.swift */,
				CD1A10801D7A7D3F0072785B /* ProcessInfo+Extensions.swift */,
				CD6A63441D51758C009571DE /* SafeArray.swift */,
				7AACF0D51E75D6CE00990A6E /* Time.swift */,
				CD2575C11D6669020017DEE6 /* UICollectionReusableView+Extensions.swift */,
				CDF60DF61D482F9A003E2AFB /* UIView+Extensions.swift */,
				CD2575C31D666C7E0017DEE6 /* Utility.swift */,
			);
			path = Utilities;
			sourceTree = "<group>";
		};
/* End PBXGroup section */

/* Begin PBXHeadersBuildPhase section */
		CDA456FB1E660EAF00636BDF /* Headers */ = {
			isa = PBXHeadersBuildPhase;
			buildActionMask = 2147483647;
			files = (
			);
			runOnlyForDeploymentPostprocessing = 0;
		};
/* End PBXHeadersBuildPhase section */

/* Begin PBXNativeTarget section */
		CD1279C21D45B37B00DC7BB8 /* Gud Tay */ = {
			isa = PBXNativeTarget;
			buildConfigurationList = CD1279EB1D45B37B00DC7BB8 /* Build configuration list for PBXNativeTarget "Gud Tay" */;
			buildPhases = (
				1C080E12C2743C2CAB6EEF0E /* [CP] Check Pods Manifest.lock */,
				CD1279BF1D45B37B00DC7BB8 /* Sources */,
				CD1279F41D45B40600DC7BB8 /* SwiftLint */,
				CD1279C01D45B37B00DC7BB8 /* Frameworks */,
				CD1279C11D45B37B00DC7BB8 /* Resources */,
				FFF51A6AE93B0C9C916BD0E7 /* [CP] Embed Pods Frameworks */,
				89AAB7AF6C963DD81798E751 /* [CP] Copy Pods Resources */,
				CD011F281E648FC800217BC1 /* Embed Frameworks */,
			);
			buildRules = (
			);
			dependencies = (
				CDA457121E660EAF00636BDF /* PBXTargetDependency */,
			);
			name = "Gud Tay";
			productName = "Gud Tay";
			productReference = CD1279C31D45B37B00DC7BB8 /* Gud Tay.app */;
			productType = "com.apple.product-type.application";
		};
		CD848F921E63799F00E49A85 /* Gud TayTests */ = {
			isa = PBXNativeTarget;
			buildConfigurationList = CD848F9A1E63799F00E49A85 /* Build configuration list for PBXNativeTarget "Gud TayTests" */;
			buildPhases = (
				93E2F8BEBDBFC17ECC2AA26F /* [CP] Check Pods Manifest.lock */,
				CD848F8F1E63799F00E49A85 /* Sources */,
				CD848F901E63799F00E49A85 /* Frameworks */,
				CD848F911E63799F00E49A85 /* Resources */,
				AD5787EA8B3E46FEF1AD58F4 /* [CP] Embed Pods Frameworks */,
				FD8F8CCDBED6ADAE3C1140B2 /* [CP] Copy Pods Resources */,
			);
			buildRules = (
			);
			dependencies = (
			);
			name = "Gud TayTests";
			productName = "Gud TayTests";
			productReference = CD848F931E63799F00E49A85 /* Gud TayTests.xctest */;
			productType = "com.apple.product-type.bundle.unit-test";
		};
		CDA456FD1E660EAF00636BDF /* JSON */ = {
			isa = PBXNativeTarget;
			buildConfigurationList = CDA457191E660EAF00636BDF /* Build configuration list for PBXNativeTarget "JSON" */;
			buildPhases = (
				CDA456F91E660EAF00636BDF /* Sources */,
				CDA456FA1E660EAF00636BDF /* Frameworks */,
				CDA456FB1E660EAF00636BDF /* Headers */,
				CDA456FC1E660EAF00636BDF /* Resources */,
			);
			buildRules = (
			);
			dependencies = (
			);
			name = JSON;
			productName = JSON;
			productReference = CDA456FE1E660EAF00636BDF /* JSON.framework */;
			productType = "com.apple.product-type.framework";
		};
		CDA457051E660EAF00636BDF /* JSONTests */ = {
			isa = PBXNativeTarget;
			buildConfigurationList = CDA4571A1E660EAF00636BDF /* Build configuration list for PBXNativeTarget "JSONTests" */;
			buildPhases = (
				CDA457021E660EAF00636BDF /* Sources */,
				CDA457031E660EAF00636BDF /* Frameworks */,
				CDA457041E660EAF00636BDF /* Resources */,
			);
			buildRules = (
			);
			dependencies = (
				CDA457091E660EAF00636BDF /* PBXTargetDependency */,
				CDA4570B1E660EAF00636BDF /* PBXTargetDependency */,
			);
			name = JSONTests;
			productName = JSONTests;
			productReference = CDA457061E660EAF00636BDF /* JSONTests.xctest */;
			productType = "com.apple.product-type.bundle.unit-test";
		};
		CDD53CB21E624B7D00422296 /* Gud TayUITests */ = {
			isa = PBXNativeTarget;
			buildConfigurationList = CDD53CBC1E624B7D00422296 /* Build configuration list for PBXNativeTarget "Gud TayUITests" */;
			buildPhases = (
				EAA6E271E6E4BD2E5E28E6A3 /* [CP] Check Pods Manifest.lock */,
				CDD53CAF1E624B7D00422296 /* Sources */,
				CDD53CB01E624B7D00422296 /* Frameworks */,
				CDD53CB11E624B7D00422296 /* Resources */,
				5BD43B4817EA5F9B641A16FA /* [CP] Embed Pods Frameworks */,
				A3EBFEE3B33AB8E68C17D763 /* [CP] Copy Pods Resources */,
			);
			buildRules = (
			);
			dependencies = (
				CDD53CB91E624B7D00422296 /* PBXTargetDependency */,
			);
			name = "Gud TayUITests";
			productName = "Gud TayUITests";
			productReference = CDD53CB31E624B7D00422296 /* Gud TayUITests.xctest */;
			productType = "com.apple.product-type.bundle.ui-testing";
		};
/* End PBXNativeTarget section */

/* Begin PBXProject section */
		CD1279BB1D45B37B00DC7BB8 /* Project object */ = {
			isa = PBXProject;
			attributes = {
				LastSwiftUpdateCheck = 0830;
				LastUpgradeCheck = 0810;
				ORGANIZATIONNAME = "Zev Eisenberg";
				TargetAttributes = {
					CD1279C21D45B37B00DC7BB8 = {
						CreatedOnToolsVersion = 8.0;
						DevelopmentTeam = 2KJHM26Y46;
						DevelopmentTeamName = "Zev Eisenberg";
						LastSwiftMigration = 0800;
						ProvisioningStyle = Automatic;
					};
					CD848F921E63799F00E49A85 = {
						CreatedOnToolsVersion = 8.3;
						DevelopmentTeam = 2KJHM26Y46;
						ProvisioningStyle = Automatic;
					};
					CDA456FD1E660EAF00636BDF = {
						CreatedOnToolsVersion = 8.3;
						DevelopmentTeam = 2KJHM26Y46;
						LastSwiftMigration = 0830;
						ProvisioningStyle = Automatic;
					};
					CDA457051E660EAF00636BDF = {
						CreatedOnToolsVersion = 8.3;
						DevelopmentTeam = 2KJHM26Y46;
						ProvisioningStyle = Automatic;
					};
					CDD53CB21E624B7D00422296 = {
						CreatedOnToolsVersion = 8.3;
						DevelopmentTeam = 2KJHM26Y46;
						ProvisioningStyle = Automatic;
						TestTargetID = CD1279C21D45B37B00DC7BB8;
					};
				};
			};
			buildConfigurationList = CD1279BE1D45B37B00DC7BB8 /* Build configuration list for PBXProject "Gud Tay" */;
			compatibilityVersion = "Xcode 3.2";
			developmentRegion = English;
			hasScannedForEncodings = 0;
			knownRegions = (
				en,
				Base,
			);
			mainGroup = CD1279BA1D45B37B00DC7BB8;
			productRefGroup = CD1279C41D45B37B00DC7BB8 /* Products */;
			projectDirPath = "";
			projectRoot = "";
			targets = (
				CD1279C21D45B37B00DC7BB8 /* Gud Tay */,
				CD848F921E63799F00E49A85 /* Gud TayTests */,
				CDD53CB21E624B7D00422296 /* Gud TayUITests */,
				CDA456FD1E660EAF00636BDF /* JSON */,
				CDA457051E660EAF00636BDF /* JSONTests */,
			);
		};
/* End PBXProject section */

/* Begin PBXResourcesBuildPhase section */
		CD1279C11D45B37B00DC7BB8 /* Resources */ = {
			isa = PBXResourcesBuildPhase;
			buildActionMask = 2147483647;
			files = (
				CD7DAE721D55B62C00ED6AD3 /* Sample MBTA API Response.json in Resources */,
				CD1279D11D45B37B00DC7BB8 /* LaunchScreen.storyboard in Resources */,
				7A5BA3791D57986D006AD6FC /* Sample Weather API Response with rain.json in Resources */,
				CD1279CE1D45B37B00DC7BB8 /* Assets.xcassets in Resources */,
				CD1A107F1D7A74470072785B /* Sample Weather API Response without rain.json in Resources */,
				CDA18DA41E62054600D34C4B /* Sample Weather API Response just after midnight.json in Resources */,
				CDD8F99F1E2BD6270003679B /* Sample Weather API Response just after sunset.json in Resources */,
			);
			runOnlyForDeploymentPostprocessing = 0;
		};
		CD848F911E63799F00E49A85 /* Resources */ = {
			isa = PBXResourcesBuildPhase;
			buildActionMask = 2147483647;
			files = (
				CDCF9B841E637B5E009EE1DB /* Sample MBTA API Response.json in Resources */,
				CDCF9B851E637B5E009EE1DB /* Sample Weather API Response just after midnight.json in Resources */,
				CDCF9B861E637B5E009EE1DB /* Sample Weather API Response just after sunset.json in Resources */,
				CDCF9B871E637B5E009EE1DB /* Sample Weather API Response with rain.json in Resources */,
				CDCF9B881E637B5E009EE1DB /* Sample Weather API Response without rain.json in Resources */,
			);
			runOnlyForDeploymentPostprocessing = 0;
		};
		CDA456FC1E660EAF00636BDF /* Resources */ = {
			isa = PBXResourcesBuildPhase;
			buildActionMask = 2147483647;
			files = (
			);
			runOnlyForDeploymentPostprocessing = 0;
		};
		CDA457041E660EAF00636BDF /* Resources */ = {
			isa = PBXResourcesBuildPhase;
			buildActionMask = 2147483647;
			files = (
				CDA457201E66141400636BDF /* tests.json in Resources */,
			);
			runOnlyForDeploymentPostprocessing = 0;
		};
		CDD53CB11E624B7D00422296 /* Resources */ = {
			isa = PBXResourcesBuildPhase;
			buildActionMask = 2147483647;
			files = (
			);
			runOnlyForDeploymentPostprocessing = 0;
		};
/* End PBXResourcesBuildPhase section */

/* Begin PBXShellScriptBuildPhase section */
		1C080E12C2743C2CAB6EEF0E /* [CP] Check Pods Manifest.lock */ = {
			isa = PBXShellScriptBuildPhase;
			buildActionMask = 2147483647;
			files = (
			);
			inputPaths = (
				"${PODS_PODFILE_DIR_PATH}/Podfile.lock",
				"${PODS_ROOT}/Manifest.lock",
			);
			name = "[CP] Check Pods Manifest.lock";
			outputPaths = (
				"$(DERIVED_FILE_DIR)/Pods-Gud Tay-checkManifestLockResult.txt",
			);
			runOnlyForDeploymentPostprocessing = 0;
			shellPath = /bin/sh;
			shellScript = "diff \"${PODS_PODFILE_DIR_PATH}/Podfile.lock\" \"${PODS_ROOT}/Manifest.lock\" > /dev/null\nif [ $? != 0 ] ; then\n    # print error to STDERR\n    echo \"error: The sandbox is not in sync with the Podfile.lock. Run 'pod install' or update your CocoaPods installation.\" >&2\n    exit 1\nfi\n# This output is used by Xcode 'outputs' to avoid re-running this script phase.\necho \"SUCCESS\" > \"${SCRIPT_OUTPUT_FILE_0}\"\n";
			showEnvVarsInLog = 0;
		};
		5BD43B4817EA5F9B641A16FA /* [CP] Embed Pods Frameworks */ = {
			isa = PBXShellScriptBuildPhase;
			buildActionMask = 2147483647;
			files = (
			);
			inputPaths = (
			);
			name = "[CP] Embed Pods Frameworks";
			outputPaths = (
			);
			runOnlyForDeploymentPostprocessing = 0;
			shellPath = /bin/sh;
			shellScript = "\"${SRCROOT}/Pods/Target Support Files/Pods-Gud TayUITests/Pods-Gud TayUITests-frameworks.sh\"\n";
			showEnvVarsInLog = 0;
		};
		89AAB7AF6C963DD81798E751 /* [CP] Copy Pods Resources */ = {
			isa = PBXShellScriptBuildPhase;
			buildActionMask = 2147483647;
			files = (
			);
			inputPaths = (
			);
			name = "[CP] Copy Pods Resources";
			outputPaths = (
			);
			runOnlyForDeploymentPostprocessing = 0;
			shellPath = /bin/sh;
			shellScript = "\"${SRCROOT}/Pods/Target Support Files/Pods-Gud Tay/Pods-Gud Tay-resources.sh\"\n";
			showEnvVarsInLog = 0;
		};
		93E2F8BEBDBFC17ECC2AA26F /* [CP] Check Pods Manifest.lock */ = {
			isa = PBXShellScriptBuildPhase;
			buildActionMask = 2147483647;
			files = (
			);
			inputPaths = (
				"${PODS_PODFILE_DIR_PATH}/Podfile.lock",
				"${PODS_ROOT}/Manifest.lock",
			);
			name = "[CP] Check Pods Manifest.lock";
			outputPaths = (
				"$(DERIVED_FILE_DIR)/Pods-Gud TayTests-checkManifestLockResult.txt",
			);
			runOnlyForDeploymentPostprocessing = 0;
			shellPath = /bin/sh;
			shellScript = "diff \"${PODS_PODFILE_DIR_PATH}/Podfile.lock\" \"${PODS_ROOT}/Manifest.lock\" > /dev/null\nif [ $? != 0 ] ; then\n    # print error to STDERR\n    echo \"error: The sandbox is not in sync with the Podfile.lock. Run 'pod install' or update your CocoaPods installation.\" >&2\n    exit 1\nfi\n# This output is used by Xcode 'outputs' to avoid re-running this script phase.\necho \"SUCCESS\" > \"${SCRIPT_OUTPUT_FILE_0}\"\n";
			showEnvVarsInLog = 0;
		};
		A3EBFEE3B33AB8E68C17D763 /* [CP] Copy Pods Resources */ = {
			isa = PBXShellScriptBuildPhase;
			buildActionMask = 2147483647;
			files = (
			);
			inputPaths = (
			);
			name = "[CP] Copy Pods Resources";
			outputPaths = (
			);
			runOnlyForDeploymentPostprocessing = 0;
			shellPath = /bin/sh;
			shellScript = "\"${SRCROOT}/Pods/Target Support Files/Pods-Gud TayUITests/Pods-Gud TayUITests-resources.sh\"\n";
			showEnvVarsInLog = 0;
		};
		AD5787EA8B3E46FEF1AD58F4 /* [CP] Embed Pods Frameworks */ = {
			isa = PBXShellScriptBuildPhase;
			buildActionMask = 2147483647;
			files = (
			);
			inputPaths = (
				"${SRCROOT}/Pods/Target Support Files/Pods-Gud TayTests/Pods-Gud TayTests-frameworks.sh",
				"${BUILT_PRODUCTS_DIR}/Anchorage/Anchorage.framework",
				"${BUILT_PRODUCTS_DIR}/BonMot/BonMot.framework",
				"${BUILT_PRODUCTS_DIR}/Swiftilities/Swiftilities.framework",
			);
			name = "[CP] Embed Pods Frameworks";
			outputPaths = (
				"${TARGET_BUILD_DIR}/${FRAMEWORKS_FOLDER_PATH}/Anchorage.framework",
				"${TARGET_BUILD_DIR}/${FRAMEWORKS_FOLDER_PATH}/BonMot.framework",
				"${TARGET_BUILD_DIR}/${FRAMEWORKS_FOLDER_PATH}/Swiftilities.framework",
			);
			runOnlyForDeploymentPostprocessing = 0;
			shellPath = /bin/sh;
			shellScript = "\"${SRCROOT}/Pods/Target Support Files/Pods-Gud TayTests/Pods-Gud TayTests-frameworks.sh\"\n";
			showEnvVarsInLog = 0;
		};
		CD1279F41D45B40600DC7BB8 /* SwiftLint */ = {
			isa = PBXShellScriptBuildPhase;
			buildActionMask = 2147483647;
			files = (
			);
			inputPaths = (
			);
			name = SwiftLint;
			outputPaths = (
			);
			runOnlyForDeploymentPostprocessing = 0;
			shellPath = /bin/sh;
			shellScript = "SWIFTLINT_BINARY=\"${PODS_ROOT}/SwiftLint/swiftlint\"\nif [[ $CONFIGURATION == \"Release\" ]]; then\n    \"${SWIFTLINT_BINARY}\" lint --strict\nelse\n    \"${SWIFTLINT_BINARY}\" lint\nfi\n";
		};
		EAA6E271E6E4BD2E5E28E6A3 /* [CP] Check Pods Manifest.lock */ = {
			isa = PBXShellScriptBuildPhase;
			buildActionMask = 2147483647;
			files = (
			);
			inputPaths = (
				"${PODS_PODFILE_DIR_PATH}/Podfile.lock",
				"${PODS_ROOT}/Manifest.lock",
			);
			name = "[CP] Check Pods Manifest.lock";
			outputPaths = (
				"$(DERIVED_FILE_DIR)/Pods-Gud TayUITests-checkManifestLockResult.txt",
			);
			runOnlyForDeploymentPostprocessing = 0;
			shellPath = /bin/sh;
			shellScript = "diff \"${PODS_PODFILE_DIR_PATH}/Podfile.lock\" \"${PODS_ROOT}/Manifest.lock\" > /dev/null\nif [ $? != 0 ] ; then\n    # print error to STDERR\n    echo \"error: The sandbox is not in sync with the Podfile.lock. Run 'pod install' or update your CocoaPods installation.\" >&2\n    exit 1\nfi\n# This output is used by Xcode 'outputs' to avoid re-running this script phase.\necho \"SUCCESS\" > \"${SCRIPT_OUTPUT_FILE_0}\"\n";
			showEnvVarsInLog = 0;
		};
		FD8F8CCDBED6ADAE3C1140B2 /* [CP] Copy Pods Resources */ = {
			isa = PBXShellScriptBuildPhase;
			buildActionMask = 2147483647;
			files = (
			);
			inputPaths = (
			);
			name = "[CP] Copy Pods Resources";
			outputPaths = (
			);
			runOnlyForDeploymentPostprocessing = 0;
			shellPath = /bin/sh;
			shellScript = "\"${SRCROOT}/Pods/Target Support Files/Pods-Gud TayTests/Pods-Gud TayTests-resources.sh\"\n";
			showEnvVarsInLog = 0;
		};
		FFF51A6AE93B0C9C916BD0E7 /* [CP] Embed Pods Frameworks */ = {
			isa = PBXShellScriptBuildPhase;
			buildActionMask = 2147483647;
			files = (
			);
			inputPaths = (
				"${SRCROOT}/Pods/Target Support Files/Pods-Gud Tay/Pods-Gud Tay-frameworks.sh",
				"${BUILT_PRODUCTS_DIR}/Anchorage/Anchorage.framework",
				"${BUILT_PRODUCTS_DIR}/BonMot/BonMot.framework",
				"${BUILT_PRODUCTS_DIR}/Swiftilities/Swiftilities.framework",
			);
			name = "[CP] Embed Pods Frameworks";
			outputPaths = (
				"${TARGET_BUILD_DIR}/${FRAMEWORKS_FOLDER_PATH}/Anchorage.framework",
				"${TARGET_BUILD_DIR}/${FRAMEWORKS_FOLDER_PATH}/BonMot.framework",
				"${TARGET_BUILD_DIR}/${FRAMEWORKS_FOLDER_PATH}/Swiftilities.framework",
			);
			runOnlyForDeploymentPostprocessing = 0;
			shellPath = /bin/sh;
			shellScript = "\"${SRCROOT}/Pods/Target Support Files/Pods-Gud Tay/Pods-Gud Tay-frameworks.sh\"\n";
			showEnvVarsInLog = 0;
		};
/* End PBXShellScriptBuildPhase section */

/* Begin PBXSourcesBuildPhase section */
		CD1279BF1D45B37B00DC7BB8 /* Sources */ = {
			isa = PBXSourcesBuildPhase;
			buildActionMask = 2147483647;
			files = (
				CDED234A1D60B00E0023CC4B /* Currently.swift in Sources */,
				CDED234D1D60B0210023CC4B /* Minutely.swift in Sources */,
				CD3D7B761DAC25AA007BB87D /* SunIntervalView.swift in Sources */,
				7AE9DA651D57A4A50087B401 /* Coordinate.swift in Sources */,
				CDED23501D60B02D0023CC4B /* Hourly.swift in Sources */,
				CDF60DF91D48302B003E2AFB /* RootViewController.swift in Sources */,
				CD9021AD1D6E96D800375FE7 /* GridView.swift in Sources */,
				CD9021AF1D6E96D800375FE7 /* MBTAHeaderView.swift in Sources */,
				CDED23441D60AFBD0023CC4B /* NearestStorm.swift in Sources */,
				CD2575C41D666C7E0017DEE6 /* Utility.swift in Sources */,
				7AE9DA6D1D57A4A50087B401 /* Stop.swift in Sources */,
				CD9021AE1D6E96D800375FE7 /* GudTayView.swift in Sources */,
				CDED23531D60B0440023CC4B /* Daily.swift in Sources */,
				7AAE0AAD1D578E6100A209BF /* WeatherService.swift in Sources */,
				CDED23561D60B0C00023CC4B /* Precipitation.swift in Sources */,
				CDED23591D60B0DA0023CC4B /* Icon.swift in Sources */,
				7AACF0D61E75D6CE00990A6E /* Time.swift in Sources */,
				CD9021B11D6E96D800375FE7 /* MBTAViewController.swift in Sources */,
				CDED233E1D60AF730023CC4B /* Meteorology.swift in Sources */,
				9A218EE91F24F6E200FAFA4D /* DoodleView.swift in Sources */,
				CDADC9951D65566C005B60AD /* LogViewController.swift in Sources */,
				CD90219E1D6E96D200375FE7 /* AspectImageCell.swift in Sources */,
				CD9021A01D6E96D200375FE7 /* ForecastCell.swift in Sources */,
				7AC59EE81D579CCE003863AE /* WeatherViewModel.swift in Sources */,
				CD9021B21D6E96D800375FE7 /* SubwayHeaderView.swift in Sources */,
				7AE9DA6B1D57A4A50087B401 /* Route.swift in Sources */,
				7AE9DA6F1D57A4A50087B401 /* Trip.swift in Sources */,
				CD9021A11D6E96D200375FE7 /* TemperatureCell.swift in Sources */,
				CD1A10811D7A7D3F0072785B /* ProcessInfo+Extensions.swift in Sources */,
				CD8357521D4C4DA5009E76A7 /* MBTAService.swift in Sources */,
				CD9021AC1D6E96D800375FE7 /* BusHeaderView.swift in Sources */,
				CD3D7B731DAC1DD2007BB87D /* ForecastBackgroundViewModel.swift in Sources */,
				CDED235C1D60B1000023CC4B /* WeatherBucket.swift in Sources */,
				CDED23351D60AE5F0023CC4B /* WeatherCoordinate.swift in Sources */,
				7AE9DA671D57A4A50087B401 /* Direction.swift in Sources */,
				CD9021A21D6E96D200375FE7 /* WeatherCell.swift in Sources */,
				CDED235F1D60B3980023CC4B /* CloseEnough.swift in Sources */,
				CD0911E91E57E36300381606 /* ScreenService.swift in Sources */,
				CDED23411D60AFAC0023CC4B /* Temperature.swift in Sources */,
				7AE9DA751D57A54F0087B401 /* WeatherForecast.swift in Sources */,
				7AC59EEB1D57A1C1003863AE /* ViewModel.swift in Sources */,
				CDECBAB61D46D97F007A82D5 /* APIClient.swift in Sources */,
				CDED23471D60AFCF0023CC4B /* Almanac.swift in Sources */,
				CD9021B51D6E96DD00375FE7 /* HairlineView.swift in Sources */,
				CDADC9931D655315005B60AD /* LogService.swift in Sources */,
				CD6A63451D51758C009571DE /* SafeArray.swift in Sources */,
				CDECBAC31D46DF7A007A82D5 /* MBTAViewModel.swift in Sources */,
				CD04FA7B1F40C11300FAAB67 /* ImmediatePanGestureRecognizer.swift in Sources */,
				CD1279C71D45B37B00DC7BB8 /* AppDelegate.swift in Sources */,
				CD9021B01D6E96D800375FE7 /* MBTARouteView.swift in Sources */,
				7AE9DA691D57A4A50087B401 /* Mode.swift in Sources */,
				CDED233B1D60AF4B0023CC4B /* WeatherProtocols.swift in Sources */,
				CD2575BB1D66607F0017DEE6 /* RefreshableViewController.swift in Sources */,
				CD90219F1D6E96D200375FE7 /* ForecastBackgroundView.swift in Sources */,
				CDF60DF71D482F9A003E2AFB /* UIView+Extensions.swift in Sources */,
				CD6A633C1D514ACB009571DE /* CrashReporter.swift in Sources */,
				CDBF96881D56F39F008AC493 /* Colors.swift in Sources */,
				7AAB4E4A1E75D36400C05BA4 /* ClockView.swift in Sources */,
				7AE9DA711D57A4A50087B401 /* Vehicle.swift in Sources */,
				CD22CA941DAAEC6B000C0205 /* Date+Extensions.swift in Sources */,
				CD2575C21D6669020017DEE6 /* UICollectionReusableView+Extensions.swift in Sources */,
				CD9021A31D6E96D200375FE7 /* WeatherViewController.swift in Sources */,
				CDBF968A1D56F8CA008AC493 /* Fonts.swift in Sources */,
			);
			runOnlyForDeploymentPostprocessing = 0;
		};
		CD848F8F1E63799F00E49A85 /* Sources */ = {
			isa = PBXSourcesBuildPhase;
			buildActionMask = 2147483647;
			files = (
				CDCF9BAF1E637C15009EE1DB /* Vehicle.swift in Sources */,
				CDCF9B921E637BAD009EE1DB /* ViewModel.swift in Sources */,
				CDCF9BA11E637BC6009EE1DB /* WeatherProtocols.swift in Sources */,
				CDCF9B941E637BC6009EE1DB /* Almanac.swift in Sources */,
				CDCF9B8B1E637B65009EE1DB /* UtilityTests.swift in Sources */,
				CDCF9BA41E637BE1009EE1DB /* CloseEnough.swift in Sources */,
				CDCF9BA91E637C15009EE1DB /* Coordinate.swift in Sources */,
				CDCF9BAB1E637C15009EE1DB /* Mode.swift in Sources */,
				CDCF9BA61E637BF0009EE1DB /* ScreenService.swift in Sources */,
				CDCF9BB01E637C1E009EE1DB /* MBTAService.swift in Sources */,
				CDCF9BAA1E637C15009EE1DB /* Direction.swift in Sources */,
				CDCF9BAC1E637C15009EE1DB /* Route.swift in Sources */,
				7AACF0D71E75D6E100990A6E /* Time.swift in Sources */,
				CDCF9BAE1E637C15009EE1DB /* Trip.swift in Sources */,
				CDCF9B9F1E637BC6009EE1DB /* WeatherCoordinate.swift in Sources */,
				CDCF9B821E637B58009EE1DB /* DateTests.swift in Sources */,
				CDCF9B9A1E637BC6009EE1DB /* Minutely.swift in Sources */,
				CDCF9B9D1E637BC6009EE1DB /* Temperature.swift in Sources */,
				CDCF9B9C1E637BC6009EE1DB /* Precipitation.swift in Sources */,
				CDCF9BAD1E637C15009EE1DB /* Stop.swift in Sources */,
				CDCF9B831E637B5B009EE1DB /* MBTATests.swift in Sources */,
				CDCF9B991E637BC6009EE1DB /* Meteorology.swift in Sources */,
				7AACF0DB1E75FF0F00990A6E /* UIView+Extensions.swift in Sources */,
				CDCF9BA71E637C04009EE1DB /* SafeArray.swift in Sources */,
				CDCF9B8A1E637B62009EE1DB /* ScreenServiceTests.swift in Sources */,
				CDCF9BA21E637BCF009EE1DB /* WeatherService.swift in Sources */,
				7AACF0DA1E75FEFA00990A6E /* ClockView.swift in Sources */,
				CDCF9BA51E637BE8009EE1DB /* CrashReporter.swift in Sources */,
				CDCF9B9B1E637BC6009EE1DB /* NearestStorm.swift in Sources */,
				7AACF0D91E75D79C00990A6E /* ClockTimeTests.swift in Sources */,
				CDCF9B971E637BC6009EE1DB /* Hourly.swift in Sources */,
				CDCF9B8C1E637B67009EE1DB /* WeatherTests.swift in Sources */,
				CDCF9BA01E637BC6009EE1DB /* WeatherForecast.swift in Sources */,
				CDCF9B9E1E637BC6009EE1DB /* WeatherBucket.swift in Sources */,
				CDCF9B901E637BA3009EE1DB /* WeatherViewModel.swift in Sources */,
				CDCF9B8F1E637B8D009EE1DB /* LogService.swift in Sources */,
				CDCF9B8E1E637B86009EE1DB /* Date+Extensions.swift in Sources */,
				CDCF9B911E637BA8009EE1DB /* ForecastBackgroundViewModel.swift in Sources */,
				CDCF9B951E637BC6009EE1DB /* Currently.swift in Sources */,
				CDCF9B981E637BC6009EE1DB /* Icon.swift in Sources */,
				CDCF9B961E637BC6009EE1DB /* Daily.swift in Sources */,
				CDCF9BA81E637C0B009EE1DB /* MBTAViewModel.swift in Sources */,
				CDCF9BA31E637BD8009EE1DB /* APIClient.swift in Sources */,
			);
			runOnlyForDeploymentPostprocessing = 0;
		};
		CDA456F91E660EAF00636BDF /* Sources */ = {
			isa = PBXSourcesBuildPhase;
			buildActionMask = 2147483647;
			files = (
				CDA4571C1E660ED200636BDF /* JSON.swift in Sources */,
			);
			runOnlyForDeploymentPostprocessing = 0;
		};
		CDA457021E660EAF00636BDF /* Sources */ = {
			isa = PBXSourcesBuildPhase;
			buildActionMask = 2147483647;
			files = (
				CDA4570E1E660EAF00636BDF /* JSONTests.swift in Sources */,
				CD36A8CD1E66226A00B3DDA8 /* TestHelpers.swift in Sources */,
			);
			runOnlyForDeploymentPostprocessing = 0;
		};
		CDD53CAF1E624B7D00422296 /* Sources */ = {
			isa = PBXSourcesBuildPhase;
			buildActionMask = 2147483647;
			files = (
				CDD53CB61E624B7D00422296 /* Gud_TayUITests.swift in Sources */,
				CDD53CBF1E624BD900422296 /* MBTAService.swift in Sources */,
				CDD53CC21E624C0300422296 /* CrashReporter.swift in Sources */,
				CDD53CBE1E624BB900422296 /* WeatherService.swift in Sources */,
				CDD53CC01E624BF100422296 /* APIClient.swift in Sources */,
				CDD53CBD1E624BB200422296 /* ProcessInfo+Extensions.swift in Sources */,
			);
			runOnlyForDeploymentPostprocessing = 0;
		};
/* End PBXSourcesBuildPhase section */

/* Begin PBXTargetDependency section */
		CDA457091E660EAF00636BDF /* PBXTargetDependency */ = {
			isa = PBXTargetDependency;
			target = CDA456FD1E660EAF00636BDF /* JSON */;
			targetProxy = CDA457081E660EAF00636BDF /* PBXContainerItemProxy */;
		};
		CDA4570B1E660EAF00636BDF /* PBXTargetDependency */ = {
			isa = PBXTargetDependency;
			target = CD1279C21D45B37B00DC7BB8 /* Gud Tay */;
			targetProxy = CDA4570A1E660EAF00636BDF /* PBXContainerItemProxy */;
		};
		CDA457121E660EAF00636BDF /* PBXTargetDependency */ = {
			isa = PBXTargetDependency;
			target = CDA456FD1E660EAF00636BDF /* JSON */;
			targetProxy = CDA457111E660EAF00636BDF /* PBXContainerItemProxy */;
		};
		CDD53CB91E624B7D00422296 /* PBXTargetDependency */ = {
			isa = PBXTargetDependency;
			target = CD1279C21D45B37B00DC7BB8 /* Gud Tay */;
			targetProxy = CDD53CB81E624B7D00422296 /* PBXContainerItemProxy */;
		};
/* End PBXTargetDependency section */

/* Begin PBXVariantGroup section */
		CD1279CF1D45B37B00DC7BB8 /* LaunchScreen.storyboard */ = {
			isa = PBXVariantGroup;
			children = (
				CD1279D01D45B37B00DC7BB8 /* Base */,
			);
			name = LaunchScreen.storyboard;
			path = .;
			sourceTree = "<group>";
		};
/* End PBXVariantGroup section */

/* Begin XCBuildConfiguration section */
		CD1279E91D45B37B00DC7BB8 /* Debug */ = {
			isa = XCBuildConfiguration;
			buildSettings = {
				ALWAYS_SEARCH_USER_PATHS = NO;
				CLANG_ANALYZER_NONNULL = YES;
				CLANG_CXX_LANGUAGE_STANDARD = "gnu++0x";
				CLANG_CXX_LIBRARY = "libc++";
				CLANG_ENABLE_MODULES = YES;
				CLANG_ENABLE_OBJC_ARC = YES;
				CLANG_WARN_BOOL_CONVERSION = YES;
				CLANG_WARN_CONSTANT_CONVERSION = YES;
				CLANG_WARN_DIRECT_OBJC_ISA_USAGE = YES_ERROR;
				CLANG_WARN_DOCUMENTATION_COMMENTS = YES;
				CLANG_WARN_EMPTY_BODY = YES;
				CLANG_WARN_ENUM_CONVERSION = YES;
				CLANG_WARN_INFINITE_RECURSION = YES;
				CLANG_WARN_INT_CONVERSION = YES;
				CLANG_WARN_OBJC_ROOT_CLASS = YES_ERROR;
				CLANG_WARN_SUSPICIOUS_MOVE = YES;
				CLANG_WARN_UNREACHABLE_CODE = YES;
				CLANG_WARN__DUPLICATE_METHOD_MATCH = YES;
				"CODE_SIGN_IDENTITY[sdk=iphoneos*]" = "iPhone Developer";
				COPY_PHASE_STRIP = NO;
				DEBUG_INFORMATION_FORMAT = dwarf;
				DEVELOPMENT_TEAM = 2KJHM26Y46;
				ENABLE_STRICT_OBJC_MSGSEND = YES;
				ENABLE_TESTABILITY = YES;
				GCC_C_LANGUAGE_STANDARD = gnu99;
				GCC_DYNAMIC_NO_PIC = NO;
				GCC_NO_COMMON_BLOCKS = YES;
				GCC_OPTIMIZATION_LEVEL = 0;
				GCC_PREPROCESSOR_DEFINITIONS = (
					"DEBUG=1",
					"$(inherited)",
				);
				GCC_WARN_64_TO_32_BIT_CONVERSION = YES;
				GCC_WARN_ABOUT_RETURN_TYPE = YES_ERROR;
				GCC_WARN_UNDECLARED_SELECTOR = YES;
				GCC_WARN_UNINITIALIZED_AUTOS = YES_AGGRESSIVE;
				GCC_WARN_UNUSED_FUNCTION = YES;
				GCC_WARN_UNUSED_VARIABLE = YES;
				MTL_ENABLE_DEBUG_INFO = YES;
				ONLY_ACTIVE_ARCH = YES;
				SDKROOT = iphoneos;
				SWIFT_ACTIVE_COMPILATION_CONDITIONS = DEBUG;
				SWIFT_OPTIMIZATION_LEVEL = "-Onone";
				TARGETED_DEVICE_FAMILY = 2;
			};
			name = Debug;
		};
		CD1279EA1D45B37B00DC7BB8 /* Release */ = {
			isa = XCBuildConfiguration;
			buildSettings = {
				ALWAYS_SEARCH_USER_PATHS = NO;
				CLANG_ANALYZER_NONNULL = YES;
				CLANG_CXX_LANGUAGE_STANDARD = "gnu++0x";
				CLANG_CXX_LIBRARY = "libc++";
				CLANG_ENABLE_MODULES = YES;
				CLANG_ENABLE_OBJC_ARC = YES;
				CLANG_WARN_BOOL_CONVERSION = YES;
				CLANG_WARN_CONSTANT_CONVERSION = YES;
				CLANG_WARN_DIRECT_OBJC_ISA_USAGE = YES_ERROR;
				CLANG_WARN_DOCUMENTATION_COMMENTS = YES;
				CLANG_WARN_EMPTY_BODY = YES;
				CLANG_WARN_ENUM_CONVERSION = YES;
				CLANG_WARN_INFINITE_RECURSION = YES;
				CLANG_WARN_INT_CONVERSION = YES;
				CLANG_WARN_OBJC_ROOT_CLASS = YES_ERROR;
				CLANG_WARN_SUSPICIOUS_MOVE = YES;
				CLANG_WARN_UNREACHABLE_CODE = YES;
				CLANG_WARN__DUPLICATE_METHOD_MATCH = YES;
				"CODE_SIGN_IDENTITY[sdk=iphoneos*]" = "iPhone Developer";
				COPY_PHASE_STRIP = NO;
				DEBUG_INFORMATION_FORMAT = "dwarf-with-dsym";
				DEVELOPMENT_TEAM = 2KJHM26Y46;
				ENABLE_NS_ASSERTIONS = NO;
				ENABLE_STRICT_OBJC_MSGSEND = YES;
				GCC_C_LANGUAGE_STANDARD = gnu99;
				GCC_NO_COMMON_BLOCKS = YES;
				GCC_WARN_64_TO_32_BIT_CONVERSION = YES;
				GCC_WARN_ABOUT_RETURN_TYPE = YES_ERROR;
				GCC_WARN_UNDECLARED_SELECTOR = YES;
				GCC_WARN_UNINITIALIZED_AUTOS = YES_AGGRESSIVE;
				GCC_WARN_UNUSED_FUNCTION = YES;
				GCC_WARN_UNUSED_VARIABLE = YES;
				MTL_ENABLE_DEBUG_INFO = NO;
				SDKROOT = iphoneos;
				SWIFT_OPTIMIZATION_LEVEL = "-Owholemodule";
				TARGETED_DEVICE_FAMILY = 2;
				VALIDATE_PRODUCT = YES;
			};
			name = Release;
		};
		CD1279EC1D45B37B00DC7BB8 /* Debug */ = {
			isa = XCBuildConfiguration;
			baseConfigurationReference = BD519AB98CE48C9434FA9B47 /* Pods-Gud Tay.debug.xcconfig */;
			buildSettings = {
				ASSETCATALOG_COMPILER_APPICON_NAME = AppIcon;
				CLANG_ENABLE_MODULES = YES;
				INFOPLIST_FILE = "Gud Tay/Info.plist";
				LD_RUNPATH_SEARCH_PATHS = "$(inherited) @executable_path/Frameworks";
				PRODUCT_BUNDLE_IDENTIFIER = com.zeveisenberg.gudtay;
				PRODUCT_NAME = "$(TARGET_NAME)";
				SWIFT_OBJC_BRIDGING_HEADER = "Gud Tay/Gud Tay-Bridging-Header.h";
				SWIFT_OPTIMIZATION_LEVEL = "-Onone";
				SWIFT_VERSION = 3.0;
				TARGETED_DEVICE_FAMILY = 2;
			};
			name = Debug;
		};
		CD1279ED1D45B37B00DC7BB8 /* Release */ = {
			isa = XCBuildConfiguration;
			baseConfigurationReference = FC0A7D79092335E5C4078089 /* Pods-Gud Tay.release.xcconfig */;
			buildSettings = {
				ASSETCATALOG_COMPILER_APPICON_NAME = AppIcon;
				CLANG_ENABLE_MODULES = YES;
				INFOPLIST_FILE = "Gud Tay/Info.plist";
				LD_RUNPATH_SEARCH_PATHS = "$(inherited) @executable_path/Frameworks";
				PRODUCT_BUNDLE_IDENTIFIER = com.zeveisenberg.gudtay;
				PRODUCT_NAME = "$(TARGET_NAME)";
				SWIFT_OBJC_BRIDGING_HEADER = "Gud Tay/Gud Tay-Bridging-Header.h";
				SWIFT_VERSION = 3.0;
				TARGETED_DEVICE_FAMILY = 2;
			};
			name = Release;
		};
		CD848F981E63799F00E49A85 /* Debug */ = {
			isa = XCBuildConfiguration;
			baseConfigurationReference = 43503C8DE54F3EA4F36E22A3 /* Pods-Gud TayTests.debug.xcconfig */;
			buildSettings = {
				CLANG_ANALYZER_NUMBER_OBJECT_CONVERSION = YES_AGGRESSIVE;
				DEVELOPMENT_TEAM = 2KJHM26Y46;
				INFOPLIST_FILE = "Gud TayTests/Info.plist";
				IPHONEOS_DEPLOYMENT_TARGET = 10.3;
				LD_RUNPATH_SEARCH_PATHS = "$(inherited) @executable_path/Frameworks @loader_path/Frameworks";
				OTHER_SWIFT_FLAGS = "$(inherited) -DTESTING";
				PRODUCT_BUNDLE_IDENTIFIER = "com.zeveisenberg.Gud-TayTests-NEW";
				PRODUCT_NAME = "$(TARGET_NAME)";
				SWIFT_VERSION = 3.0;
			};
			name = Debug;
		};
		CD848F991E63799F00E49A85 /* Release */ = {
			isa = XCBuildConfiguration;
			baseConfigurationReference = E93EF258A0F38875794AB7E8 /* Pods-Gud TayTests.release.xcconfig */;
			buildSettings = {
				CLANG_ANALYZER_NUMBER_OBJECT_CONVERSION = YES_AGGRESSIVE;
				DEVELOPMENT_TEAM = 2KJHM26Y46;
				INFOPLIST_FILE = "Gud TayTests/Info.plist";
				IPHONEOS_DEPLOYMENT_TARGET = 10.3;
				LD_RUNPATH_SEARCH_PATHS = "$(inherited) @executable_path/Frameworks @loader_path/Frameworks";
				OTHER_SWIFT_FLAGS = "$(inherited) -DTESTING";
				PRODUCT_BUNDLE_IDENTIFIER = "com.zeveisenberg.Gud-TayTests-NEW";
				PRODUCT_NAME = "$(TARGET_NAME)";
				SWIFT_VERSION = 3.0;
			};
			name = Release;
		};
		CDA457151E660EAF00636BDF /* Debug */ = {
			isa = XCBuildConfiguration;
			buildSettings = {
				CLANG_ANALYZER_NUMBER_OBJECT_CONVERSION = YES_AGGRESSIVE;
				CLANG_ENABLE_MODULES = YES;
				CODE_SIGN_IDENTITY = "";
				CURRENT_PROJECT_VERSION = 1;
				DEFINES_MODULE = YES;
				DYLIB_COMPATIBILITY_VERSION = 1;
				DYLIB_CURRENT_VERSION = 1;
				DYLIB_INSTALL_NAME_BASE = "@rpath";
				INFOPLIST_FILE = JSON/Info.plist;
				INSTALL_PATH = "$(LOCAL_LIBRARY_DIR)/Frameworks";
				IPHONEOS_DEPLOYMENT_TARGET = 10.3;
				LD_RUNPATH_SEARCH_PATHS = "$(inherited) @executable_path/Frameworks @loader_path/Frameworks";
				PRODUCT_BUNDLE_IDENTIFIER = com.zeveisenberg.JSON;
				PRODUCT_NAME = "$(TARGET_NAME)";
				SKIP_INSTALL = YES;
				SWIFT_OPTIMIZATION_LEVEL = "-Onone";
				SWIFT_VERSION = 3.0;
				TARGETED_DEVICE_FAMILY = "1,2";
				VERSIONING_SYSTEM = "apple-generic";
				VERSION_INFO_PREFIX = "";
			};
			name = Debug;
		};
		CDA457161E660EAF00636BDF /* Release */ = {
			isa = XCBuildConfiguration;
			buildSettings = {
				CLANG_ANALYZER_NUMBER_OBJECT_CONVERSION = YES_AGGRESSIVE;
				CLANG_ENABLE_MODULES = YES;
				CODE_SIGN_IDENTITY = "";
				CURRENT_PROJECT_VERSION = 1;
				DEFINES_MODULE = YES;
				DYLIB_COMPATIBILITY_VERSION = 1;
				DYLIB_CURRENT_VERSION = 1;
				DYLIB_INSTALL_NAME_BASE = "@rpath";
				INFOPLIST_FILE = JSON/Info.plist;
				INSTALL_PATH = "$(LOCAL_LIBRARY_DIR)/Frameworks";
				IPHONEOS_DEPLOYMENT_TARGET = 10.3;
				LD_RUNPATH_SEARCH_PATHS = "$(inherited) @executable_path/Frameworks @loader_path/Frameworks";
				PRODUCT_BUNDLE_IDENTIFIER = com.zeveisenberg.JSON;
				PRODUCT_NAME = "$(TARGET_NAME)";
				SKIP_INSTALL = YES;
				SWIFT_VERSION = 3.0;
				TARGETED_DEVICE_FAMILY = "1,2";
				VERSIONING_SYSTEM = "apple-generic";
				VERSION_INFO_PREFIX = "";
			};
			name = Release;
		};
		CDA457171E660EAF00636BDF /* Debug */ = {
			isa = XCBuildConfiguration;
			buildSettings = {
				CLANG_ANALYZER_NUMBER_OBJECT_CONVERSION = YES_AGGRESSIVE;
				DEVELOPMENT_TEAM = 2KJHM26Y46;
				INFOPLIST_FILE = JSONTests/Info.plist;
				IPHONEOS_DEPLOYMENT_TARGET = 10.3;
				LD_RUNPATH_SEARCH_PATHS = "$(inherited) @executable_path/Frameworks @loader_path/Frameworks";
				PRODUCT_BUNDLE_IDENTIFIER = com.zeveisenberg.JSONTests;
				PRODUCT_NAME = "$(TARGET_NAME)";
				SWIFT_VERSION = 3.0;
			};
			name = Debug;
		};
		CDA457181E660EAF00636BDF /* Release */ = {
			isa = XCBuildConfiguration;
			buildSettings = {
				CLANG_ANALYZER_NUMBER_OBJECT_CONVERSION = YES_AGGRESSIVE;
				DEVELOPMENT_TEAM = 2KJHM26Y46;
				INFOPLIST_FILE = JSONTests/Info.plist;
				IPHONEOS_DEPLOYMENT_TARGET = 10.3;
				LD_RUNPATH_SEARCH_PATHS = "$(inherited) @executable_path/Frameworks @loader_path/Frameworks";
				PRODUCT_BUNDLE_IDENTIFIER = com.zeveisenberg.JSONTests;
				PRODUCT_NAME = "$(TARGET_NAME)";
				SWIFT_VERSION = 3.0;
			};
			name = Release;
		};
		CDD53CBA1E624B7D00422296 /* Debug */ = {
			isa = XCBuildConfiguration;
			baseConfigurationReference = 3699ED083B111605113BD927 /* Pods-Gud TayUITests.debug.xcconfig */;
			buildSettings = {
				CLANG_ANALYZER_NUMBER_OBJECT_CONVERSION = YES_AGGRESSIVE;
				DEVELOPMENT_TEAM = 2KJHM26Y46;
				INFOPLIST_FILE = "Gud TayUITests/Info.plist";
				IPHONEOS_DEPLOYMENT_TARGET = 10.3;
				LD_RUNPATH_SEARCH_PATHS = "$(inherited) @executable_path/Frameworks @loader_path/Frameworks";
				OTHER_SWIFT_FLAGS = "$(inherited) -DTESTING";
				PRODUCT_BUNDLE_IDENTIFIER = "com.zeveisenberg.Gud-TayUITests";
				PRODUCT_NAME = "$(TARGET_NAME)";
				SWIFT_VERSION = 3.0;
				TEST_TARGET_NAME = "Gud Tay";
			};
			name = Debug;
		};
		CDD53CBB1E624B7D00422296 /* Release */ = {
			isa = XCBuildConfiguration;
			baseConfigurationReference = 1C313718F7075C011A2F739D /* Pods-Gud TayUITests.release.xcconfig */;
			buildSettings = {
				CLANG_ANALYZER_NUMBER_OBJECT_CONVERSION = YES_AGGRESSIVE;
				DEVELOPMENT_TEAM = 2KJHM26Y46;
				INFOPLIST_FILE = "Gud TayUITests/Info.plist";
				IPHONEOS_DEPLOYMENT_TARGET = 10.3;
				LD_RUNPATH_SEARCH_PATHS = "$(inherited) @executable_path/Frameworks @loader_path/Frameworks";
				OTHER_SWIFT_FLAGS = "$(inherited) -DTESTING";
				PRODUCT_BUNDLE_IDENTIFIER = "com.zeveisenberg.Gud-TayUITests";
				PRODUCT_NAME = "$(TARGET_NAME)";
				SWIFT_VERSION = 3.0;
				TEST_TARGET_NAME = "Gud Tay";
			};
			name = Release;
		};
/* End XCBuildConfiguration section */

/* Begin XCConfigurationList section */
		CD1279BE1D45B37B00DC7BB8 /* Build configuration list for PBXProject "Gud Tay" */ = {
			isa = XCConfigurationList;
			buildConfigurations = (
				CD1279E91D45B37B00DC7BB8 /* Debug */,
				CD1279EA1D45B37B00DC7BB8 /* Release */,
			);
			defaultConfigurationIsVisible = 0;
			defaultConfigurationName = Release;
		};
		CD1279EB1D45B37B00DC7BB8 /* Build configuration list for PBXNativeTarget "Gud Tay" */ = {
			isa = XCConfigurationList;
			buildConfigurations = (
				CD1279EC1D45B37B00DC7BB8 /* Debug */,
				CD1279ED1D45B37B00DC7BB8 /* Release */,
			);
			defaultConfigurationIsVisible = 0;
			defaultConfigurationName = Release;
		};
		CD848F9A1E63799F00E49A85 /* Build configuration list for PBXNativeTarget "Gud TayTests" */ = {
			isa = XCConfigurationList;
			buildConfigurations = (
				CD848F981E63799F00E49A85 /* Debug */,
				CD848F991E63799F00E49A85 /* Release */,
			);
			defaultConfigurationIsVisible = 0;
			defaultConfigurationName = Release;
		};
		CDA457191E660EAF00636BDF /* Build configuration list for PBXNativeTarget "JSON" */ = {
			isa = XCConfigurationList;
			buildConfigurations = (
				CDA457151E660EAF00636BDF /* Debug */,
				CDA457161E660EAF00636BDF /* Release */,
			);
			defaultConfigurationIsVisible = 0;
			defaultConfigurationName = Release;
		};
		CDA4571A1E660EAF00636BDF /* Build configuration list for PBXNativeTarget "JSONTests" */ = {
			isa = XCConfigurationList;
			buildConfigurations = (
				CDA457171E660EAF00636BDF /* Debug */,
				CDA457181E660EAF00636BDF /* Release */,
			);
			defaultConfigurationIsVisible = 0;
			defaultConfigurationName = Release;
		};
		CDD53CBC1E624B7D00422296 /* Build configuration list for PBXNativeTarget "Gud TayUITests" */ = {
			isa = XCConfigurationList;
			buildConfigurations = (
				CDD53CBA1E624B7D00422296 /* Debug */,
				CDD53CBB1E624B7D00422296 /* Release */,
			);
			defaultConfigurationIsVisible = 0;
			defaultConfigurationName = Release;
		};
/* End XCConfigurationList section */
	};
	rootObject = CD1279BB1D45B37B00DC7BB8 /* Project object */;
}
