// !$*UTF8*$!
{
	archiveVersion = 1;
	classes = {
	};
	objectVersion = 46;
	objects = {

/* Begin PBXBuildFile section */
		3EC87ADB7E7F0DD5E7261F04 /* Pods_Gud_Tay.framework in Frameworks */ = {isa = PBXBuildFile; fileRef = 0C04EA3A9A26D3F4C10D4133 /* Pods_Gud_Tay.framework */; };
		7A5BA3781D579869006AD6FC /* Sample Weather API Response.json in Resources */ = {isa = PBXBuildFile; fileRef = 7A5BA3771D579869006AD6FC /* Sample Weather API Response.json */; };
		7A5BA3791D57986D006AD6FC /* Sample Weather API Response.json in Resources */ = {isa = PBXBuildFile; fileRef = 7A5BA3771D579869006AD6FC /* Sample Weather API Response.json */; };
		7A5BA37B1D57988B006AD6FC /* WeatherTests.swift in Sources */ = {isa = PBXBuildFile; fileRef = 7A5BA37A1D57988B006AD6FC /* WeatherTests.swift */; };
		7AAE0AAD1D578E6100A209BF /* WeatherService.swift in Sources */ = {isa = PBXBuildFile; fileRef = 7AAE0AAC1D578E6100A209BF /* WeatherService.swift */; };
		7AC59EE81D579CCE003863AE /* WeatherViewModel.swift in Sources */ = {isa = PBXBuildFile; fileRef = 7AC59EE71D579CCE003863AE /* WeatherViewModel.swift */; };
		7AC59EE91D579CCE003863AE /* WeatherViewModel.swift in Sources */ = {isa = PBXBuildFile; fileRef = 7AC59EE71D579CCE003863AE /* WeatherViewModel.swift */; };
		7AC59EEB1D57A1C1003863AE /* ViewModel.swift in Sources */ = {isa = PBXBuildFile; fileRef = 7AC59EEA1D57A1C1003863AE /* ViewModel.swift */; };
		7AC59EEC1D57A1C1003863AE /* ViewModel.swift in Sources */ = {isa = PBXBuildFile; fileRef = 7AC59EEA1D57A1C1003863AE /* ViewModel.swift */; };
		7AE9DA5C1D57A40B0087B401 /* WeatherService.swift in Sources */ = {isa = PBXBuildFile; fileRef = 7AAE0AAC1D578E6100A209BF /* WeatherService.swift */; };
		7AE9DA651D57A4A50087B401 /* Coordinate.swift in Sources */ = {isa = PBXBuildFile; fileRef = 7AE9DA5E1D57A4A50087B401 /* Coordinate.swift */; };
		7AE9DA661D57A4A50087B401 /* Coordinate.swift in Sources */ = {isa = PBXBuildFile; fileRef = 7AE9DA5E1D57A4A50087B401 /* Coordinate.swift */; };
		7AE9DA671D57A4A50087B401 /* Direction.swift in Sources */ = {isa = PBXBuildFile; fileRef = 7AE9DA5F1D57A4A50087B401 /* Direction.swift */; };
		7AE9DA681D57A4A50087B401 /* Direction.swift in Sources */ = {isa = PBXBuildFile; fileRef = 7AE9DA5F1D57A4A50087B401 /* Direction.swift */; };
		7AE9DA691D57A4A50087B401 /* Mode.swift in Sources */ = {isa = PBXBuildFile; fileRef = 7AE9DA601D57A4A50087B401 /* Mode.swift */; };
		7AE9DA6A1D57A4A50087B401 /* Mode.swift in Sources */ = {isa = PBXBuildFile; fileRef = 7AE9DA601D57A4A50087B401 /* Mode.swift */; };
		7AE9DA6B1D57A4A50087B401 /* Route.swift in Sources */ = {isa = PBXBuildFile; fileRef = 7AE9DA611D57A4A50087B401 /* Route.swift */; };
		7AE9DA6C1D57A4A50087B401 /* Route.swift in Sources */ = {isa = PBXBuildFile; fileRef = 7AE9DA611D57A4A50087B401 /* Route.swift */; };
		7AE9DA6D1D57A4A50087B401 /* Stop.swift in Sources */ = {isa = PBXBuildFile; fileRef = 7AE9DA621D57A4A50087B401 /* Stop.swift */; };
		7AE9DA6E1D57A4A50087B401 /* Stop.swift in Sources */ = {isa = PBXBuildFile; fileRef = 7AE9DA621D57A4A50087B401 /* Stop.swift */; };
		7AE9DA6F1D57A4A50087B401 /* Trip.swift in Sources */ = {isa = PBXBuildFile; fileRef = 7AE9DA631D57A4A50087B401 /* Trip.swift */; };
		7AE9DA701D57A4A50087B401 /* Trip.swift in Sources */ = {isa = PBXBuildFile; fileRef = 7AE9DA631D57A4A50087B401 /* Trip.swift */; };
		7AE9DA711D57A4A50087B401 /* Vehicle.swift in Sources */ = {isa = PBXBuildFile; fileRef = 7AE9DA641D57A4A50087B401 /* Vehicle.swift */; };
		7AE9DA721D57A4A50087B401 /* Vehicle.swift in Sources */ = {isa = PBXBuildFile; fileRef = 7AE9DA641D57A4A50087B401 /* Vehicle.swift */; };
		7AE9DA751D57A54F0087B401 /* WeatherForecast.swift in Sources */ = {isa = PBXBuildFile; fileRef = 7AE9DA741D57A54F0087B401 /* WeatherForecast.swift */; };
		7AE9DA761D57A54F0087B401 /* WeatherForecast.swift in Sources */ = {isa = PBXBuildFile; fileRef = 7AE9DA741D57A54F0087B401 /* WeatherForecast.swift */; };
		B4164F6990CDADEE81496E52 /* Pods_Gud_TayUITests.framework in Frameworks */ = {isa = PBXBuildFile; fileRef = 370FEC8906996918721175C9 /* Pods_Gud_TayUITests.framework */; };
		CD1279C71D45B37B00DC7BB8 /* AppDelegate.swift in Sources */ = {isa = PBXBuildFile; fileRef = CD1279C61D45B37B00DC7BB8 /* AppDelegate.swift */; };
		CD1279CE1D45B37B00DC7BB8 /* Assets.xcassets in Resources */ = {isa = PBXBuildFile; fileRef = CD1279CD1D45B37B00DC7BB8 /* Assets.xcassets */; };
		CD1279D11D45B37B00DC7BB8 /* LaunchScreen.storyboard in Resources */ = {isa = PBXBuildFile; fileRef = CD1279CF1D45B37B00DC7BB8 /* LaunchScreen.storyboard */; };
		CD1279E71D45B37B00DC7BB8 /* Gud_TayUITests.swift in Sources */ = {isa = PBXBuildFile; fileRef = CD1279E61D45B37B00DC7BB8 /* Gud_TayUITests.swift */; };
		CD2575B91D664FB50017DEE6 /* WeatherViewController.swift in Sources */ = {isa = PBXBuildFile; fileRef = CD2575B81D664FB50017DEE6 /* WeatherViewController.swift */; };
		CD2575BB1D66607F0017DEE6 /* RefreshableViewController.swift in Sources */ = {isa = PBXBuildFile; fileRef = CD2575BA1D66607F0017DEE6 /* RefreshableViewController.swift */; };
		CD2575BE1D6668050017DEE6 /* TemperatureCell.swift in Sources */ = {isa = PBXBuildFile; fileRef = CD2575BD1D6668050017DEE6 /* TemperatureCell.swift */; };
		CD2575C01D6668140017DEE6 /* WeatherCell.swift in Sources */ = {isa = PBXBuildFile; fileRef = CD2575BF1D6668140017DEE6 /* WeatherCell.swift */; };
		CD2575C21D6669020017DEE6 /* UICollectionReusableView+Extensions.swift in Sources */ = {isa = PBXBuildFile; fileRef = CD2575C11D6669020017DEE6 /* UICollectionReusableView+Extensions.swift */; };
		CD2575C41D666C7E0017DEE6 /* Utility.swift in Sources */ = {isa = PBXBuildFile; fileRef = CD2575C31D666C7E0017DEE6 /* Utility.swift */; };
		CD2575C51D666C820017DEE6 /* Utility.swift in Sources */ = {isa = PBXBuildFile; fileRef = CD2575C31D666C7E0017DEE6 /* Utility.swift */; };
		CD555FCF1D50396700D9413F /* MBTAViewModel.swift in Sources */ = {isa = PBXBuildFile; fileRef = CDECBAC21D46DF7A007A82D5 /* MBTAViewModel.swift */; };
		CD60D15C1D4FE87C000B74CF /* MBTAService.swift in Sources */ = {isa = PBXBuildFile; fileRef = CD8357511D4C4DA5009E76A7 /* MBTAService.swift */; };
		CD60D15D1D4FE884000B74CF /* APIClient.swift in Sources */ = {isa = PBXBuildFile; fileRef = CDECBAB31D46D97F007A82D5 /* APIClient.swift */; };
		CD60D15E1D4FE891000B74CF /* JSONRepresentable.swift in Sources */ = {isa = PBXBuildFile; fileRef = CDECBAB41D46D97F007A82D5 /* JSONRepresentable.swift */; };
		CD6A633C1D514ACB009571DE /* CrashReporter.swift in Sources */ = {isa = PBXBuildFile; fileRef = CD6A633B1D514ACB009571DE /* CrashReporter.swift */; };
		CD6A633E1D514CA2009571DE /* CrashReporter.swift in Sources */ = {isa = PBXBuildFile; fileRef = CD6A633B1D514ACB009571DE /* CrashReporter.swift */; };
		CD6A63401D515C3E009571DE /* MBTATests.swift in Sources */ = {isa = PBXBuildFile; fileRef = CD12DE3B1D4FE82E00956B74 /* MBTATests.swift */; };
		CD6A63451D51758C009571DE /* SafeArray.swift in Sources */ = {isa = PBXBuildFile; fileRef = CD6A63441D51758C009571DE /* SafeArray.swift */; };
		CD6A63461D51758C009571DE /* SafeArray.swift in Sources */ = {isa = PBXBuildFile; fileRef = CD6A63441D51758C009571DE /* SafeArray.swift */; };
		CD6A63491D517899009571DE /* UtilityTests.swift in Sources */ = {isa = PBXBuildFile; fileRef = CD6A63471D517898009571DE /* UtilityTests.swift */; };
		CD7DAE711D55B5F400ED6AD3 /* Sample MBTA API Response.json in Resources */ = {isa = PBXBuildFile; fileRef = CD12DE3A1D4FE82E00956B74 /* Sample MBTA API Response.json */; };
		CD7DAE721D55B62C00ED6AD3 /* Sample MBTA API Response.json in Resources */ = {isa = PBXBuildFile; fileRef = CD12DE3A1D4FE82E00956B74 /* Sample MBTA API Response.json */; };
		CD7DAE741D56F1E600ED6AD3 /* HairlineView.swift in Sources */ = {isa = PBXBuildFile; fileRef = CD7DAE731D56F1E600ED6AD3 /* HairlineView.swift */; };
		CD8357521D4C4DA5009E76A7 /* MBTAService.swift in Sources */ = {isa = PBXBuildFile; fileRef = CD8357511D4C4DA5009E76A7 /* MBTAService.swift */; };
		CDADC9931D655315005B60AD /* LogService.swift in Sources */ = {isa = PBXBuildFile; fileRef = CDADC9921D655315005B60AD /* LogService.swift */; };
		CDADC9951D65566C005B60AD /* LogViewController.swift in Sources */ = {isa = PBXBuildFile; fileRef = CDADC9941D65566C005B60AD /* LogViewController.swift */; };
		CDBF96881D56F39F008AC493 /* Colors.swift in Sources */ = {isa = PBXBuildFile; fileRef = CDBF96871D56F39F008AC493 /* Colors.swift */; };
		CDBF968A1D56F8CA008AC493 /* Fonts.swift in Sources */ = {isa = PBXBuildFile; fileRef = CDBF96891D56F8CA008AC493 /* Fonts.swift */; };
		CDCFC3A91D48610B001807B0 /* GridView.swift in Sources */ = {isa = PBXBuildFile; fileRef = CDCFC3A81D48610B001807B0 /* GridView.swift */; };
		CDCFC3AD1D4863F8001807B0 /* Images.swift in Sources */ = {isa = PBXBuildFile; fileRef = CDCFC3AC1D4863F8001807B0 /* Images.swift */; };
		CDCFC3AF1D486422001807B0 /* GudTayView.swift in Sources */ = {isa = PBXBuildFile; fileRef = CDCFC3AE1D486422001807B0 /* GudTayView.swift */; };
		CDECBAB61D46D97F007A82D5 /* APIClient.swift in Sources */ = {isa = PBXBuildFile; fileRef = CDECBAB31D46D97F007A82D5 /* APIClient.swift */; };
		CDECBAB81D46D97F007A82D5 /* JSONRepresentable.swift in Sources */ = {isa = PBXBuildFile; fileRef = CDECBAB41D46D97F007A82D5 /* JSONRepresentable.swift */; };
		CDECBAC31D46DF7A007A82D5 /* MBTAViewModel.swift in Sources */ = {isa = PBXBuildFile; fileRef = CDECBAC21D46DF7A007A82D5 /* MBTAViewModel.swift */; };
		CDED23351D60AE5F0023CC4B /* WeatherCoordinate.swift in Sources */ = {isa = PBXBuildFile; fileRef = CDED23341D60AE5F0023CC4B /* WeatherCoordinate.swift */; };
		CDED23361D60AE5F0023CC4B /* WeatherCoordinate.swift in Sources */ = {isa = PBXBuildFile; fileRef = CDED23341D60AE5F0023CC4B /* WeatherCoordinate.swift */; };
		CDED233B1D60AF4B0023CC4B /* WeatherProtocols.swift in Sources */ = {isa = PBXBuildFile; fileRef = CDED233A1D60AF4B0023CC4B /* WeatherProtocols.swift */; };
		CDED233C1D60AF4B0023CC4B /* WeatherProtocols.swift in Sources */ = {isa = PBXBuildFile; fileRef = CDED233A1D60AF4B0023CC4B /* WeatherProtocols.swift */; };
		CDED233E1D60AF730023CC4B /* Meteorology.swift in Sources */ = {isa = PBXBuildFile; fileRef = CDED233D1D60AF730023CC4B /* Meteorology.swift */; };
		CDED233F1D60AF730023CC4B /* Meteorology.swift in Sources */ = {isa = PBXBuildFile; fileRef = CDED233D1D60AF730023CC4B /* Meteorology.swift */; };
		CDED23411D60AFAC0023CC4B /* Temperature.swift in Sources */ = {isa = PBXBuildFile; fileRef = CDED23401D60AFAC0023CC4B /* Temperature.swift */; };
		CDED23421D60AFAC0023CC4B /* Temperature.swift in Sources */ = {isa = PBXBuildFile; fileRef = CDED23401D60AFAC0023CC4B /* Temperature.swift */; };
		CDED23441D60AFBD0023CC4B /* NearestStorm.swift in Sources */ = {isa = PBXBuildFile; fileRef = CDED23431D60AFBD0023CC4B /* NearestStorm.swift */; };
		CDED23451D60AFBD0023CC4B /* NearestStorm.swift in Sources */ = {isa = PBXBuildFile; fileRef = CDED23431D60AFBD0023CC4B /* NearestStorm.swift */; };
		CDED23471D60AFCF0023CC4B /* Almanac.swift in Sources */ = {isa = PBXBuildFile; fileRef = CDED23461D60AFCF0023CC4B /* Almanac.swift */; };
		CDED23481D60AFCF0023CC4B /* Almanac.swift in Sources */ = {isa = PBXBuildFile; fileRef = CDED23461D60AFCF0023CC4B /* Almanac.swift */; };
		CDED234A1D60B00E0023CC4B /* Currently.swift in Sources */ = {isa = PBXBuildFile; fileRef = CDED23491D60B00E0023CC4B /* Currently.swift */; };
		CDED234B1D60B00E0023CC4B /* Currently.swift in Sources */ = {isa = PBXBuildFile; fileRef = CDED23491D60B00E0023CC4B /* Currently.swift */; };
		CDED234D1D60B0210023CC4B /* Minutely.swift in Sources */ = {isa = PBXBuildFile; fileRef = CDED234C1D60B0210023CC4B /* Minutely.swift */; };
		CDED234E1D60B0210023CC4B /* Minutely.swift in Sources */ = {isa = PBXBuildFile; fileRef = CDED234C1D60B0210023CC4B /* Minutely.swift */; };
		CDED23501D60B02D0023CC4B /* Hourly.swift in Sources */ = {isa = PBXBuildFile; fileRef = CDED234F1D60B02D0023CC4B /* Hourly.swift */; };
		CDED23511D60B02D0023CC4B /* Hourly.swift in Sources */ = {isa = PBXBuildFile; fileRef = CDED234F1D60B02D0023CC4B /* Hourly.swift */; };
		CDED23531D60B0440023CC4B /* Daily.swift in Sources */ = {isa = PBXBuildFile; fileRef = CDED23521D60B0440023CC4B /* Daily.swift */; };
		CDED23541D60B0440023CC4B /* Daily.swift in Sources */ = {isa = PBXBuildFile; fileRef = CDED23521D60B0440023CC4B /* Daily.swift */; };
		CDED23561D60B0C00023CC4B /* Precipitation.swift in Sources */ = {isa = PBXBuildFile; fileRef = CDED23551D60B0C00023CC4B /* Precipitation.swift */; };
		CDED23571D60B0C00023CC4B /* Precipitation.swift in Sources */ = {isa = PBXBuildFile; fileRef = CDED23551D60B0C00023CC4B /* Precipitation.swift */; };
		CDED23591D60B0DA0023CC4B /* Icon.swift in Sources */ = {isa = PBXBuildFile; fileRef = CDED23581D60B0DA0023CC4B /* Icon.swift */; };
		CDED235A1D60B0DA0023CC4B /* Icon.swift in Sources */ = {isa = PBXBuildFile; fileRef = CDED23581D60B0DA0023CC4B /* Icon.swift */; };
		CDED235C1D60B1000023CC4B /* WeatherBucket.swift in Sources */ = {isa = PBXBuildFile; fileRef = CDED235B1D60B1000023CC4B /* WeatherBucket.swift */; };
		CDED235D1D60B1000023CC4B /* WeatherBucket.swift in Sources */ = {isa = PBXBuildFile; fileRef = CDED235B1D60B1000023CC4B /* WeatherBucket.swift */; };
		CDED235F1D60B3980023CC4B /* CloseEnough.swift in Sources */ = {isa = PBXBuildFile; fileRef = CDED235E1D60B3980023CC4B /* CloseEnough.swift */; };
		CDED23601D60B3980023CC4B /* CloseEnough.swift in Sources */ = {isa = PBXBuildFile; fileRef = CDED235E1D60B3980023CC4B /* CloseEnough.swift */; };
		CDF60DEE1D482D37003E2AFB /* MBTARouteView.swift in Sources */ = {isa = PBXBuildFile; fileRef = CDF60DED1D482D37003E2AFB /* MBTARouteView.swift */; };
		CDF60DF01D482D6A003E2AFB /* BusHeaderView.swift in Sources */ = {isa = PBXBuildFile; fileRef = CDF60DEF1D482D6A003E2AFB /* BusHeaderView.swift */; };
		CDF60DF21D482D75003E2AFB /* SubwayHeaderView.swift in Sources */ = {isa = PBXBuildFile; fileRef = CDF60DF11D482D75003E2AFB /* SubwayHeaderView.swift */; };
		CDF60DF41D482D85003E2AFB /* MBTAHeaderView.swift in Sources */ = {isa = PBXBuildFile; fileRef = CDF60DF31D482D85003E2AFB /* MBTAHeaderView.swift */; };
		CDF60DF71D482F9A003E2AFB /* UIView+Extensions.swift in Sources */ = {isa = PBXBuildFile; fileRef = CDF60DF61D482F9A003E2AFB /* UIView+Extensions.swift */; };
		CDF60DF91D48302B003E2AFB /* RootViewController.swift in Sources */ = {isa = PBXBuildFile; fileRef = CD1279C81D45B37B00DC7BB8 /* RootViewController.swift */; };
		CDF60DFF1D483190003E2AFB /* MBTAViewController.swift in Sources */ = {isa = PBXBuildFile; fileRef = CDECBABE1D46DF58007A82D5 /* MBTAViewController.swift */; };
		D66C501077EE59C9A92E58ED /* Pods_Gud_TayTests.framework in Frameworks */ = {isa = PBXBuildFile; fileRef = DC222D206FF1E0B1633B3D3A /* Pods_Gud_TayTests.framework */; };
/* End PBXBuildFile section */

/* Begin PBXContainerItemProxy section */
		CD1279D81D45B37B00DC7BB8 /* PBXContainerItemProxy */ = {
			isa = PBXContainerItemProxy;
			containerPortal = CD1279BB1D45B37B00DC7BB8 /* Project object */;
			proxyType = 1;
			remoteGlobalIDString = CD1279C21D45B37B00DC7BB8;
			remoteInfo = "Gud Tay";
		};
		CD1279E31D45B37B00DC7BB8 /* PBXContainerItemProxy */ = {
			isa = PBXContainerItemProxy;
			containerPortal = CD1279BB1D45B37B00DC7BB8 /* Project object */;
			proxyType = 1;
			remoteGlobalIDString = CD1279C21D45B37B00DC7BB8;
			remoteInfo = "Gud Tay";
		};
/* End PBXContainerItemProxy section */

/* Begin PBXFileReference section */
		0C04EA3A9A26D3F4C10D4133 /* Pods_Gud_Tay.framework */ = {isa = PBXFileReference; explicitFileType = wrapper.framework; includeInIndex = 0; path = Pods_Gud_Tay.framework; sourceTree = BUILT_PRODUCTS_DIR; };
		1C313718F7075C011A2F739D /* Pods-Gud TayUITests.release.xcconfig */ = {isa = PBXFileReference; includeInIndex = 1; lastKnownFileType = text.xcconfig; name = "Pods-Gud TayUITests.release.xcconfig"; path = "Pods/Target Support Files/Pods-Gud TayUITests/Pods-Gud TayUITests.release.xcconfig"; sourceTree = "<group>"; };
		3699ED083B111605113BD927 /* Pods-Gud TayUITests.debug.xcconfig */ = {isa = PBXFileReference; includeInIndex = 1; lastKnownFileType = text.xcconfig; name = "Pods-Gud TayUITests.debug.xcconfig"; path = "Pods/Target Support Files/Pods-Gud TayUITests/Pods-Gud TayUITests.debug.xcconfig"; sourceTree = "<group>"; };
		370FEC8906996918721175C9 /* Pods_Gud_TayUITests.framework */ = {isa = PBXFileReference; explicitFileType = wrapper.framework; includeInIndex = 0; path = Pods_Gud_TayUITests.framework; sourceTree = BUILT_PRODUCTS_DIR; };
		43503C8DE54F3EA4F36E22A3 /* Pods-Gud TayTests.debug.xcconfig */ = {isa = PBXFileReference; includeInIndex = 1; lastKnownFileType = text.xcconfig; name = "Pods-Gud TayTests.debug.xcconfig"; path = "Pods/Target Support Files/Pods-Gud TayTests/Pods-Gud TayTests.debug.xcconfig"; sourceTree = "<group>"; };
		7A5BA3771D579869006AD6FC /* Sample Weather API Response.json */ = {isa = PBXFileReference; fileEncoding = 4; lastKnownFileType = text.json; path = "Sample Weather API Response.json"; sourceTree = "<group>"; };
		7A5BA37A1D57988B006AD6FC /* WeatherTests.swift */ = {isa = PBXFileReference; fileEncoding = 4; lastKnownFileType = sourcecode.swift; path = WeatherTests.swift; sourceTree = "<group>"; };
		7AAE0AAC1D578E6100A209BF /* WeatherService.swift */ = {isa = PBXFileReference; fileEncoding = 4; lastKnownFileType = sourcecode.swift; path = WeatherService.swift; sourceTree = "<group>"; };
		7AC59EE71D579CCE003863AE /* WeatherViewModel.swift */ = {isa = PBXFileReference; fileEncoding = 4; lastKnownFileType = sourcecode.swift; path = WeatherViewModel.swift; sourceTree = "<group>"; };
		7AC59EEA1D57A1C1003863AE /* ViewModel.swift */ = {isa = PBXFileReference; fileEncoding = 4; lastKnownFileType = sourcecode.swift; path = ViewModel.swift; sourceTree = "<group>"; };
		7AE9DA5E1D57A4A50087B401 /* Coordinate.swift */ = {isa = PBXFileReference; fileEncoding = 4; lastKnownFileType = sourcecode.swift; path = Coordinate.swift; sourceTree = "<group>"; };
		7AE9DA5F1D57A4A50087B401 /* Direction.swift */ = {isa = PBXFileReference; fileEncoding = 4; lastKnownFileType = sourcecode.swift; path = Direction.swift; sourceTree = "<group>"; };
		7AE9DA601D57A4A50087B401 /* Mode.swift */ = {isa = PBXFileReference; fileEncoding = 4; lastKnownFileType = sourcecode.swift; path = Mode.swift; sourceTree = "<group>"; };
		7AE9DA611D57A4A50087B401 /* Route.swift */ = {isa = PBXFileReference; fileEncoding = 4; lastKnownFileType = sourcecode.swift; path = Route.swift; sourceTree = "<group>"; };
		7AE9DA621D57A4A50087B401 /* Stop.swift */ = {isa = PBXFileReference; fileEncoding = 4; lastKnownFileType = sourcecode.swift; path = Stop.swift; sourceTree = "<group>"; };
		7AE9DA631D57A4A50087B401 /* Trip.swift */ = {isa = PBXFileReference; fileEncoding = 4; lastKnownFileType = sourcecode.swift; path = Trip.swift; sourceTree = "<group>"; };
		7AE9DA641D57A4A50087B401 /* Vehicle.swift */ = {isa = PBXFileReference; fileEncoding = 4; lastKnownFileType = sourcecode.swift; path = Vehicle.swift; sourceTree = "<group>"; };
		7AE9DA741D57A54F0087B401 /* WeatherForecast.swift */ = {isa = PBXFileReference; fileEncoding = 4; lastKnownFileType = sourcecode.swift; path = WeatherForecast.swift; sourceTree = "<group>"; };
		BD519AB98CE48C9434FA9B47 /* Pods-Gud Tay.debug.xcconfig */ = {isa = PBXFileReference; includeInIndex = 1; lastKnownFileType = text.xcconfig; name = "Pods-Gud Tay.debug.xcconfig"; path = "Pods/Target Support Files/Pods-Gud Tay/Pods-Gud Tay.debug.xcconfig"; sourceTree = "<group>"; };
		CD1279C31D45B37B00DC7BB8 /* Gud Tay.app */ = {isa = PBXFileReference; explicitFileType = wrapper.application; includeInIndex = 0; path = "Gud Tay.app"; sourceTree = BUILT_PRODUCTS_DIR; };
		CD1279C61D45B37B00DC7BB8 /* AppDelegate.swift */ = {isa = PBXFileReference; lastKnownFileType = sourcecode.swift; path = AppDelegate.swift; sourceTree = "<group>"; };
		CD1279C81D45B37B00DC7BB8 /* RootViewController.swift */ = {isa = PBXFileReference; lastKnownFileType = sourcecode.swift; path = RootViewController.swift; sourceTree = "<group>"; };
		CD1279CD1D45B37B00DC7BB8 /* Assets.xcassets */ = {isa = PBXFileReference; lastKnownFileType = folder.assetcatalog; path = Assets.xcassets; sourceTree = "<group>"; };
		CD1279D01D45B37B00DC7BB8 /* Base */ = {isa = PBXFileReference; lastKnownFileType = file.storyboard; name = Base; path = Base.lproj/LaunchScreen.storyboard; sourceTree = "<group>"; };
		CD1279D21D45B37B00DC7BB8 /* Info.plist */ = {isa = PBXFileReference; lastKnownFileType = text.plist.xml; path = Info.plist; sourceTree = "<group>"; };
		CD1279D71D45B37B00DC7BB8 /* Gud TayTests.xctest */ = {isa = PBXFileReference; explicitFileType = wrapper.cfbundle; includeInIndex = 0; path = "Gud TayTests.xctest"; sourceTree = BUILT_PRODUCTS_DIR; };
		CD1279DD1D45B37B00DC7BB8 /* Info.plist */ = {isa = PBXFileReference; lastKnownFileType = text.plist.xml; path = Info.plist; sourceTree = "<group>"; };
		CD1279E21D45B37B00DC7BB8 /* Gud TayUITests.xctest */ = {isa = PBXFileReference; explicitFileType = wrapper.cfbundle; includeInIndex = 0; path = "Gud TayUITests.xctest"; sourceTree = BUILT_PRODUCTS_DIR; };
		CD1279E61D45B37B00DC7BB8 /* Gud_TayUITests.swift */ = {isa = PBXFileReference; lastKnownFileType = sourcecode.swift; path = Gud_TayUITests.swift; sourceTree = "<group>"; };
		CD1279E81D45B37B00DC7BB8 /* Info.plist */ = {isa = PBXFileReference; lastKnownFileType = text.plist.xml; path = Info.plist; sourceTree = "<group>"; };
		CD12DE3A1D4FE82E00956B74 /* Sample MBTA API Response.json */ = {isa = PBXFileReference; fileEncoding = 4; lastKnownFileType = text.json; path = "Sample MBTA API Response.json"; sourceTree = "<group>"; };
		CD12DE3B1D4FE82E00956B74 /* MBTATests.swift */ = {isa = PBXFileReference; fileEncoding = 4; lastKnownFileType = sourcecode.swift; path = MBTATests.swift; sourceTree = "<group>"; };
		CD2575B81D664FB50017DEE6 /* WeatherViewController.swift */ = {isa = PBXFileReference; fileEncoding = 4; lastKnownFileType = sourcecode.swift; path = WeatherViewController.swift; sourceTree = "<group>"; };
		CD2575BA1D66607F0017DEE6 /* RefreshableViewController.swift */ = {isa = PBXFileReference; fileEncoding = 4; lastKnownFileType = sourcecode.swift; path = RefreshableViewController.swift; sourceTree = "<group>"; };
		CD2575BD1D6668050017DEE6 /* TemperatureCell.swift */ = {isa = PBXFileReference; fileEncoding = 4; lastKnownFileType = sourcecode.swift; path = TemperatureCell.swift; sourceTree = "<group>"; };
		CD2575BF1D6668140017DEE6 /* WeatherCell.swift */ = {isa = PBXFileReference; fileEncoding = 4; lastKnownFileType = sourcecode.swift; path = WeatherCell.swift; sourceTree = "<group>"; };
		CD2575C11D6669020017DEE6 /* UICollectionReusableView+Extensions.swift */ = {isa = PBXFileReference; fileEncoding = 4; lastKnownFileType = sourcecode.swift; path = "UICollectionReusableView+Extensions.swift"; sourceTree = "<group>"; };
		CD2575C31D666C7E0017DEE6 /* Utility.swift */ = {isa = PBXFileReference; fileEncoding = 4; lastKnownFileType = sourcecode.swift; path = Utility.swift; sourceTree = "<group>"; };
		CD6A633B1D514ACB009571DE /* CrashReporter.swift */ = {isa = PBXFileReference; fileEncoding = 4; lastKnownFileType = sourcecode.swift; path = CrashReporter.swift; sourceTree = "<group>"; };
		CD6A63441D51758C009571DE /* SafeArray.swift */ = {isa = PBXFileReference; fileEncoding = 4; lastKnownFileType = sourcecode.swift; path = SafeArray.swift; sourceTree = "<group>"; };
		CD6A63471D517898009571DE /* UtilityTests.swift */ = {isa = PBXFileReference; fileEncoding = 4; lastKnownFileType = sourcecode.swift; path = UtilityTests.swift; sourceTree = "<group>"; };
		CD7DAE731D56F1E600ED6AD3 /* HairlineView.swift */ = {isa = PBXFileReference; fileEncoding = 4; lastKnownFileType = sourcecode.swift; path = HairlineView.swift; sourceTree = "<group>"; };
		CD8357511D4C4DA5009E76A7 /* MBTAService.swift */ = {isa = PBXFileReference; fileEncoding = 4; lastKnownFileType = sourcecode.swift; path = MBTAService.swift; sourceTree = "<group>"; };
		CDADC9921D655315005B60AD /* LogService.swift */ = {isa = PBXFileReference; fileEncoding = 4; lastKnownFileType = sourcecode.swift; path = LogService.swift; sourceTree = "<group>"; };
		CDADC9941D65566C005B60AD /* LogViewController.swift */ = {isa = PBXFileReference; fileEncoding = 4; lastKnownFileType = sourcecode.swift; path = LogViewController.swift; sourceTree = "<group>"; };
		CDBF96871D56F39F008AC493 /* Colors.swift */ = {isa = PBXFileReference; fileEncoding = 4; lastKnownFileType = sourcecode.swift; path = Colors.swift; sourceTree = "<group>"; };
		CDBF96891D56F8CA008AC493 /* Fonts.swift */ = {isa = PBXFileReference; fileEncoding = 4; lastKnownFileType = sourcecode.swift; path = Fonts.swift; sourceTree = "<group>"; };
		CDC371C21D4911E30054F343 /* Gud Tay-Bridging-Header.h */ = {isa = PBXFileReference; lastKnownFileType = sourcecode.c.h; path = "Gud Tay-Bridging-Header.h"; sourceTree = "<group>"; };
		CDCFC3A81D48610B001807B0 /* GridView.swift */ = {isa = PBXFileReference; fileEncoding = 4; lastKnownFileType = sourcecode.swift; path = GridView.swift; sourceTree = "<group>"; };
		CDCFC3AC1D4863F8001807B0 /* Images.swift */ = {isa = PBXFileReference; fileEncoding = 4; lastKnownFileType = sourcecode.swift; path = Images.swift; sourceTree = "<group>"; };
		CDCFC3AE1D486422001807B0 /* GudTayView.swift */ = {isa = PBXFileReference; fileEncoding = 4; lastKnownFileType = sourcecode.swift; path = GudTayView.swift; sourceTree = "<group>"; };
		CDECBAB31D46D97F007A82D5 /* APIClient.swift */ = {isa = PBXFileReference; fileEncoding = 4; lastKnownFileType = sourcecode.swift; path = APIClient.swift; sourceTree = "<group>"; };
		CDECBAB41D46D97F007A82D5 /* JSONRepresentable.swift */ = {isa = PBXFileReference; fileEncoding = 4; lastKnownFileType = sourcecode.swift; path = JSONRepresentable.swift; sourceTree = "<group>"; };
		CDECBABE1D46DF58007A82D5 /* MBTAViewController.swift */ = {isa = PBXFileReference; fileEncoding = 4; lastKnownFileType = sourcecode.swift; path = MBTAViewController.swift; sourceTree = "<group>"; };
		CDECBAC21D46DF7A007A82D5 /* MBTAViewModel.swift */ = {isa = PBXFileReference; fileEncoding = 4; lastKnownFileType = sourcecode.swift; path = MBTAViewModel.swift; sourceTree = "<group>"; };
		CDED23341D60AE5F0023CC4B /* WeatherCoordinate.swift */ = {isa = PBXFileReference; fileEncoding = 4; lastKnownFileType = sourcecode.swift; path = WeatherCoordinate.swift; sourceTree = "<group>"; };
		CDED233A1D60AF4B0023CC4B /* WeatherProtocols.swift */ = {isa = PBXFileReference; fileEncoding = 4; lastKnownFileType = sourcecode.swift; path = WeatherProtocols.swift; sourceTree = "<group>"; };
		CDED233D1D60AF730023CC4B /* Meteorology.swift */ = {isa = PBXFileReference; fileEncoding = 4; lastKnownFileType = sourcecode.swift; path = Meteorology.swift; sourceTree = "<group>"; };
		CDED23401D60AFAC0023CC4B /* Temperature.swift */ = {isa = PBXFileReference; fileEncoding = 4; lastKnownFileType = sourcecode.swift; path = Temperature.swift; sourceTree = "<group>"; };
		CDED23431D60AFBD0023CC4B /* NearestStorm.swift */ = {isa = PBXFileReference; fileEncoding = 4; lastKnownFileType = sourcecode.swift; path = NearestStorm.swift; sourceTree = "<group>"; };
		CDED23461D60AFCF0023CC4B /* Almanac.swift */ = {isa = PBXFileReference; fileEncoding = 4; lastKnownFileType = sourcecode.swift; path = Almanac.swift; sourceTree = "<group>"; };
		CDED23491D60B00E0023CC4B /* Currently.swift */ = {isa = PBXFileReference; fileEncoding = 4; lastKnownFileType = sourcecode.swift; path = Currently.swift; sourceTree = "<group>"; };
		CDED234C1D60B0210023CC4B /* Minutely.swift */ = {isa = PBXFileReference; fileEncoding = 4; lastKnownFileType = sourcecode.swift; path = Minutely.swift; sourceTree = "<group>"; };
		CDED234F1D60B02D0023CC4B /* Hourly.swift */ = {isa = PBXFileReference; fileEncoding = 4; lastKnownFileType = sourcecode.swift; path = Hourly.swift; sourceTree = "<group>"; };
		CDED23521D60B0440023CC4B /* Daily.swift */ = {isa = PBXFileReference; fileEncoding = 4; lastKnownFileType = sourcecode.swift; path = Daily.swift; sourceTree = "<group>"; };
		CDED23551D60B0C00023CC4B /* Precipitation.swift */ = {isa = PBXFileReference; fileEncoding = 4; lastKnownFileType = sourcecode.swift; path = Precipitation.swift; sourceTree = "<group>"; };
		CDED23581D60B0DA0023CC4B /* Icon.swift */ = {isa = PBXFileReference; fileEncoding = 4; lastKnownFileType = sourcecode.swift; path = Icon.swift; sourceTree = "<group>"; };
		CDED235B1D60B1000023CC4B /* WeatherBucket.swift */ = {isa = PBXFileReference; fileEncoding = 4; lastKnownFileType = sourcecode.swift; path = WeatherBucket.swift; sourceTree = "<group>"; };
		CDED235E1D60B3980023CC4B /* CloseEnough.swift */ = {isa = PBXFileReference; fileEncoding = 4; lastKnownFileType = sourcecode.swift; path = CloseEnough.swift; sourceTree = "<group>"; };
		CDF60DED1D482D37003E2AFB /* MBTARouteView.swift */ = {isa = PBXFileReference; fileEncoding = 4; lastKnownFileType = sourcecode.swift; path = MBTARouteView.swift; sourceTree = "<group>"; };
		CDF60DEF1D482D6A003E2AFB /* BusHeaderView.swift */ = {isa = PBXFileReference; fileEncoding = 4; lastKnownFileType = sourcecode.swift; path = BusHeaderView.swift; sourceTree = "<group>"; };
		CDF60DF11D482D75003E2AFB /* SubwayHeaderView.swift */ = {isa = PBXFileReference; fileEncoding = 4; lastKnownFileType = sourcecode.swift; path = SubwayHeaderView.swift; sourceTree = "<group>"; };
		CDF60DF31D482D85003E2AFB /* MBTAHeaderView.swift */ = {isa = PBXFileReference; fileEncoding = 4; lastKnownFileType = sourcecode.swift; path = MBTAHeaderView.swift; sourceTree = "<group>"; };
		CDF60DF61D482F9A003E2AFB /* UIView+Extensions.swift */ = {isa = PBXFileReference; fileEncoding = 4; lastKnownFileType = sourcecode.swift; path = "UIView+Extensions.swift"; sourceTree = "<group>"; };
		DC222D206FF1E0B1633B3D3A /* Pods_Gud_TayTests.framework */ = {isa = PBXFileReference; explicitFileType = wrapper.framework; includeInIndex = 0; path = Pods_Gud_TayTests.framework; sourceTree = BUILT_PRODUCTS_DIR; };
		E93EF258A0F38875794AB7E8 /* Pods-Gud TayTests.release.xcconfig */ = {isa = PBXFileReference; includeInIndex = 1; lastKnownFileType = text.xcconfig; name = "Pods-Gud TayTests.release.xcconfig"; path = "Pods/Target Support Files/Pods-Gud TayTests/Pods-Gud TayTests.release.xcconfig"; sourceTree = "<group>"; };
		FC0A7D79092335E5C4078089 /* Pods-Gud Tay.release.xcconfig */ = {isa = PBXFileReference; includeInIndex = 1; lastKnownFileType = text.xcconfig; name = "Pods-Gud Tay.release.xcconfig"; path = "Pods/Target Support Files/Pods-Gud Tay/Pods-Gud Tay.release.xcconfig"; sourceTree = "<group>"; };
/* End PBXFileReference section */

/* Begin PBXFrameworksBuildPhase section */
		CD1279C01D45B37B00DC7BB8 /* Frameworks */ = {
			isa = PBXFrameworksBuildPhase;
			buildActionMask = 2147483647;
			files = (
				3EC87ADB7E7F0DD5E7261F04 /* Pods_Gud_Tay.framework in Frameworks */,
			);
			runOnlyForDeploymentPostprocessing = 0;
		};
		CD1279D41D45B37B00DC7BB8 /* Frameworks */ = {
			isa = PBXFrameworksBuildPhase;
			buildActionMask = 2147483647;
			files = (
				D66C501077EE59C9A92E58ED /* Pods_Gud_TayTests.framework in Frameworks */,
			);
			runOnlyForDeploymentPostprocessing = 0;
		};
		CD1279DF1D45B37B00DC7BB8 /* Frameworks */ = {
			isa = PBXFrameworksBuildPhase;
			buildActionMask = 2147483647;
			files = (
				B4164F6990CDADEE81496E52 /* Pods_Gud_TayUITests.framework in Frameworks */,
			);
			runOnlyForDeploymentPostprocessing = 0;
		};
/* End PBXFrameworksBuildPhase section */

/* Begin PBXGroup section */
		25C6FC41E3030A91DD1F4F28 /* Pods */ = {
			isa = PBXGroup;
			children = (
				BD519AB98CE48C9434FA9B47 /* Pods-Gud Tay.debug.xcconfig */,
				FC0A7D79092335E5C4078089 /* Pods-Gud Tay.release.xcconfig */,
				43503C8DE54F3EA4F36E22A3 /* Pods-Gud TayTests.debug.xcconfig */,
				E93EF258A0F38875794AB7E8 /* Pods-Gud TayTests.release.xcconfig */,
				3699ED083B111605113BD927 /* Pods-Gud TayUITests.debug.xcconfig */,
				1C313718F7075C011A2F739D /* Pods-Gud TayUITests.release.xcconfig */,
			);
			name = Pods;
			sourceTree = "<group>";
		};
		7AE9DA5D1D57A4A50087B401 /* MBTA */ = {
			isa = PBXGroup;
			children = (
				7AE9DA5E1D57A4A50087B401 /* Coordinate.swift */,
				7AE9DA5F1D57A4A50087B401 /* Direction.swift */,
				7AE9DA601D57A4A50087B401 /* Mode.swift */,
				7AE9DA611D57A4A50087B401 /* Route.swift */,
				7AE9DA621D57A4A50087B401 /* Stop.swift */,
				7AE9DA631D57A4A50087B401 /* Trip.swift */,
				7AE9DA641D57A4A50087B401 /* Vehicle.swift */,
			);
			path = MBTA;
			sourceTree = "<group>";
		};
		7AE9DA731D57A4B20087B401 /* Weather */ = {
			isa = PBXGroup;
			children = (
				7AE9DA741D57A54F0087B401 /* WeatherForecast.swift */,
				CDED23341D60AE5F0023CC4B /* WeatherCoordinate.swift */,
				CDED23551D60B0C00023CC4B /* Precipitation.swift */,
				CDED23581D60B0DA0023CC4B /* Icon.swift */,
				CDED235B1D60B1000023CC4B /* WeatherBucket.swift */,
				CDED233A1D60AF4B0023CC4B /* WeatherProtocols.swift */,
				CDED233D1D60AF730023CC4B /* Meteorology.swift */,
				CDED23401D60AFAC0023CC4B /* Temperature.swift */,
				CDED23431D60AFBD0023CC4B /* NearestStorm.swift */,
				CDED23461D60AFCF0023CC4B /* Almanac.swift */,
				CDED23491D60B00E0023CC4B /* Currently.swift */,
				CDED234C1D60B0210023CC4B /* Minutely.swift */,
				CDED234F1D60B02D0023CC4B /* Hourly.swift */,
				CDED23521D60B0440023CC4B /* Daily.swift */,
			);
			path = Weather;
			sourceTree = "<group>";
		};
		AC80E7268D6F2FA1E99F8C13 /* Frameworks */ = {
			isa = PBXGroup;
			children = (
				0C04EA3A9A26D3F4C10D4133 /* Pods_Gud_Tay.framework */,
				DC222D206FF1E0B1633B3D3A /* Pods_Gud_TayTests.framework */,
				370FEC8906996918721175C9 /* Pods_Gud_TayUITests.framework */,
			);
			name = Frameworks;
			sourceTree = "<group>";
		};
		CD1279BA1D45B37B00DC7BB8 = {
			isa = PBXGroup;
			children = (
				CD1279C51D45B37B00DC7BB8 /* Gud Tay */,
				CD1279DA1D45B37B00DC7BB8 /* Gud TayTests */,
				CD1279E51D45B37B00DC7BB8 /* Gud TayUITests */,
				CD1279C41D45B37B00DC7BB8 /* Products */,
				25C6FC41E3030A91DD1F4F28 /* Pods */,
				AC80E7268D6F2FA1E99F8C13 /* Frameworks */,
			);
			sourceTree = "<group>";
		};
		CD1279C41D45B37B00DC7BB8 /* Products */ = {
			isa = PBXGroup;
			children = (
				CD1279C31D45B37B00DC7BB8 /* Gud Tay.app */,
				CD1279D71D45B37B00DC7BB8 /* Gud TayTests.xctest */,
				CD1279E21D45B37B00DC7BB8 /* Gud TayUITests.xctest */,
			);
			name = Products;
			sourceTree = "<group>";
		};
		CD1279C51D45B37B00DC7BB8 /* Gud Tay */ = {
			isa = PBXGroup;
			children = (
				CD1279C61D45B37B00DC7BB8 /* AppDelegate.swift */,
				CDECBAB21D46D97F007A82D5 /* API */,
				CD8357501D4C4DA5009E76A7 /* Services */,
				CDECBA9C1D46D94A007A82D5 /* Model */,
				CDECBABD1D46DF48007A82D5 /* View */,
				CDECBAC11D46DF6C007A82D5 /* View Model */,
				CDCFC3AB1D4863F8001807B0 /* Generated */,
				CDF60DF51D482F8C003E2AFB /* Utilities */,
				CD1279CD1D45B37B00DC7BB8 /* Assets.xcassets */,
				CD1279CF1D45B37B00DC7BB8 /* LaunchScreen.storyboard */,
				CD1279D21D45B37B00DC7BB8 /* Info.plist */,
				CDC371C21D4911E30054F343 /* Gud Tay-Bridging-Header.h */,
			);
			path = "Gud Tay";
			sourceTree = "<group>";
		};
		CD1279DA1D45B37B00DC7BB8 /* Gud TayTests */ = {
			isa = PBXGroup;
			children = (
				CD12DE3A1D4FE82E00956B74 /* Sample MBTA API Response.json */,
				7A5BA3771D579869006AD6FC /* Sample Weather API Response.json */,
				CD12DE3B1D4FE82E00956B74 /* MBTATests.swift */,
				7A5BA37A1D57988B006AD6FC /* WeatherTests.swift */,
				CD6A63471D517898009571DE /* UtilityTests.swift */,
				CD1279DD1D45B37B00DC7BB8 /* Info.plist */,
			);
			path = "Gud TayTests";
			sourceTree = "<group>";
		};
		CD1279E51D45B37B00DC7BB8 /* Gud TayUITests */ = {
			isa = PBXGroup;
			children = (
				CD1279E61D45B37B00DC7BB8 /* Gud_TayUITests.swift */,
				CD1279E81D45B37B00DC7BB8 /* Info.plist */,
			);
			path = "Gud TayUITests";
			sourceTree = "<group>";
		};
		CD2575BC1D6667F60017DEE6 /* Weather Cells */ = {
			isa = PBXGroup;
			children = (
				CD2575BF1D6668140017DEE6 /* WeatherCell.swift */,
				CD2575BD1D6668050017DEE6 /* TemperatureCell.swift */,
			);
			path = "Weather Cells";
			sourceTree = "<group>";
		};
		CD8357501D4C4DA5009E76A7 /* Services */ = {
			isa = PBXGroup;
			children = (
				CD8357511D4C4DA5009E76A7 /* MBTAService.swift */,
				7AAE0AAC1D578E6100A209BF /* WeatherService.swift */,
				CDADC9921D655315005B60AD /* LogService.swift */,
			);
			path = Services;
			sourceTree = "<group>";
		};
		CDCFC3AB1D4863F8001807B0 /* Generated */ = {
			isa = PBXGroup;
			children = (
				CDCFC3AC1D4863F8001807B0 /* Images.swift */,
			);
			path = Generated;
			sourceTree = "<group>";
		};
		CDECBA9C1D46D94A007A82D5 /* Model */ = {
			isa = PBXGroup;
			children = (
				7AE9DA5D1D57A4A50087B401 /* MBTA */,
				7AE9DA731D57A4B20087B401 /* Weather */,
			);
			path = Model;
			sourceTree = "<group>";
		};
		CDECBAB21D46D97F007A82D5 /* API */ = {
			isa = PBXGroup;
			children = (
				CDECBAB31D46D97F007A82D5 /* APIClient.swift */,
				CDECBAB41D46D97F007A82D5 /* JSONRepresentable.swift */,
			);
			path = API;
			sourceTree = "<group>";
		};
		CDECBABD1D46DF48007A82D5 /* View */ = {
			isa = PBXGroup;
			children = (
				CD1279C81D45B37B00DC7BB8 /* RootViewController.swift */,
				CDCFC3A81D48610B001807B0 /* GridView.swift */,
				CDECBABE1D46DF58007A82D5 /* MBTAViewController.swift */,
				CD2575BA1D66607F0017DEE6 /* RefreshableViewController.swift */,
				CD2575B81D664FB50017DEE6 /* WeatherViewController.swift */,
				CDADC9941D65566C005B60AD /* LogViewController.swift */,
				CDCFC3AE1D486422001807B0 /* GudTayView.swift */,
				CDF60DED1D482D37003E2AFB /* MBTARouteView.swift */,
				CDF60DF31D482D85003E2AFB /* MBTAHeaderView.swift */,
				CDF60DEF1D482D6A003E2AFB /* BusHeaderView.swift */,
				CDF60DF11D482D75003E2AFB /* SubwayHeaderView.swift */,
				CD7DAE731D56F1E600ED6AD3 /* HairlineView.swift */,
				CD2575BC1D6667F60017DEE6 /* Weather Cells */,
			);
			path = View;
			sourceTree = "<group>";
		};
		CDECBAC11D46DF6C007A82D5 /* View Model */ = {
			isa = PBXGroup;
			children = (
				CDECBAC21D46DF7A007A82D5 /* MBTAViewModel.swift */,
				7AC59EE71D579CCE003863AE /* WeatherViewModel.swift */,
				7AC59EEA1D57A1C1003863AE /* ViewModel.swift */,
			);
			path = "View Model";
			sourceTree = "<group>";
		};
		CDF60DF51D482F8C003E2AFB /* Utilities */ = {
			isa = PBXGroup;
			children = (
				CD2575C11D6669020017DEE6 /* UICollectionReusableView+Extensions.swift */,
				CDF60DF61D482F9A003E2AFB /* UIView+Extensions.swift */,
				CDBF96871D56F39F008AC493 /* Colors.swift */,
				CDBF96891D56F8CA008AC493 /* Fonts.swift */,
				CD6A633B1D514ACB009571DE /* CrashReporter.swift */,
				CD6A63441D51758C009571DE /* SafeArray.swift */,
				CDED235E1D60B3980023CC4B /* CloseEnough.swift */,
				CD2575C31D666C7E0017DEE6 /* Utility.swift */,
			);
			path = Utilities;
			sourceTree = "<group>";
		};
/* End PBXGroup section */

/* Begin PBXNativeTarget section */
		CD1279C21D45B37B00DC7BB8 /* Gud Tay */ = {
			isa = PBXNativeTarget;
			buildConfigurationList = CD1279EB1D45B37B00DC7BB8 /* Build configuration list for PBXNativeTarget "Gud Tay" */;
			buildPhases = (
				1C080E12C2743C2CAB6EEF0E /* [CP] Check Pods Manifest.lock */,
				CDCFC3AA1D486368001807B0 /* SwiftGen */,
				CD1279BF1D45B37B00DC7BB8 /* Sources */,
				CD1279F41D45B40600DC7BB8 /* SwiftLint */,
				CD1279C01D45B37B00DC7BB8 /* Frameworks */,
				CD1279C11D45B37B00DC7BB8 /* Resources */,
				FFF51A6AE93B0C9C916BD0E7 /* [CP] Embed Pods Frameworks */,
				89AAB7AF6C963DD81798E751 /* [CP] Copy Pods Resources */,
			);
			buildRules = (
			);
			dependencies = (
			);
			name = "Gud Tay";
			productName = "Gud Tay";
			productReference = CD1279C31D45B37B00DC7BB8 /* Gud Tay.app */;
			productType = "com.apple.product-type.application";
		};
		CD1279D61D45B37B00DC7BB8 /* Gud TayTests */ = {
			isa = PBXNativeTarget;
			buildConfigurationList = CD1279EE1D45B37B00DC7BB8 /* Build configuration list for PBXNativeTarget "Gud TayTests" */;
			buildPhases = (
				DB2B5511529CFC1BD2453A49 /* [CP] Check Pods Manifest.lock */,
				CD1279D31D45B37B00DC7BB8 /* Sources */,
				CD1279D41D45B37B00DC7BB8 /* Frameworks */,
				CD1279D51D45B37B00DC7BB8 /* Resources */,
				6FE5F09C1111C4333D1FB70E /* [CP] Embed Pods Frameworks */,
				5B4439E0C3F52AECD1F0C640 /* [CP] Copy Pods Resources */,
			);
			buildRules = (
			);
			dependencies = (
				CD1279D91D45B37B00DC7BB8 /* PBXTargetDependency */,
			);
			name = "Gud TayTests";
			productName = "Gud TayTests";
			productReference = CD1279D71D45B37B00DC7BB8 /* Gud TayTests.xctest */;
			productType = "com.apple.product-type.bundle.unit-test";
		};
		CD1279E11D45B37B00DC7BB8 /* Gud TayUITests */ = {
			isa = PBXNativeTarget;
			buildConfigurationList = CD1279F11D45B37B00DC7BB8 /* Build configuration list for PBXNativeTarget "Gud TayUITests" */;
			buildPhases = (
				AECFF1B93C12FFA00B83577B /* [CP] Check Pods Manifest.lock */,
				CD1279DE1D45B37B00DC7BB8 /* Sources */,
				CD1279DF1D45B37B00DC7BB8 /* Frameworks */,
				CD1279E01D45B37B00DC7BB8 /* Resources */,
				4324FC485DECC6F42735A9A7 /* [CP] Embed Pods Frameworks */,
				43CB0718BA720054B8720B63 /* [CP] Copy Pods Resources */,
			);
			buildRules = (
			);
			dependencies = (
				CD1279E41D45B37B00DC7BB8 /* PBXTargetDependency */,
			);
			name = "Gud TayUITests";
			productName = "Gud TayUITests";
			productReference = CD1279E21D45B37B00DC7BB8 /* Gud TayUITests.xctest */;
			productType = "com.apple.product-type.bundle.ui-testing";
		};
/* End PBXNativeTarget section */

/* Begin PBXProject section */
		CD1279BB1D45B37B00DC7BB8 /* Project object */ = {
			isa = PBXProject;
			attributes = {
				LastSwiftUpdateCheck = 0800;
				LastUpgradeCheck = 0800;
				ORGANIZATIONNAME = "Zev Eisenberg";
				TargetAttributes = {
					CD1279C21D45B37B00DC7BB8 = {
						CreatedOnToolsVersion = 8.0;
						DevelopmentTeam = 2KJHM26Y46;
						DevelopmentTeamName = "Zev Eisenberg";
						LastSwiftMigration = 0800;
						ProvisioningStyle = Automatic;
					};
					CD1279D61D45B37B00DC7BB8 = {
						CreatedOnToolsVersion = 8.0;
						DevelopmentTeam = 2KJHM26Y46;
						DevelopmentTeamName = "Zev Eisenberg (Personal Team)";
						ProvisioningStyle = Automatic;
					};
					CD1279E11D45B37B00DC7BB8 = {
						CreatedOnToolsVersion = 8.0;
						DevelopmentTeam = 2KJHM26Y46;
						DevelopmentTeamName = "Zev Eisenberg (Personal Team)";
						ProvisioningStyle = Automatic;
						TestTargetID = CD1279C21D45B37B00DC7BB8;
					};
				};
			};
			buildConfigurationList = CD1279BE1D45B37B00DC7BB8 /* Build configuration list for PBXProject "Gud Tay" */;
			compatibilityVersion = "Xcode 3.2";
			developmentRegion = English;
			hasScannedForEncodings = 0;
			knownRegions = (
				en,
				Base,
			);
			mainGroup = CD1279BA1D45B37B00DC7BB8;
			productRefGroup = CD1279C41D45B37B00DC7BB8 /* Products */;
			projectDirPath = "";
			projectRoot = "";
			targets = (
				CD1279C21D45B37B00DC7BB8 /* Gud Tay */,
				CD1279D61D45B37B00DC7BB8 /* Gud TayTests */,
				CD1279E11D45B37B00DC7BB8 /* Gud TayUITests */,
			);
		};
/* End PBXProject section */

/* Begin PBXResourcesBuildPhase section */
		CD1279C11D45B37B00DC7BB8 /* Resources */ = {
			isa = PBXResourcesBuildPhase;
			buildActionMask = 2147483647;
			files = (
				CD7DAE721D55B62C00ED6AD3 /* Sample MBTA API Response.json in Resources */,
				CD1279D11D45B37B00DC7BB8 /* LaunchScreen.storyboard in Resources */,
				7A5BA3791D57986D006AD6FC /* Sample Weather API Response.json in Resources */,
				CD1279CE1D45B37B00DC7BB8 /* Assets.xcassets in Resources */,
			);
			runOnlyForDeploymentPostprocessing = 0;
		};
		CD1279D51D45B37B00DC7BB8 /* Resources */ = {
			isa = PBXResourcesBuildPhase;
			buildActionMask = 2147483647;
			files = (
				7A5BA3781D579869006AD6FC /* Sample Weather API Response.json in Resources */,
				CD7DAE711D55B5F400ED6AD3 /* Sample MBTA API Response.json in Resources */,
			);
			runOnlyForDeploymentPostprocessing = 0;
		};
		CD1279E01D45B37B00DC7BB8 /* Resources */ = {
			isa = PBXResourcesBuildPhase;
			buildActionMask = 2147483647;
			files = (
			);
			runOnlyForDeploymentPostprocessing = 0;
		};
/* End PBXResourcesBuildPhase section */

/* Begin PBXShellScriptBuildPhase section */
		1C080E12C2743C2CAB6EEF0E /* [CP] Check Pods Manifest.lock */ = {
			isa = PBXShellScriptBuildPhase;
			buildActionMask = 2147483647;
			files = (
			);
			inputPaths = (
			);
			name = "[CP] Check Pods Manifest.lock";
			outputPaths = (
			);
			runOnlyForDeploymentPostprocessing = 0;
			shellPath = /bin/sh;
			shellScript = "diff \"${PODS_ROOT}/../Podfile.lock\" \"${PODS_ROOT}/Manifest.lock\" > /dev/null\nif [ $? != 0 ] ; then\n    # print error to STDERR\n    echo \"error: The sandbox is not in sync with the Podfile.lock. Run 'pod install' or update your CocoaPods installation.\" >&2\n    exit 1\nfi\n";
			showEnvVarsInLog = 0;
		};
		4324FC485DECC6F42735A9A7 /* [CP] Embed Pods Frameworks */ = {
			isa = PBXShellScriptBuildPhase;
			buildActionMask = 2147483647;
			files = (
			);
			inputPaths = (
			);
			name = "[CP] Embed Pods Frameworks";
			outputPaths = (
			);
			runOnlyForDeploymentPostprocessing = 0;
			shellPath = /bin/sh;
			shellScript = "\"${SRCROOT}/Pods/Target Support Files/Pods-Gud TayUITests/Pods-Gud TayUITests-frameworks.sh\"\n";
			showEnvVarsInLog = 0;
		};
		43CB0718BA720054B8720B63 /* [CP] Copy Pods Resources */ = {
			isa = PBXShellScriptBuildPhase;
			buildActionMask = 2147483647;
			files = (
			);
			inputPaths = (
			);
			name = "[CP] Copy Pods Resources";
			outputPaths = (
			);
			runOnlyForDeploymentPostprocessing = 0;
			shellPath = /bin/sh;
			shellScript = "\"${SRCROOT}/Pods/Target Support Files/Pods-Gud TayUITests/Pods-Gud TayUITests-resources.sh\"\n";
			showEnvVarsInLog = 0;
		};
		5B4439E0C3F52AECD1F0C640 /* [CP] Copy Pods Resources */ = {
			isa = PBXShellScriptBuildPhase;
			buildActionMask = 2147483647;
			files = (
			);
			inputPaths = (
			);
			name = "[CP] Copy Pods Resources";
			outputPaths = (
			);
			runOnlyForDeploymentPostprocessing = 0;
			shellPath = /bin/sh;
			shellScript = "\"${SRCROOT}/Pods/Target Support Files/Pods-Gud TayTests/Pods-Gud TayTests-resources.sh\"\n";
			showEnvVarsInLog = 0;
		};
		6FE5F09C1111C4333D1FB70E /* [CP] Embed Pods Frameworks */ = {
			isa = PBXShellScriptBuildPhase;
			buildActionMask = 2147483647;
			files = (
			);
			inputPaths = (
			);
			name = "[CP] Embed Pods Frameworks";
			outputPaths = (
			);
			runOnlyForDeploymentPostprocessing = 0;
			shellPath = /bin/sh;
			shellScript = "\"${SRCROOT}/Pods/Target Support Files/Pods-Gud TayTests/Pods-Gud TayTests-frameworks.sh\"\n";
			showEnvVarsInLog = 0;
		};
		89AAB7AF6C963DD81798E751 /* [CP] Copy Pods Resources */ = {
			isa = PBXShellScriptBuildPhase;
			buildActionMask = 2147483647;
			files = (
			);
			inputPaths = (
			);
			name = "[CP] Copy Pods Resources";
			outputPaths = (
			);
			runOnlyForDeploymentPostprocessing = 0;
			shellPath = /bin/sh;
			shellScript = "\"${SRCROOT}/Pods/Target Support Files/Pods-Gud Tay/Pods-Gud Tay-resources.sh\"\n";
			showEnvVarsInLog = 0;
		};
		AECFF1B93C12FFA00B83577B /* [CP] Check Pods Manifest.lock */ = {
			isa = PBXShellScriptBuildPhase;
			buildActionMask = 2147483647;
			files = (
			);
			inputPaths = (
			);
			name = "[CP] Check Pods Manifest.lock";
			outputPaths = (
			);
			runOnlyForDeploymentPostprocessing = 0;
			shellPath = /bin/sh;
			shellScript = "diff \"${PODS_ROOT}/../Podfile.lock\" \"${PODS_ROOT}/Manifest.lock\" > /dev/null\nif [ $? != 0 ] ; then\n    # print error to STDERR\n    echo \"error: The sandbox is not in sync with the Podfile.lock. Run 'pod install' or update your CocoaPods installation.\" >&2\n    exit 1\nfi\n";
			showEnvVarsInLog = 0;
		};
		CD1279F41D45B40600DC7BB8 /* SwiftLint */ = {
			isa = PBXShellScriptBuildPhase;
			buildActionMask = 2147483647;
			files = (
			);
			inputPaths = (
			);
			name = SwiftLint;
			outputPaths = (
			);
			runOnlyForDeploymentPostprocessing = 0;
			shellPath = /bin/sh;
			shellScript = "if which swiftlint > /dev/null; then\n    swiftlint\nelse\n    echo \"SwiftLint Is not installed. Download from https://github.com/realm/SwiftLint\"\nfi";
		};
		CDCFC3AA1D486368001807B0 /* SwiftGen */ = {
			isa = PBXShellScriptBuildPhase;
			buildActionMask = 2147483647;
			files = (
			);
			inputPaths = (
			);
			name = SwiftGen;
			outputPaths = (
			);
			runOnlyForDeploymentPostprocessing = 0;
			shellPath = /bin/sh;
			shellScript = "SWIFTGEN_BINARY=\"$PODS_ROOT/SwiftGen/bin/swiftgen\"\n\nif which \"${SWIFTGEN_BINARY}\" >/dev/null; then\n    if [[ ${CONFIGURATION} = \"Debug\" ]]; then\n        \"${SWIFTGEN_BINARY}\" images \"$PROJECT_DIR\" --output \"$PROJECT_DIR/Gud Tay/Generated/Images.swift\"\n    fi\nelse\n    echo \"SwiftGen not installed, download it from https://github.com/AliSoftware/SwiftGen\"\nfi";
		};
		DB2B5511529CFC1BD2453A49 /* [CP] Check Pods Manifest.lock */ = {
			isa = PBXShellScriptBuildPhase;
			buildActionMask = 2147483647;
			files = (
			);
			inputPaths = (
			);
			name = "[CP] Check Pods Manifest.lock";
			outputPaths = (
			);
			runOnlyForDeploymentPostprocessing = 0;
			shellPath = /bin/sh;
			shellScript = "diff \"${PODS_ROOT}/../Podfile.lock\" \"${PODS_ROOT}/Manifest.lock\" > /dev/null\nif [ $? != 0 ] ; then\n    # print error to STDERR\n    echo \"error: The sandbox is not in sync with the Podfile.lock. Run 'pod install' or update your CocoaPods installation.\" >&2\n    exit 1\nfi\n";
			showEnvVarsInLog = 0;
		};
		FFF51A6AE93B0C9C916BD0E7 /* [CP] Embed Pods Frameworks */ = {
			isa = PBXShellScriptBuildPhase;
			buildActionMask = 2147483647;
			files = (
			);
			inputPaths = (
			);
			name = "[CP] Embed Pods Frameworks";
			outputPaths = (
			);
			runOnlyForDeploymentPostprocessing = 0;
			shellPath = /bin/sh;
			shellScript = "\"${SRCROOT}/Pods/Target Support Files/Pods-Gud Tay/Pods-Gud Tay-frameworks.sh\"\n";
			showEnvVarsInLog = 0;
		};
/* End PBXShellScriptBuildPhase section */

/* Begin PBXSourcesBuildPhase section */
		CD1279BF1D45B37B00DC7BB8 /* Sources */ = {
			isa = PBXSourcesBuildPhase;
			buildActionMask = 2147483647;
			files = (
				CDCFC3A91D48610B001807B0 /* GridView.swift in Sources */,
				CDED234A1D60B00E0023CC4B /* Currently.swift in Sources */,
				CDF60DF21D482D75003E2AFB /* SubwayHeaderView.swift in Sources */,
				CDED234D1D60B0210023CC4B /* Minutely.swift in Sources */,
				7AE9DA651D57A4A50087B401 /* Coordinate.swift in Sources */,
				CDED23501D60B02D0023CC4B /* Hourly.swift in Sources */,
				CD2575BE1D6668050017DEE6 /* TemperatureCell.swift in Sources */,
				CDF60DF91D48302B003E2AFB /* RootViewController.swift in Sources */,
				CD7DAE741D56F1E600ED6AD3 /* HairlineView.swift in Sources */,
				CDCFC3AF1D486422001807B0 /* GudTayView.swift in Sources */,
				CDED23441D60AFBD0023CC4B /* NearestStorm.swift in Sources */,
				CD2575C41D666C7E0017DEE6 /* Utility.swift in Sources */,
				7AE9DA6D1D57A4A50087B401 /* Stop.swift in Sources */,
				CDED23531D60B0440023CC4B /* Daily.swift in Sources */,
				7AAE0AAD1D578E6100A209BF /* WeatherService.swift in Sources */,
				CDED23561D60B0C00023CC4B /* Precipitation.swift in Sources */,
				CDED23591D60B0DA0023CC4B /* Icon.swift in Sources */,
				CDED233E1D60AF730023CC4B /* Meteorology.swift in Sources */,
				CDADC9951D65566C005B60AD /* LogViewController.swift in Sources */,
				7AC59EE81D579CCE003863AE /* WeatherViewModel.swift in Sources */,
				7AE9DA6B1D57A4A50087B401 /* Route.swift in Sources */,
				7AE9DA6F1D57A4A50087B401 /* Trip.swift in Sources */,
				CD8357521D4C4DA5009E76A7 /* MBTAService.swift in Sources */,
				CDED235C1D60B1000023CC4B /* WeatherBucket.swift in Sources */,
				CDED23351D60AE5F0023CC4B /* WeatherCoordinate.swift in Sources */,
				7AE9DA671D57A4A50087B401 /* Direction.swift in Sources */,
				CDED235F1D60B3980023CC4B /* CloseEnough.swift in Sources */,
				CDED23411D60AFAC0023CC4B /* Temperature.swift in Sources */,
				7AE9DA751D57A54F0087B401 /* WeatherForecast.swift in Sources */,
				7AC59EEB1D57A1C1003863AE /* ViewModel.swift in Sources */,
				CDECBAB61D46D97F007A82D5 /* APIClient.swift in Sources */,
				CDED23471D60AFCF0023CC4B /* Almanac.swift in Sources */,
				CDADC9931D655315005B60AD /* LogService.swift in Sources */,
				CD6A63451D51758C009571DE /* SafeArray.swift in Sources */,
				CDECBAB81D46D97F007A82D5 /* JSONRepresentable.swift in Sources */,
				CDECBAC31D46DF7A007A82D5 /* MBTAViewModel.swift in Sources */,
				CDF60DF01D482D6A003E2AFB /* BusHeaderView.swift in Sources */,
				CD1279C71D45B37B00DC7BB8 /* AppDelegate.swift in Sources */,
				7AE9DA691D57A4A50087B401 /* Mode.swift in Sources */,
				CD2575B91D664FB50017DEE6 /* WeatherViewController.swift in Sources */,
				CDF60DEE1D482D37003E2AFB /* MBTARouteView.swift in Sources */,
				CDED233B1D60AF4B0023CC4B /* WeatherProtocols.swift in Sources */,
				CD2575BB1D66607F0017DEE6 /* RefreshableViewController.swift in Sources */,
				CDF60DF71D482F9A003E2AFB /* UIView+Extensions.swift in Sources */,
				CDF60DF41D482D85003E2AFB /* MBTAHeaderView.swift in Sources */,
				CD6A633C1D514ACB009571DE /* CrashReporter.swift in Sources */,
				CDBF96881D56F39F008AC493 /* Colors.swift in Sources */,
				7AE9DA711D57A4A50087B401 /* Vehicle.swift in Sources */,
				CD2575C21D6669020017DEE6 /* UICollectionReusableView+Extensions.swift in Sources */,
				CD2575C01D6668140017DEE6 /* WeatherCell.swift in Sources */,
				CDCFC3AD1D4863F8001807B0 /* Images.swift in Sources */,
				CDF60DFF1D483190003E2AFB /* MBTAViewController.swift in Sources */,
				CDBF968A1D56F8CA008AC493 /* Fonts.swift in Sources */,
			);
			runOnlyForDeploymentPostprocessing = 0;
		};
		CD1279D31D45B37B00DC7BB8 /* Sources */ = {
			isa = PBXSourcesBuildPhase;
			buildActionMask = 2147483647;
			files = (
				CD2575C51D666C820017DEE6 /* Utility.swift in Sources */,
				7AE9DA721D57A4A50087B401 /* Vehicle.swift in Sources */,
				7A5BA37B1D57988B006AD6FC /* WeatherTests.swift in Sources */,
				CDED23361D60AE5F0023CC4B /* WeatherCoordinate.swift in Sources */,
				CD60D15E1D4FE891000B74CF /* JSONRepresentable.swift in Sources */,
				CDED23451D60AFBD0023CC4B /* NearestStorm.swift in Sources */,
				CD555FCF1D50396700D9413F /* MBTAViewModel.swift in Sources */,
				CD60D15C1D4FE87C000B74CF /* MBTAService.swift in Sources */,
				CDED233C1D60AF4B0023CC4B /* WeatherProtocols.swift in Sources */,
				CDED234B1D60B00E0023CC4B /* Currently.swift in Sources */,
				CDED23571D60B0C00023CC4B /* Precipitation.swift in Sources */,
				7AE9DA701D57A4A50087B401 /* Trip.swift in Sources */,
				CD6A63491D517899009571DE /* UtilityTests.swift in Sources */,
				CDED23601D60B3980023CC4B /* CloseEnough.swift in Sources */,
				CD60D15D1D4FE884000B74CF /* APIClient.swift in Sources */,
				CDED23511D60B02D0023CC4B /* Hourly.swift in Sources */,
				7AE9DA6C1D57A4A50087B401 /* Route.swift in Sources */,
				CDED235A1D60B0DA0023CC4B /* Icon.swift in Sources */,
				CD6A63401D515C3E009571DE /* MBTATests.swift in Sources */,
				CDED233F1D60AF730023CC4B /* Meteorology.swift in Sources */,
				CDED235D1D60B1000023CC4B /* WeatherBucket.swift in Sources */,
				CDED234E1D60B0210023CC4B /* Minutely.swift in Sources */,
				7AE9DA6E1D57A4A50087B401 /* Stop.swift in Sources */,
				CDED23481D60AFCF0023CC4B /* Almanac.swift in Sources */,
				7AE9DA761D57A54F0087B401 /* WeatherForecast.swift in Sources */,
				7AC59EEC1D57A1C1003863AE /* ViewModel.swift in Sources */,
				7AE9DA5C1D57A40B0087B401 /* WeatherService.swift in Sources */,
				7AC59EE91D579CCE003863AE /* WeatherViewModel.swift in Sources */,
				CDED23541D60B0440023CC4B /* Daily.swift in Sources */,
				7AE9DA681D57A4A50087B401 /* Direction.swift in Sources */,
				CD6A63461D51758C009571DE /* SafeArray.swift in Sources */,
				CDED23421D60AFAC0023CC4B /* Temperature.swift in Sources */,
				CD6A633E1D514CA2009571DE /* CrashReporter.swift in Sources */,
				7AE9DA6A1D57A4A50087B401 /* Mode.swift in Sources */,
				7AE9DA661D57A4A50087B401 /* Coordinate.swift in Sources */,
			);
			runOnlyForDeploymentPostprocessing = 0;
		};
		CD1279DE1D45B37B00DC7BB8 /* Sources */ = {
			isa = PBXSourcesBuildPhase;
			buildActionMask = 2147483647;
			files = (
				CD1279E71D45B37B00DC7BB8 /* Gud_TayUITests.swift in Sources */,
			);
			runOnlyForDeploymentPostprocessing = 0;
		};
/* End PBXSourcesBuildPhase section */

/* Begin PBXTargetDependency section */
		CD1279D91D45B37B00DC7BB8 /* PBXTargetDependency */ = {
			isa = PBXTargetDependency;
			target = CD1279C21D45B37B00DC7BB8 /* Gud Tay */;
			targetProxy = CD1279D81D45B37B00DC7BB8 /* PBXContainerItemProxy */;
		};
		CD1279E41D45B37B00DC7BB8 /* PBXTargetDependency */ = {
			isa = PBXTargetDependency;
			target = CD1279C21D45B37B00DC7BB8 /* Gud Tay */;
			targetProxy = CD1279E31D45B37B00DC7BB8 /* PBXContainerItemProxy */;
		};
/* End PBXTargetDependency section */

/* Begin PBXVariantGroup section */
		CD1279CF1D45B37B00DC7BB8 /* LaunchScreen.storyboard */ = {
			isa = PBXVariantGroup;
			children = (
				CD1279D01D45B37B00DC7BB8 /* Base */,
			);
			name = LaunchScreen.storyboard;
			sourceTree = "<group>";
		};
/* End PBXVariantGroup section */

/* Begin XCBuildConfiguration section */
		CD1279E91D45B37B00DC7BB8 /* Debug */ = {
			isa = XCBuildConfiguration;
			buildSettings = {
				ALWAYS_SEARCH_USER_PATHS = NO;
				CLANG_ANALYZER_NONNULL = YES;
				CLANG_CXX_LANGUAGE_STANDARD = "gnu++0x";
				CLANG_CXX_LIBRARY = "libc++";
				CLANG_ENABLE_MODULES = YES;
				CLANG_ENABLE_OBJC_ARC = YES;
				CLANG_WARN_BOOL_CONVERSION = YES;
				CLANG_WARN_CONSTANT_CONVERSION = YES;
				CLANG_WARN_DIRECT_OBJC_ISA_USAGE = YES_ERROR;
				CLANG_WARN_DOCUMENTATION_COMMENTS = YES;
				CLANG_WARN_EMPTY_BODY = YES;
				CLANG_WARN_ENUM_CONVERSION = YES;
				CLANG_WARN_INFINITE_RECURSION = YES;
				CLANG_WARN_INT_CONVERSION = YES;
				CLANG_WARN_OBJC_ROOT_CLASS = YES_ERROR;
				CLANG_WARN_SUSPICIOUS_MOVE = YES;
				CLANG_WARN_UNREACHABLE_CODE = YES;
				CLANG_WARN__DUPLICATE_METHOD_MATCH = YES;
				"CODE_SIGN_IDENTITY[sdk=iphoneos*]" = "iPhone Developer";
				COPY_PHASE_STRIP = NO;
				DEBUG_INFORMATION_FORMAT = dwarf;
				DEVELOPMENT_TEAM = 2KJHM26Y46;
				ENABLE_STRICT_OBJC_MSGSEND = YES;
				ENABLE_TESTABILITY = YES;
				GCC_C_LANGUAGE_STANDARD = gnu99;
				GCC_DYNAMIC_NO_PIC = NO;
				GCC_NO_COMMON_BLOCKS = YES;
				GCC_OPTIMIZATION_LEVEL = 0;
				GCC_PREPROCESSOR_DEFINITIONS = (
					"DEBUG=1",
					"$(inherited)",
				);
				GCC_WARN_64_TO_32_BIT_CONVERSION = YES;
				GCC_WARN_ABOUT_RETURN_TYPE = YES_ERROR;
				GCC_WARN_UNDECLARED_SELECTOR = YES;
				GCC_WARN_UNINITIALIZED_AUTOS = YES_AGGRESSIVE;
				GCC_WARN_UNUSED_FUNCTION = YES;
				GCC_WARN_UNUSED_VARIABLE = YES;
				IPHONEOS_DEPLOYMENT_TARGET = 10.0;
				MTL_ENABLE_DEBUG_INFO = YES;
				ONLY_ACTIVE_ARCH = YES;
				SDKROOT = iphoneos;
				SWIFT_ACTIVE_COMPILATION_CONDITIONS = DEBUG;
				SWIFT_OPTIMIZATION_LEVEL = "-Onone";
				TARGETED_DEVICE_FAMILY = 2;
			};
			name = Debug;
		};
		CD1279EA1D45B37B00DC7BB8 /* Release */ = {
			isa = XCBuildConfiguration;
			buildSettings = {
				ALWAYS_SEARCH_USER_PATHS = NO;
				CLANG_ANALYZER_NONNULL = YES;
				CLANG_CXX_LANGUAGE_STANDARD = "gnu++0x";
				CLANG_CXX_LIBRARY = "libc++";
				CLANG_ENABLE_MODULES = YES;
				CLANG_ENABLE_OBJC_ARC = YES;
				CLANG_WARN_BOOL_CONVERSION = YES;
				CLANG_WARN_CONSTANT_CONVERSION = YES;
				CLANG_WARN_DIRECT_OBJC_ISA_USAGE = YES_ERROR;
				CLANG_WARN_DOCUMENTATION_COMMENTS = YES;
				CLANG_WARN_EMPTY_BODY = YES;
				CLANG_WARN_ENUM_CONVERSION = YES;
				CLANG_WARN_INFINITE_RECURSION = YES;
				CLANG_WARN_INT_CONVERSION = YES;
				CLANG_WARN_OBJC_ROOT_CLASS = YES_ERROR;
				CLANG_WARN_SUSPICIOUS_MOVE = YES;
				CLANG_WARN_UNREACHABLE_CODE = YES;
				CLANG_WARN__DUPLICATE_METHOD_MATCH = YES;
				"CODE_SIGN_IDENTITY[sdk=iphoneos*]" = "iPhone Developer";
				COPY_PHASE_STRIP = NO;
				DEBUG_INFORMATION_FORMAT = "dwarf-with-dsym";
				DEVELOPMENT_TEAM = 2KJHM26Y46;
				ENABLE_NS_ASSERTIONS = NO;
				ENABLE_STRICT_OBJC_MSGSEND = YES;
				GCC_C_LANGUAGE_STANDARD = gnu99;
				GCC_NO_COMMON_BLOCKS = YES;
				GCC_WARN_64_TO_32_BIT_CONVERSION = YES;
				GCC_WARN_ABOUT_RETURN_TYPE = YES_ERROR;
				GCC_WARN_UNDECLARED_SELECTOR = YES;
				GCC_WARN_UNINITIALIZED_AUTOS = YES_AGGRESSIVE;
				GCC_WARN_UNUSED_FUNCTION = YES;
				GCC_WARN_UNUSED_VARIABLE = YES;
				IPHONEOS_DEPLOYMENT_TARGET = 10.0;
				MTL_ENABLE_DEBUG_INFO = NO;
				SDKROOT = iphoneos;
				SWIFT_OPTIMIZATION_LEVEL = "-Owholemodule";
				TARGETED_DEVICE_FAMILY = 2;
				VALIDATE_PRODUCT = YES;
			};
			name = Release;
		};
		CD1279EC1D45B37B00DC7BB8 /* Debug */ = {
			isa = XCBuildConfiguration;
			baseConfigurationReference = BD519AB98CE48C9434FA9B47 /* Pods-Gud Tay.debug.xcconfig */;
			buildSettings = {
				ALWAYS_EMBED_SWIFT_STANDARD_LIBRARIES = YES;
				ASSETCATALOG_COMPILER_APPICON_NAME = AppIcon;
				CLANG_ENABLE_MODULES = YES;
				INFOPLIST_FILE = "Gud Tay/Info.plist";
				LD_RUNPATH_SEARCH_PATHS = "$(inherited) @executable_path/Frameworks";
				PRODUCT_BUNDLE_IDENTIFIER = com.zeveisenberg.gudtay;
				PRODUCT_NAME = "$(TARGET_NAME)";
				SWIFT_OBJC_BRIDGING_HEADER = "Gud Tay/Gud Tay-Bridging-Header.h";
				SWIFT_OPTIMIZATION_LEVEL = "-Onone";
				SWIFT_VERSION = 3.0;
			};
			name = Debug;
		};
		CD1279ED1D45B37B00DC7BB8 /* Release */ = {
			isa = XCBuildConfiguration;
			baseConfigurationReference = FC0A7D79092335E5C4078089 /* Pods-Gud Tay.release.xcconfig */;
			buildSettings = {
				ALWAYS_EMBED_SWIFT_STANDARD_LIBRARIES = YES;
				ASSETCATALOG_COMPILER_APPICON_NAME = AppIcon;
				CLANG_ENABLE_MODULES = YES;
				INFOPLIST_FILE = "Gud Tay/Info.plist";
				LD_RUNPATH_SEARCH_PATHS = "$(inherited) @executable_path/Frameworks";
				PRODUCT_BUNDLE_IDENTIFIER = com.zeveisenberg.gudtay;
				PRODUCT_NAME = "$(TARGET_NAME)";
				SWIFT_OBJC_BRIDGING_HEADER = "Gud Tay/Gud Tay-Bridging-Header.h";
				SWIFT_VERSION = 3.0;
			};
			name = Release;
		};
		CD1279EF1D45B37B00DC7BB8 /* Debug */ = {
			isa = XCBuildConfiguration;
			baseConfigurationReference = 43503C8DE54F3EA4F36E22A3 /* Pods-Gud TayTests.debug.xcconfig */;
			buildSettings = {
				DEVELOPMENT_TEAM = 2KJHM26Y46;
				INFOPLIST_FILE = "Gud TayTests/Info.plist";
				LD_RUNPATH_SEARCH_PATHS = "$(inherited) @executable_path/Frameworks @loader_path/Frameworks";
				OTHER_SWIFT_FLAGS = "-DTESTING";
				PRODUCT_BUNDLE_IDENTIFIER = com.zeveisenberg.gudtay;
				PRODUCT_NAME = "$(TARGET_NAME)";
				SWIFT_VERSION = 3.0;
			};
			name = Debug;
		};
		CD1279F01D45B37B00DC7BB8 /* Release */ = {
			isa = XCBuildConfiguration;
			baseConfigurationReference = E93EF258A0F38875794AB7E8 /* Pods-Gud TayTests.release.xcconfig */;
			buildSettings = {
				DEVELOPMENT_TEAM = 2KJHM26Y46;
				INFOPLIST_FILE = "Gud TayTests/Info.plist";
				LD_RUNPATH_SEARCH_PATHS = "$(inherited) @executable_path/Frameworks @loader_path/Frameworks";
				OTHER_SWIFT_FLAGS = "-DTESTING";
				PRODUCT_BUNDLE_IDENTIFIER = com.zeveisenberg.gudtay;
				PRODUCT_NAME = "$(TARGET_NAME)";
				SWIFT_VERSION = 3.0;
			};
			name = Release;
		};
		CD1279F21D45B37B00DC7BB8 /* Debug */ = {
			isa = XCBuildConfiguration;
			baseConfigurationReference = 3699ED083B111605113BD927 /* Pods-Gud TayUITests.debug.xcconfig */;
			buildSettings = {
				DEVELOPMENT_TEAM = 2KJHM26Y46;
				INFOPLIST_FILE = "Gud TayUITests/Info.plist";
				LD_RUNPATH_SEARCH_PATHS = "$(inherited) @executable_path/Frameworks @loader_path/Frameworks";
				PRODUCT_BUNDLE_IDENTIFIER = com.zeveisenberg.gudtay;
				PRODUCT_NAME = "$(TARGET_NAME)";
				SWIFT_VERSION = 3.0;
				TEST_TARGET_NAME = "Gud Tay";
			};
			name = Debug;
		};
		CD1279F31D45B37B00DC7BB8 /* Release */ = {
			isa = XCBuildConfiguration;
			baseConfigurationReference = 1C313718F7075C011A2F739D /* Pods-Gud TayUITests.release.xcconfig */;
			buildSettings = {
				DEVELOPMENT_TEAM = 2KJHM26Y46;
				INFOPLIST_FILE = "Gud TayUITests/Info.plist";
				LD_RUNPATH_SEARCH_PATHS = "$(inherited) @executable_path/Frameworks @loader_path/Frameworks";
				PRODUCT_BUNDLE_IDENTIFIER = com.zeveisenberg.gudtay;
				PRODUCT_NAME = "$(TARGET_NAME)";
				SWIFT_VERSION = 3.0;
				TEST_TARGET_NAME = "Gud Tay";
			};
			name = Release;
		};
/* End XCBuildConfiguration section */

/* Begin XCConfigurationList section */
		CD1279BE1D45B37B00DC7BB8 /* Build configuration list for PBXProject "Gud Tay" */ = {
			isa = XCConfigurationList;
			buildConfigurations = (
				CD1279E91D45B37B00DC7BB8 /* Debug */,
				CD1279EA1D45B37B00DC7BB8 /* Release */,
			);
			defaultConfigurationIsVisible = 0;
			defaultConfigurationName = Release;
		};
		CD1279EB1D45B37B00DC7BB8 /* Build configuration list for PBXNativeTarget "Gud Tay" */ = {
			isa = XCConfigurationList;
			buildConfigurations = (
				CD1279EC1D45B37B00DC7BB8 /* Debug */,
				CD1279ED1D45B37B00DC7BB8 /* Release */,
			);
			defaultConfigurationIsVisible = 0;
			defaultConfigurationName = Release;
		};
		CD1279EE1D45B37B00DC7BB8 /* Build configuration list for PBXNativeTarget "Gud TayTests" */ = {
			isa = XCConfigurationList;
			buildConfigurations = (
				CD1279EF1D45B37B00DC7BB8 /* Debug */,
				CD1279F01D45B37B00DC7BB8 /* Release */,
			);
			defaultConfigurationIsVisible = 0;
			defaultConfigurationName = Release;
		};
		CD1279F11D45B37B00DC7BB8 /* Build configuration list for PBXNativeTarget "Gud TayUITests" */ = {
			isa = XCConfigurationList;
			buildConfigurations = (
				CD1279F21D45B37B00DC7BB8 /* Debug */,
				CD1279F31D45B37B00DC7BB8 /* Release */,
			);
			defaultConfigurationIsVisible = 0;
			defaultConfigurationName = Release;
		};
/* End XCConfigurationList section */
	};
	rootObject = CD1279BB1D45B37B00DC7BB8 /* Project object */;
}
