PODS:
  - SwiftGen (6.6.3)
  - Swiftilities/HairlineView (0.26.0)
  - Swiftilities/Lifecycle (0.26.0):
    - Swiftilities/HairlineView
    - Swiftilities/Math
  - Swiftilities/Logging (0.26.0)
  - Swiftilities/Math (0.26.0)
  - SwiftLint (0.55.1)

DEPENDENCIES:
  - SwiftGen
  - Swiftilities/HairlineView
  - Swiftilities/Lifecycle
  - Swiftilities/Logging
  - SwiftLint

SPEC REPOS:
  trunk:
    - SwiftGen
    - Swiftilities
    - SwiftLint

SPEC CHECKSUMS:
  SwiftGen: 4993cbf71cbc4886f775e26f8d5c3a1188ec9f99
  Swiftilities: 72d78ee06363524760119f5d810de3ccc462ec87
  SwiftLint: 3fe909719babe5537c552ee8181c0031392be933

PODFILE CHECKSUM: 6cb9f759ba13201b4867c6138a06af32eea00535

COCOAPODS: 1.15.2
