PODS:
  - Alamofire (4.7.3)
  - Anchorage (4.2.4)
  - BonMot (5.2)
  - OHHTTPStubs/Core (6.1.0)
  - OHHTTPStubs/Default (6.1.0):
    - OHHTTPStubs/Core
    - OHHTTPStubs/JSON
    - OHHTTPStubs/NSURLSession
    - OHHTTPStubs/OHPathHelpers
  - OHHTTPStubs/JSON (6.1.0):
    - OHHTTPStubs/Core
  - OHHTTPStubs/NSURLSession (6.1.0):
    - OHHTTPStubs/Core
  - OHHTTPStubs/OHPathHelpers (6.1.0)
  - OHHTTPStubs/Swift (6.1.0):
    - OHHTTPStubs/Default
  - Sourcery (0.13.1)
  - SwiftGen (5.3.0)
  - Swiftilities/HairlineView (0.19.0)
  - Swiftilities/Lifecycle (0.19.0):
    - Swiftilities/HairlineView
    - Swiftilities/Math
  - Swiftilities/Logging (0.19.0)
  - Swiftilities/Math (0.19.0)
  - SwiftLint (0.26.0)
  - Then (2.3.0)

DEPENDENCIES:
  - Alamofire
  - Anchorage
  - BonMot
  - OHHTTPStubs/Swift
  - Sourcery
  - SwiftGen
  - Swiftilities/HairlineView
  - Swiftilities/Lifecycle
  - Swiftilities/Logging
  - SwiftLint
  - Then

SPEC REPOS:
  https://github.com/cocoapods/specs.git:
    - Alamofire
    - Anchorage
    - BonMot
    - OHHTTPStubs
    - Sourcery
    - SwiftGen
    - Swiftilities
    - SwiftLint
    - Then

SPEC CHECKSUMS:
  Alamofire: c7287b6e5d7da964a70935e5db17046b7fde6568
  Anchorage: f855157310859280c706cc0b9c9281c21702f515
  BonMot: 68da0bd7c2f602aca85511bedabd211eb0fae666
  OHHTTPStubs: 1e21c7d2c084b8153fc53d48400d8919d2d432d0
  Sourcery: 9ef51b8777516f204d82996441f293813158d0d7
  SwiftGen: 4379bd3640b0a212a0f6ea3c494adba385513d10
  Swiftilities: ff339192499b66a2044b4fa648796b96d5bc5fce
  SwiftLint: f6b83e8d95ee1e91e11932d843af4fdcbf3fc764
  Then: ee21c97b85ff6062b9b0080c9abb1eea46743345

PODFILE CHECKSUM: 803ffe14c0d43085880ae92f65e10aa02d1ba4eb

COCOAPODS: 1.6.0.beta.2
