PODS:
  - Alamofire (4.9.1)
  - Anchorage (4.3.1)
  - BonMot (5.4.1)
  - OHHTTPStubs/Core (8.0.0)
  - OHHTTPStubs/Default (8.0.0):
    - OHHTTPStubs/Core
    - OHHTTPStubs/JSON
    - OHHTTPStubs/NSURLSession
    - OHHTTPStubs/OHPathHelpers
  - OHHTTPStubs/JSON (8.0.0):
    - OHHTTPStubs/Core
  - OHHTTPStubs/NSURLSession (8.0.0):
    - OHHTTPStubs/Core
  - OHHTTPStubs/OHPathHelpers (8.0.0)
  - OHHTTPStubs/Swift (8.0.0):
    - OHHTTPStubs/Default
  - SnapshotTesting (1.7.0)
  - Sourcery (0.17.0)
  - SwiftGen (6.1.0)
  - Swiftilities/HairlineView (0.25.1)
  - Swiftilities/Lifecycle (0.25.1):
    - Swiftilities/HairlineView
    - Swiftilities/Math
  - Swiftilities/Logging (0.25.1)
  - Swiftilities/Math (0.25.1)
  - SwiftLint (0.38.2)
  - Then (2.6.0)

DEPENDENCIES:
  - Alamofire
  - Anchorage
  - BonMot
  - OHHTTPStubs/Swift
  - SnapshotTesting
  - Sourcery
  - SwiftGen
  - Swiftilities/HairlineView
  - Swiftilities/Lifecycle
  - Swiftilities/Logging
  - SwiftLint
  - Then

SPEC REPOS:
  trunk:
    - Alamofire
    - Anchorage
    - BonMot
    - OHHTTPStubs
    - SnapshotTesting
    - Sourcery
    - SwiftGen
    - Swiftilities
    - SwiftLint
    - Then

SPEC CHECKSUMS:
  Alamofire: 85e8a02c69d6020a0d734f6054870d7ecb75cf18
  Anchorage: a187da0bc9b07440637d42c8744b8c82a4490295
  BonMot: aa82119ff2ffa184223d8a31c72aed84fbb009e0
  OHHTTPStubs: 9cbce6364bec557cc3439aa6bb7514670d780881
  SnapshotTesting: 273b614fcc60fac7d9f613f6648afa91a7da36be
  Sourcery: 3ed61be7c8a1218fce349266139379dba477efe0
  SwiftGen: f872ca75cbd17bf7103c17f13dcfa0d9a15667b0
  Swiftilities: 6a4beb748c9301b02c7ab6820d4e3a3c07b5c531
  SwiftLint: 8f5d2f903e1c9bcbc832fd16771e80a263ac6cbb
  Then: 90cd104fd951cec1980a03f57704ad8f784d4d79

PODFILE CHECKSUM: 17c46a76deb90572b6a6e0f640cf6ef679e021f4

COCOAPODS: 1.9.1
